{
  "version": 4,
  "terraform_version": "0.14.5",
  "serial": 414,
  "lineage": "7a4bdf59-f321-fb1f-6f5c-77943b34f086",
  "outputs": {},
  "resources": [
    {
      "module": "module.autoscaling-eu",
      "mode": "managed",
      "type": "aws_appautoscaling_policy",
      "name": "ecs_policy",
      "provider": "provider[\"registry.terraform.io/hashicorp/aws\"]",
      "instances": [
        {
          "schema_version": 0,
          "attributes": {
            "arn": "arn:aws:autoscaling:us-east-1:642086856970:scalingPolicy:193e8215-c021-4bc2-a0a4-97d717adfcf0:resource/ecs/service/nginx_hello_world_eu/nginx_hello_world_eu:policyName/scaling",
            "id": "scaling",
            "name": "scaling",
            "policy_type": "TargetTrackingScaling",
            "resource_id": "service/nginx_hello_world_eu/nginx_hello_world_eu",
            "scalable_dimension": "ecs:service:DesiredCount",
            "service_namespace": "ecs",
            "step_scaling_policy_configuration": [],
            "target_tracking_scaling_policy_configuration": [
              {
                "customized_metric_specification": [],
                "disable_scale_in": false,
                "predefined_metric_specification": [
                  {
                    "predefined_metric_type": "ECSServiceAverageCPUUtilization",
                    "resource_label": ""
                  }
                ],
                "scale_in_cooldown": 120,
                "scale_out_cooldown": 120,
                "target_value": 70
              }
            ]
          },
          "sensitive_attributes": [],
          "private": "bnVsbA==",
          "dependencies": [
            "module.autoscaling-eu.aws_appautoscaling_target.ecs_autoscaling"
          ]
        }
      ]
    },
    {
      "module": "module.autoscaling-eu",
      "mode": "managed",
      "type": "aws_appautoscaling_target",
      "name": "ecs_autoscaling",
      "provider": "provider[\"registry.terraform.io/hashicorp/aws\"]",
      "instances": [
        {
          "schema_version": 0,
          "attributes": {
            "id": "service/nginx_hello_world_eu/nginx_hello_world_eu",
            "max_capacity": 4,
            "min_capacity": 2,
            "resource_id": "service/nginx_hello_world_eu/nginx_hello_world_eu",
            "role_arn": "arn:aws:iam::642086856970:role/aws-service-role/ecs.application-autoscaling.amazonaws.com/AWSServiceRoleForApplicationAutoScaling_ECSService",
            "scalable_dimension": "ecs:service:DesiredCount",
            "service_namespace": "ecs"
          },
          "sensitive_attributes": [],
          "private": "bnVsbA=="
        }
      ]
    },
    {
      "module": "module.autoscaling-us",
      "mode": "managed",
      "type": "aws_appautoscaling_policy",
      "name": "ecs_policy",
      "provider": "provider[\"registry.terraform.io/hashicorp/aws\"]",
      "instances": [
        {
          "schema_version": 0,
          "attributes": {
            "arn": "arn:aws:autoscaling:us-east-1:642086856970:scalingPolicy:e147e62d-6c0a-44ae-a34b-ce29aaaa9778:resource/ecs/service/nginx_hello_world_us/nginx_hello_world_us:policyName/scaling",
            "id": "scaling",
            "name": "scaling",
            "policy_type": "TargetTrackingScaling",
            "resource_id": "service/nginx_hello_world_us/nginx_hello_world_us",
            "scalable_dimension": "ecs:service:DesiredCount",
            "service_namespace": "ecs",
            "step_scaling_policy_configuration": [],
            "target_tracking_scaling_policy_configuration": [
              {
                "customized_metric_specification": [],
                "disable_scale_in": false,
                "predefined_metric_specification": [
                  {
                    "predefined_metric_type": "ECSServiceAverageCPUUtilization",
                    "resource_label": ""
                  }
                ],
                "scale_in_cooldown": 120,
                "scale_out_cooldown": 120,
                "target_value": 70
              }
            ]
          },
          "sensitive_attributes": [],
          "private": "bnVsbA==",
          "dependencies": [
            "module.autoscaling-us.aws_appautoscaling_target.ecs_autoscaling"
          ]
        }
      ]
    },
    {
      "module": "module.autoscaling-us",
      "mode": "managed",
      "type": "aws_appautoscaling_target",
      "name": "ecs_autoscaling",
      "provider": "provider[\"registry.terraform.io/hashicorp/aws\"]",
      "instances": [
        {
          "schema_version": 0,
          "attributes": {
            "id": "service/nginx_hello_world_us/nginx_hello_world_us",
            "max_capacity": 4,
            "min_capacity": 2,
            "resource_id": "service/nginx_hello_world_us/nginx_hello_world_us",
            "role_arn": "arn:aws:iam::642086856970:role/aws-service-role/ecs.application-autoscaling.amazonaws.com/AWSServiceRoleForApplicationAutoScaling_ECSService",
            "scalable_dimension": "ecs:service:DesiredCount",
            "service_namespace": "ecs"
          },
          "sensitive_attributes": [],
          "private": "bnVsbA=="
        }
      ]
    },
    {
      "module": "module.ecs-eu",
      "mode": "managed",
      "type": "aws_alb_listener",
      "name": "alb_listener",
      "provider": "provider[\"registry.terraform.io/hashicorp/aws\"]",
      "instances": [
        {
          "schema_version": 0,
          "attributes": {
            "arn": "arn:aws:elasticloadbalancing:us-east-1:642086856970:listener/app/eu-west-1-public-alb/b8168cadab7fa86c/33c1660f3568fa67",
            "certificate_arn": null,
            "default_action": [
              {
                "authenticate_cognito": [],
                "authenticate_oidc": [],
                "fixed_response": [],
                "forward": [],
                "order": 1,
                "redirect": [],
                "target_group_arn": "arn:aws:elasticloadbalancing:us-east-1:642086856970:targetgroup/tf-20210213123124171300000002/ffb79b49a5a6d457",
                "type": "forward"
              }
            ],
            "id": "arn:aws:elasticloadbalancing:us-east-1:642086856970:listener/app/eu-west-1-public-alb/b8168cadab7fa86c/33c1660f3568fa67",
            "load_balancer_arn": "arn:aws:elasticloadbalancing:us-east-1:642086856970:loadbalancer/app/eu-west-1-public-alb/b8168cadab7fa86c",
            "port": 80,
            "protocol": "HTTP",
            "ssl_policy": "",
            "timeouts": null
          },
          "sensitive_attributes": [],
          "private": "eyJlMmJmYjczMC1lY2FhLTExZTYtOGY4OC0zNDM2M2JjN2M0YzAiOnsicmVhZCI6NjAwMDAwMDAwMDAwfX0=",
          "dependencies": [
            "module.ecs-eu.aws_lb_target_group.alb_target_group",
            "module.eu-west-1.aws_lb.public_alb",
            "module.eu-west-1.aws_security_group.private_security_group",
            "module.eu-west-1.aws_subnet.private_subnet",
            "module.eu-west-1.aws_subnet.public_subnet",
            "module.eu-west-1.aws_vpc.main",
            "module.eu-west-1.data.aws_availability_zones.available"
          ]
        }
      ]
    },
    {
      "module": "module.ecs-eu",
      "mode": "managed",
      "type": "aws_ecs_cluster",
      "name": "ecs_cluster",
      "provider": "provider[\"registry.terraform.io/hashicorp/aws\"]",
      "instances": [
        {
          "schema_version": 0,
          "attributes": {
            "arn": "arn:aws:ecs:us-east-1:642086856970:cluster/nginx_hello_world_eu",
            "capacity_providers": [],
            "default_capacity_provider_strategy": [],
            "id": "arn:aws:ecs:us-east-1:642086856970:cluster/nginx_hello_world_eu",
            "name": "nginx_hello_world_eu",
            "setting": [
              {
                "name": "containerInsights",
                "value": "enabled"
              }
            ],
            "tags": {
              "Name": "eu-west-1_ecs_cluster"
            }
          },
          "sensitive_attributes": [],
          "private": "bnVsbA=="
        }
      ]
    },
    {
      "module": "module.ecs-eu",
      "mode": "managed",
      "type": "aws_ecs_service",
      "name": "ecs_service",
      "provider": "provider[\"registry.terraform.io/hashicorp/aws\"]",
      "instances": [
        {
          "schema_version": 0,
          "attributes": {
            "capacity_provider_strategy": [],
            "cluster": "arn:aws:ecs:us-east-1:642086856970:cluster/nginx_hello_world_eu",
            "deployment_controller": [
              {
                "type": "ECS"
              }
            ],
            "deployment_maximum_percent": 200,
            "deployment_minimum_healthy_percent": 100,
            "desired_count": 2,
            "enable_ecs_managed_tags": false,
            "force_new_deployment": null,
            "health_check_grace_period_seconds": 0,
            "iam_role": "aws-service-role",
            "id": "arn:aws:ecs:us-east-1:642086856970:service/nginx_hello_world_eu/nginx_hello_world_eu",
            "launch_type": "FARGATE",
            "load_balancer": [
              {
                "container_name": "nginx_hello_world",
                "container_port": 80,
                "elb_name": "",
                "target_group_arn": "arn:aws:elasticloadbalancing:us-east-1:642086856970:targetgroup/tf-20210213123124171300000002/ffb79b49a5a6d457"
              }
            ],
            "name": "nginx_hello_world_eu",
            "network_configuration": [
              {
                "assign_public_ip": false,
                "security_groups": [
                  "sg-0fe0c44f75280eb80"
                ],
                "subnets": [
                  "subnet-0b0b9fcac5bacf926",
                  "subnet-0b2c4ec25a391d997"
                ]
              }
            ],
            "ordered_placement_strategy": [],
            "placement_constraints": [],
            "platform_version": "LATEST",
            "propagate_tags": "NONE",
            "scheduling_strategy": "REPLICA",
            "service_registries": [],
            "tags": null,
            "task_definition": "nginx_hello_world_eu:2",
            "timeouts": null,
            "wait_for_steady_state": false
          },
          "sensitive_attributes": [],
          "private": "eyJlMmJmYjczMC1lY2FhLTExZTYtOGY4OC0zNDM2M2JjN2M0YzAiOnsiZGVsZXRlIjoxMjAwMDAwMDAwMDAwfX0=",
          "dependencies": [
            "module.ecs-eu.aws_ecs_cluster.ecs_cluster",
            "module.ecs-eu.aws_ecs_task_definition.hello_world_td",
            "module.ecs-eu.aws_lb_target_group.alb_target_group",
            "module.eu-west-1.aws_security_group.private_security_group",
            "module.eu-west-1.aws_subnet.private_subnet"
          ]
        }
      ]
    },
    {
      "module": "module.ecs-eu",
      "mode": "managed",
      "type": "aws_ecs_task_definition",
      "name": "hello_world_td",
      "provider": "provider[\"registry.terraform.io/hashicorp/aws\"]",
      "instances": [
        {
          "schema_version": 1,
          "attributes": {
            "arn": "arn:aws:ecs:us-east-1:642086856970:task-definition/nginx_hello_world_eu:2",
            "container_definitions": "[{\"cpu\":0,\"environment\":[],\"essential\":true,\"image\":\"nginxdemos/hello\",\"mountPoints\":[],\"name\":\"nginx_hello_world\",\"portMappings\":[{\"containerPort\":80,\"hostPort\":80,\"protocol\":\"tcp\"}],\"readonlyRootFilesystem\":false,\"volumesFrom\":[]}]",
            "cpu": "256",
            "execution_role_arn": "",
            "family": "nginx_hello_world_eu",
            "id": "nginx_hello_world_eu",
            "inference_accelerator": [],
            "ipc_mode": "",
            "memory": "512",
            "network_mode": "awsvpc",
            "pid_mode": "",
            "placement_constraints": [],
            "proxy_configuration": [],
            "requires_compatibilities": [
              "FARGATE"
            ],
            "revision": 2,
            "tags": {},
            "task_role_arn": "",
            "volume": []
          },
          "sensitive_attributes": [],
          "private": "eyJzY2hlbWFfdmVyc2lvbiI6IjEifQ=="
        }
      ]
    },
    {
      "module": "module.ecs-eu",
      "mode": "managed",
      "type": "aws_lb_target_group",
      "name": "alb_target_group",
      "provider": "provider[\"registry.terraform.io/hashicorp/aws\"]",
      "instances": [
        {
          "schema_version": 0,
          "attributes": {
            "arn": "arn:aws:elasticloadbalancing:us-east-1:642086856970:targetgroup/tf-20210213123124171300000002/ffb79b49a5a6d457",
            "arn_suffix": "targetgroup/tf-20210213123124171300000002/ffb79b49a5a6d457",
            "deregistration_delay": 300,
            "health_check": [
              {
                "enabled": true,
                "healthy_threshold": 5,
                "interval": 30,
                "matcher": "200",
                "path": "/",
                "port": "traffic-port",
                "protocol": "HTTP",
                "timeout": 5,
                "unhealthy_threshold": 2
              }
            ],
            "id": "arn:aws:elasticloadbalancing:us-east-1:642086856970:targetgroup/tf-20210213123124171300000002/ffb79b49a5a6d457",
            "lambda_multi_value_headers_enabled": false,
            "load_balancing_algorithm_type": "round_robin",
            "name": "tf-20210213123124171300000002",
            "name_prefix": null,
            "port": 80,
            "protocol": "HTTP",
            "protocol_version": "HTTP1",
            "proxy_protocol_v2": false,
            "slow_start": 0,
            "stickiness": [
              {
                "cookie_duration": 86400,
                "enabled": false,
                "type": "lb_cookie"
              }
            ],
            "tags": {
              "Name": "eu-west-1_lb_tg"
            },
            "target_type": "ip",
            "vpc_id": "vpc-0f9897f2ee2e9075e"
          },
          "sensitive_attributes": [],
          "private": "bnVsbA==",
          "dependencies": [
            "module.eu-west-1.aws_vpc.main"
          ]
        }
      ]
    },
    {
      "module": "module.ecs-us",
      "mode": "managed",
      "type": "aws_alb_listener",
      "name": "alb_listener",
      "provider": "provider[\"registry.terraform.io/hashicorp/aws\"]",
      "instances": [
        {
          "schema_version": 0,
          "attributes": {
            "arn": "arn:aws:elasticloadbalancing:us-east-1:642086856970:listener/app/us-east-1-public-alb/adee7ab9e77b0962/d030440d7d0c7f79",
            "certificate_arn": null,
            "default_action": [
              {
                "authenticate_cognito": [],
                "authenticate_oidc": [],
                "fixed_response": [],
                "forward": [],
                "order": 1,
                "redirect": [],
                "target_group_arn": "arn:aws:elasticloadbalancing:us-east-1:642086856970:targetgroup/tf-20210213123122332600000001/3821832f7601d1d2",
                "type": "forward"
              }
            ],
            "id": "arn:aws:elasticloadbalancing:us-east-1:642086856970:listener/app/us-east-1-public-alb/adee7ab9e77b0962/d030440d7d0c7f79",
            "load_balancer_arn": "arn:aws:elasticloadbalancing:us-east-1:642086856970:loadbalancer/app/us-east-1-public-alb/adee7ab9e77b0962",
            "port": 80,
            "protocol": "HTTP",
            "ssl_policy": "",
            "timeouts": null
          },
          "sensitive_attributes": [],
          "private": "eyJlMmJmYjczMC1lY2FhLTExZTYtOGY4OC0zNDM2M2JjN2M0YzAiOnsicmVhZCI6NjAwMDAwMDAwMDAwfX0=",
          "dependencies": [
            "module.ecs-us.aws_lb_target_group.alb_target_group",
            "module.us-east-1.aws_lb.public_alb",
            "module.us-east-1.aws_security_group.private_security_group",
            "module.us-east-1.aws_subnet.private_subnet",
            "module.us-east-1.aws_subnet.public_subnet",
            "module.us-east-1.aws_vpc.main",
            "module.us-east-1.data.aws_availability_zones.available"
          ]
        }
      ]
    },
    {
      "module": "module.ecs-us",
      "mode": "managed",
      "type": "aws_ecs_cluster",
      "name": "ecs_cluster",
      "provider": "provider[\"registry.terraform.io/hashicorp/aws\"]",
      "instances": [
        {
          "schema_version": 0,
          "attributes": {
            "arn": "arn:aws:ecs:us-east-1:642086856970:cluster/nginx_hello_world_us",
            "capacity_providers": [],
            "default_capacity_provider_strategy": [],
            "id": "arn:aws:ecs:us-east-1:642086856970:cluster/nginx_hello_world_us",
            "name": "nginx_hello_world_us",
            "setting": [
              {
                "name": "containerInsights",
                "value": "enabled"
              }
            ],
            "tags": {
              "Name": "us-east-1_ecs_cluster"
            }
          },
          "sensitive_attributes": [],
          "private": "bnVsbA=="
        }
      ]
    },
    {
      "module": "module.ecs-us",
      "mode": "managed",
      "type": "aws_ecs_service",
      "name": "ecs_service",
      "provider": "provider[\"registry.terraform.io/hashicorp/aws\"]",
      "instances": [
        {
          "schema_version": 0,
          "attributes": {
            "capacity_provider_strategy": [],
            "cluster": "arn:aws:ecs:us-east-1:642086856970:cluster/nginx_hello_world_us",
            "deployment_controller": [
              {
                "type": "ECS"
              }
            ],
            "deployment_maximum_percent": 200,
            "deployment_minimum_healthy_percent": 100,
            "desired_count": 2,
            "enable_ecs_managed_tags": false,
            "force_new_deployment": null,
            "health_check_grace_period_seconds": 0,
            "iam_role": "aws-service-role",
            "id": "arn:aws:ecs:us-east-1:642086856970:service/nginx_hello_world_us/nginx_hello_world_us",
            "launch_type": "FARGATE",
            "load_balancer": [
              {
                "container_name": "nginx_hello_world",
                "container_port": 80,
                "elb_name": "",
                "target_group_arn": "arn:aws:elasticloadbalancing:us-east-1:642086856970:targetgroup/tf-20210213123122332600000001/3821832f7601d1d2"
              }
            ],
            "name": "nginx_hello_world_us",
            "network_configuration": [
              {
                "assign_public_ip": false,
                "security_groups": [
                  "sg-0a68ff9e4abb2a97a"
                ],
                "subnets": [
                  "subnet-022bc9b3eff1b2211",
                  "subnet-0d86ea6648856f4ec"
                ]
              }
            ],
            "ordered_placement_strategy": [],
            "placement_constraints": [],
            "platform_version": "LATEST",
            "propagate_tags": "NONE",
            "scheduling_strategy": "REPLICA",
            "service_registries": [],
            "tags": null,
            "task_definition": "nginx_hello_world_us:2",
            "timeouts": null,
            "wait_for_steady_state": false
          },
          "sensitive_attributes": [],
          "private": "eyJlMmJmYjczMC1lY2FhLTExZTYtOGY4OC0zNDM2M2JjN2M0YzAiOnsiZGVsZXRlIjoxMjAwMDAwMDAwMDAwfX0=",
          "dependencies": [
            "module.ecs-us.aws_ecs_cluster.ecs_cluster",
            "module.ecs-us.aws_ecs_task_definition.hello_world_td",
            "module.ecs-us.aws_lb_target_group.alb_target_group",
            "module.us-east-1.aws_security_group.private_security_group",
            "module.us-east-1.aws_subnet.private_subnet"
          ]
        }
      ]
    },
    {
      "module": "module.ecs-us",
      "mode": "managed",
      "type": "aws_ecs_task_definition",
      "name": "hello_world_td",
      "provider": "provider[\"registry.terraform.io/hashicorp/aws\"]",
      "instances": [
        {
          "schema_version": 1,
          "attributes": {
            "arn": "arn:aws:ecs:us-east-1:642086856970:task-definition/nginx_hello_world_us:2",
            "container_definitions": "[{\"cpu\":0,\"environment\":[],\"essential\":true,\"image\":\"nginxdemos/hello\",\"mountPoints\":[],\"name\":\"nginx_hello_world\",\"portMappings\":[{\"containerPort\":80,\"hostPort\":80,\"protocol\":\"tcp\"}],\"readonlyRootFilesystem\":false,\"volumesFrom\":[]}]",
            "cpu": "256",
            "execution_role_arn": "",
            "family": "nginx_hello_world_us",
            "id": "nginx_hello_world_us",
            "inference_accelerator": [],
            "ipc_mode": "",
            "memory": "512",
            "network_mode": "awsvpc",
            "pid_mode": "",
            "placement_constraints": [],
            "proxy_configuration": [],
            "requires_compatibilities": [
              "FARGATE"
            ],
            "revision": 2,
            "tags": {},
            "task_role_arn": "",
            "volume": []
          },
          "sensitive_attributes": [],
          "private": "eyJzY2hlbWFfdmVyc2lvbiI6IjEifQ=="
        }
      ]
    },
    {
      "module": "module.ecs-us",
      "mode": "managed",
      "type": "aws_lb_target_group",
      "name": "alb_target_group",
      "provider": "provider[\"registry.terraform.io/hashicorp/aws\"]",
      "instances": [
        {
          "schema_version": 0,
          "attributes": {
            "arn": "arn:aws:elasticloadbalancing:us-east-1:642086856970:targetgroup/tf-20210213123122332600000001/3821832f7601d1d2",
            "arn_suffix": "targetgroup/tf-20210213123122332600000001/3821832f7601d1d2",
            "deregistration_delay": 300,
            "health_check": [
              {
                "enabled": true,
                "healthy_threshold": 5,
                "interval": 30,
                "matcher": "200",
                "path": "/",
                "port": "traffic-port",
                "protocol": "HTTP",
                "timeout": 5,
                "unhealthy_threshold": 2
              }
            ],
            "id": "arn:aws:elasticloadbalancing:us-east-1:642086856970:targetgroup/tf-20210213123122332600000001/3821832f7601d1d2",
            "lambda_multi_value_headers_enabled": false,
            "load_balancing_algorithm_type": "round_robin",
            "name": "tf-20210213123122332600000001",
            "name_prefix": null,
            "port": 80,
            "protocol": "HTTP",
            "protocol_version": "HTTP1",
            "proxy_protocol_v2": false,
            "slow_start": 0,
            "stickiness": [
              {
                "cookie_duration": 86400,
                "enabled": false,
                "type": "lb_cookie"
              }
            ],
            "tags": {
              "Name": "us-east-1_lb_tg"
            },
            "target_type": "ip",
            "vpc_id": "vpc-0968ee8e6a5e0325c"
          },
          "sensitive_attributes": [],
          "private": "bnVsbA==",
          "dependencies": [
            "module.us-east-1.aws_vpc.main"
          ]
        }
      ]
    },
    {
      "module": "module.eu-west-1",
      "mode": "data",
      "type": "aws_availability_zones",
      "name": "available",
      "provider": "provider[\"registry.terraform.io/hashicorp/aws\"].us-east-1",
      "instances": [
        {
          "schema_version": 0,
          "attributes": {
            "all_availability_zones": null,
            "exclude_names": null,
            "exclude_zone_ids": null,
            "filter": null,
            "group_names": [
              "us-east-1"
            ],
            "id": "us-east-1",
            "names": [
              "us-east-1a",
              "us-east-1b",
              "us-east-1c",
              "us-east-1d",
              "us-east-1e",
              "us-east-1f"
            ],
            "state": null,
            "zone_ids": [
              "use1-az2",
              "use1-az4",
              "use1-az6",
              "use1-az1",
              "use1-az3",
              "use1-az5"
            ]
          },
          "sensitive_attributes": []
        }
      ]
    },
    {
      "module": "module.eu-west-1",
      "mode": "managed",
      "type": "aws_eip",
      "name": "ngw",
      "provider": "provider[\"registry.terraform.io/hashicorp/aws\"].us-east-1",
      "instances": [
        {
          "index_key": 0,
          "schema_version": 0,
          "attributes": {
            "allocation_id": null,
            "associate_with_private_ip": null,
            "association_id": "eipassoc-0f36b5b1d96aed39a",
            "carrier_ip": "",
            "customer_owned_ip": "",
            "customer_owned_ipv4_pool": "",
            "domain": "vpc",
            "id": "eipalloc-0d01ff9a45c24f15f",
            "instance": "",
            "network_border_group": "us-east-1",
            "network_interface": "eni-079a73570edc0fdd8",
            "private_dns": "ip-10-1-3-19.ec2.internal",
            "private_ip": "10.1.3.19",
            "public_dns": "ec2-52-4-219-17.compute-1.amazonaws.com",
            "public_ip": "52.4.219.17",
            "public_ipv4_pool": "amazon",
            "tags": {},
            "timeouts": null,
            "vpc": true
          },
          "sensitive_attributes": [],
          "private": "eyJlMmJmYjczMC1lY2FhLTExZTYtOGY4OC0zNDM2M2JjN2M0YzAiOnsiZGVsZXRlIjoxODAwMDAwMDAwMDAsInJlYWQiOjkwMDAwMDAwMDAwMCwidXBkYXRlIjozMDAwMDAwMDAwMDB9fQ==",
          "dependencies": [
            "module.eu-west-1.aws_subnet.private_subnet",
            "module.eu-west-1.aws_vpc.main",
            "module.eu-west-1.data.aws_availability_zones.available"
          ]
        },
        {
          "index_key": 1,
          "schema_version": 0,
          "attributes": {
            "allocation_id": null,
            "associate_with_private_ip": null,
            "association_id": "eipassoc-080ca3da252b87245",
            "carrier_ip": "",
            "customer_owned_ip": "",
            "customer_owned_ipv4_pool": "",
            "domain": "vpc",
            "id": "eipalloc-0ff87e41be2e6b570",
            "instance": "",
            "network_border_group": "us-east-1",
            "network_interface": "eni-099d1dbfad4ecf765",
            "private_dns": "ip-10-1-4-220.ec2.internal",
            "private_ip": "10.1.4.220",
            "public_dns": "ec2-54-89-251-141.compute-1.amazonaws.com",
            "public_ip": "54.89.251.141",
            "public_ipv4_pool": "amazon",
            "tags": {},
            "timeouts": null,
            "vpc": true
          },
          "sensitive_attributes": [],
          "private": "eyJlMmJmYjczMC1lY2FhLTExZTYtOGY4OC0zNDM2M2JjN2M0YzAiOnsiZGVsZXRlIjoxODAwMDAwMDAwMDAsInJlYWQiOjkwMDAwMDAwMDAwMCwidXBkYXRlIjozMDAwMDAwMDAwMDB9fQ==",
          "dependencies": [
            "module.eu-west-1.aws_subnet.private_subnet",
            "module.eu-west-1.aws_vpc.main",
            "module.eu-west-1.data.aws_availability_zones.available"
          ]
        }
      ]
    },
    {
      "module": "module.eu-west-1",
      "mode": "managed",
      "type": "aws_internet_gateway",
      "name": "gw",
      "provider": "provider[\"registry.terraform.io/hashicorp/aws\"].us-east-1",
      "instances": [
        {
          "schema_version": 0,
          "attributes": {
            "arn": "arn:aws:ec2:us-east-1:642086856970:internet-gateway/igw-03bb99330aed8acda",
            "id": "igw-03bb99330aed8acda",
            "owner_id": "642086856970",
            "tags": {
              "Name": "eu-west-1_gw"
            },
            "vpc_id": "vpc-0f9897f2ee2e9075e"
          },
          "sensitive_attributes": [],
          "private": "bnVsbA==",
          "dependencies": [
            "module.eu-west-1.aws_vpc.main"
          ]
        }
      ]
    },
    {
      "module": "module.eu-west-1",
      "mode": "managed",
      "type": "aws_lb",
      "name": "public_alb",
      "provider": "provider[\"registry.terraform.io/hashicorp/aws\"].us-east-1",
      "instances": [
        {
          "schema_version": 0,
          "attributes": {
            "access_logs": [
              {
                "bucket": "",
                "enabled": false,
                "prefix": ""
              }
            ],
            "arn": "arn:aws:elasticloadbalancing:us-east-1:642086856970:loadbalancer/app/eu-west-1-public-alb/b8168cadab7fa86c",
            "arn_suffix": "app/eu-west-1-public-alb/b8168cadab7fa86c",
            "customer_owned_ipv4_pool": "",
            "dns_name": "eu-west-1-public-alb-1925353092.us-east-1.elb.amazonaws.com",
            "drop_invalid_header_fields": false,
            "enable_cross_zone_load_balancing": null,
            "enable_deletion_protection": false,
            "enable_http2": true,
            "id": "arn:aws:elasticloadbalancing:us-east-1:642086856970:loadbalancer/app/eu-west-1-public-alb/b8168cadab7fa86c",
            "idle_timeout": 60,
            "internal": false,
            "ip_address_type": "ipv4",
            "load_balancer_type": "application",
            "name": "eu-west-1-public-alb",
            "name_prefix": null,
            "security_groups": [
              "sg-0fe0c44f75280eb80"
            ],
            "subnet_mapping": [
              {
                "allocation_id": "",
                "ipv6_address": "",
                "outpost_id": "",
                "private_ipv4_address": "",
                "subnet_id": "subnet-021ea738cb3b5ef27"
              },
              {
                "allocation_id": "",
                "ipv6_address": "",
                "outpost_id": "",
                "private_ipv4_address": "",
                "subnet_id": "subnet-07fe199deaba163d9"
              }
            ],
            "subnets": [
              "subnet-021ea738cb3b5ef27",
              "subnet-07fe199deaba163d9"
            ],
            "tags": {
              "Name": "eu-west-1_public_alb"
            },
            "timeouts": null,
            "vpc_id": "vpc-0f9897f2ee2e9075e",
            "zone_id": "Z35SXDOTRQ7X7K"
          },
          "sensitive_attributes": [],
          "private": "eyJlMmJmYjczMC1lY2FhLTExZTYtOGY4OC0zNDM2M2JjN2M0YzAiOnsiY3JlYXRlIjo2MDAwMDAwMDAwMDAsImRlbGV0ZSI6NjAwMDAwMDAwMDAwLCJ1cGRhdGUiOjYwMDAwMDAwMDAwMH19",
          "dependencies": [
            "module.eu-west-1.aws_security_group.private_security_group",
            "module.eu-west-1.aws_subnet.private_subnet",
            "module.eu-west-1.aws_subnet.public_subnet",
            "module.eu-west-1.aws_vpc.main",
            "module.eu-west-1.data.aws_availability_zones.available"
          ]
        }
      ]
    },
    {
      "module": "module.eu-west-1",
      "mode": "managed",
      "type": "aws_nat_gateway",
      "name": "ngw",
      "provider": "provider[\"registry.terraform.io/hashicorp/aws\"].us-east-1",
      "instances": [
        {
          "index_key": 0,
          "schema_version": 0,
          "attributes": {
            "allocation_id": "eipalloc-0d01ff9a45c24f15f",
            "id": "nat-0cfcf0c1be504a72f",
            "network_interface_id": "eni-079a73570edc0fdd8",
            "private_ip": "10.1.3.19",
            "public_ip": "52.4.219.17",
            "subnet_id": "subnet-07fe199deaba163d9",
            "tags": {
              "Name": "eu-west-1_ngw_1"
            }
          },
          "sensitive_attributes": [],
          "private": "bnVsbA==",
          "dependencies": [
            "module.eu-west-1.aws_eip.ngw",
            "module.eu-west-1.aws_internet_gateway.gw",
            "module.eu-west-1.aws_subnet.private_subnet",
            "module.eu-west-1.aws_subnet.public_subnet",
            "module.eu-west-1.aws_vpc.main",
            "module.eu-west-1.data.aws_availability_zones.available"
          ]
        },
        {
          "index_key": 1,
          "schema_version": 0,
          "attributes": {
            "allocation_id": "eipalloc-0ff87e41be2e6b570",
            "id": "nat-06000046f071e9f96",
            "network_interface_id": "eni-099d1dbfad4ecf765",
            "private_ip": "10.1.4.220",
            "public_ip": "54.89.251.141",
            "subnet_id": "subnet-021ea738cb3b5ef27",
            "tags": {
              "Name": "eu-west-1_ngw_2"
            }
          },
          "sensitive_attributes": [],
          "private": "bnVsbA==",
          "dependencies": [
            "module.eu-west-1.aws_eip.ngw",
            "module.eu-west-1.aws_internet_gateway.gw",
            "module.eu-west-1.aws_subnet.private_subnet",
            "module.eu-west-1.aws_subnet.public_subnet",
            "module.eu-west-1.aws_vpc.main",
            "module.eu-west-1.data.aws_availability_zones.available"
          ]
        }
      ]
    },
    {
      "module": "module.eu-west-1",
      "mode": "managed",
      "type": "aws_network_acl",
      "name": "public_nacl",
      "provider": "provider[\"registry.terraform.io/hashicorp/aws\"].us-east-1",
      "instances": [
        {
          "schema_version": 0,
          "attributes": {
            "arn": "arn:aws:ec2:us-east-1:642086856970:network-acl/acl-0fa2abfde38a873df",
            "egress": [
              {
                "action": "allow",
                "cidr_block": "0.0.0.0/0",
                "from_port": 1024,
                "icmp_code": 0,
                "icmp_type": 0,
                "ipv6_cidr_block": "",
                "protocol": "6",
                "rule_no": 110,
                "to_port": 65535
              },
              {
                "action": "allow",
                "cidr_block": "0.0.0.0/0",
                "from_port": 443,
                "icmp_code": 0,
                "icmp_type": 0,
                "ipv6_cidr_block": "",
                "protocol": "6",
                "rule_no": 120,
                "to_port": 443
              },
              {
                "action": "allow",
                "cidr_block": "0.0.0.0/0",
                "from_port": 80,
                "icmp_code": 0,
                "icmp_type": 0,
                "ipv6_cidr_block": "",
                "protocol": "6",
                "rule_no": 100,
                "to_port": 80
              }
            ],
            "id": "acl-0fa2abfde38a873df",
            "ingress": [
              {
                "action": "allow",
                "cidr_block": "0.0.0.0/0",
                "from_port": 1024,
                "icmp_code": 0,
                "icmp_type": 0,
                "ipv6_cidr_block": "",
                "protocol": "6",
                "rule_no": 110,
                "to_port": 65535
              },
              {
                "action": "allow",
                "cidr_block": "0.0.0.0/0",
                "from_port": 443,
                "icmp_code": 0,
                "icmp_type": 0,
                "ipv6_cidr_block": "",
                "protocol": "6",
                "rule_no": 120,
                "to_port": 443
              },
              {
                "action": "allow",
                "cidr_block": "0.0.0.0/0",
                "from_port": 80,
                "icmp_code": 0,
                "icmp_type": 0,
                "ipv6_cidr_block": "",
                "protocol": "6",
                "rule_no": 100,
                "to_port": 80
              }
            ],
            "owner_id": "642086856970",
            "subnet_ids": [
              "subnet-021ea738cb3b5ef27",
              "subnet-07fe199deaba163d9",
              "subnet-0b0b9fcac5bacf926",
              "subnet-0b2c4ec25a391d997"
            ],
            "tags": {
              "Name": "eu-west-1_public_nacl"
            },
            "vpc_id": "vpc-0f9897f2ee2e9075e"
          },
          "sensitive_attributes": [],
          "private": "bnVsbA==",
          "dependencies": [
            "module.eu-west-1.aws_subnet.private_subnet",
            "module.eu-west-1.aws_subnet.public_subnet",
            "module.eu-west-1.aws_vpc.main",
            "module.eu-west-1.data.aws_availability_zones.available"
          ]
        }
      ]
    },
    {
      "module": "module.eu-west-1",
      "mode": "managed",
      "type": "aws_route_table",
      "name": "private_rt",
      "provider": "provider[\"registry.terraform.io/hashicorp/aws\"].us-east-1",
      "instances": [
        {
          "index_key": 0,
          "schema_version": 0,
          "attributes": {
            "id": "rtb-07c33166523640a57",
            "owner_id": "642086856970",
            "propagating_vgws": [],
            "route": [
              {
                "cidr_block": "0.0.0.0/0",
                "egress_only_gateway_id": "",
                "gateway_id": "",
                "instance_id": "",
                "ipv6_cidr_block": "",
                "local_gateway_id": "",
                "nat_gateway_id": "nat-0cfcf0c1be504a72f",
                "network_interface_id": "",
                "transit_gateway_id": "",
                "vpc_endpoint_id": "",
                "vpc_peering_connection_id": ""
              }
            ],
            "tags": {
              "Name": "eu-west-1_private_rt_1"
            },
            "vpc_id": "vpc-0f9897f2ee2e9075e"
          },
          "sensitive_attributes": [],
          "private": "bnVsbA==",
          "dependencies": [
            "module.eu-west-1.aws_eip.ngw",
            "module.eu-west-1.aws_internet_gateway.gw",
            "module.eu-west-1.aws_nat_gateway.ngw",
            "module.eu-west-1.aws_subnet.private_subnet",
            "module.eu-west-1.aws_subnet.public_subnet",
            "module.eu-west-1.aws_vpc.main",
            "module.eu-west-1.data.aws_availability_zones.available"
          ]
        },
        {
          "index_key": 1,
          "schema_version": 0,
          "attributes": {
            "id": "rtb-01e3be8af74b7d5d7",
            "owner_id": "642086856970",
            "propagating_vgws": [],
            "route": [
              {
                "cidr_block": "0.0.0.0/0",
                "egress_only_gateway_id": "",
                "gateway_id": "",
                "instance_id": "",
                "ipv6_cidr_block": "",
                "local_gateway_id": "",
                "nat_gateway_id": "nat-06000046f071e9f96",
                "network_interface_id": "",
                "transit_gateway_id": "",
                "vpc_endpoint_id": "",
                "vpc_peering_connection_id": ""
              }
            ],
            "tags": {
              "Name": "eu-west-1_private_rt_2"
            },
            "vpc_id": "vpc-0f9897f2ee2e9075e"
          },
          "sensitive_attributes": [],
          "private": "bnVsbA==",
          "dependencies": [
            "module.eu-west-1.aws_eip.ngw",
            "module.eu-west-1.aws_internet_gateway.gw",
            "module.eu-west-1.aws_nat_gateway.ngw",
            "module.eu-west-1.aws_subnet.private_subnet",
            "module.eu-west-1.aws_subnet.public_subnet",
            "module.eu-west-1.aws_vpc.main",
            "module.eu-west-1.data.aws_availability_zones.available"
          ]
        }
      ]
    },
    {
      "module": "module.eu-west-1",
      "mode": "managed",
      "type": "aws_route_table",
      "name": "public_rt",
      "provider": "provider[\"registry.terraform.io/hashicorp/aws\"].us-east-1",
      "instances": [
        {
          "schema_version": 0,
          "attributes": {
            "id": "rtb-00c406b62a031e554",
            "owner_id": "642086856970",
            "propagating_vgws": [],
            "route": [
              {
                "cidr_block": "0.0.0.0/0",
                "egress_only_gateway_id": "",
                "gateway_id": "igw-03bb99330aed8acda",
                "instance_id": "",
                "ipv6_cidr_block": "",
                "local_gateway_id": "",
                "nat_gateway_id": "",
                "network_interface_id": "",
                "transit_gateway_id": "",
                "vpc_endpoint_id": "",
                "vpc_peering_connection_id": ""
              },
              {
                "cidr_block": "10.0.0.0/16",
                "egress_only_gateway_id": "",
                "gateway_id": "",
                "instance_id": "",
                "ipv6_cidr_block": "",
                "local_gateway_id": "",
                "nat_gateway_id": "",
                "network_interface_id": "",
                "transit_gateway_id": "",
                "vpc_endpoint_id": "",
                "vpc_peering_connection_id": "pcx-0f2a615c0006a41ee"
              }
            ],
            "tags": {
              "Name": "eu-west-1_public_rt"
            },
            "vpc_id": "vpc-0f9897f2ee2e9075e"
          },
          "sensitive_attributes": [],
          "private": "bnVsbA==",
          "dependencies": [
            "module.eu-west-1.aws_internet_gateway.gw",
            "module.eu-west-1.aws_vpc.main",
            "module.us-east-1.aws_vpc.main",
            "module.vpc-peering.aws_vpc_peering_connection.peer"
          ]
        }
      ]
    },
    {
      "module": "module.eu-west-1",
      "mode": "managed",
      "type": "aws_route_table_association",
      "name": "private_assoc",
      "provider": "provider[\"registry.terraform.io/hashicorp/aws\"].us-east-1",
      "instances": [
        {
          "index_key": 0,
          "schema_version": 0,
          "attributes": {
            "gateway_id": null,
            "id": "rtbassoc-0c04ab65f4b670773",
            "route_table_id": "rtb-07c33166523640a57",
            "subnet_id": "subnet-0b2c4ec25a391d997"
          },
          "sensitive_attributes": [],
          "private": "bnVsbA==",
          "dependencies": [
            "module.eu-west-1.aws_eip.ngw",
            "module.eu-west-1.aws_internet_gateway.gw",
            "module.eu-west-1.aws_nat_gateway.ngw",
            "module.eu-west-1.aws_route_table.private_rt",
            "module.eu-west-1.aws_subnet.private_subnet",
            "module.eu-west-1.aws_subnet.public_subnet",
            "module.eu-west-1.aws_vpc.main",
            "module.eu-west-1.data.aws_availability_zones.available"
          ]
        },
        {
          "index_key": 1,
          "schema_version": 0,
          "attributes": {
            "gateway_id": null,
            "id": "rtbassoc-0095e309aad4260dc",
            "route_table_id": "rtb-01e3be8af74b7d5d7",
            "subnet_id": "subnet-0b0b9fcac5bacf926"
          },
          "sensitive_attributes": [],
          "private": "bnVsbA==",
          "dependencies": [
            "module.eu-west-1.aws_eip.ngw",
            "module.eu-west-1.aws_internet_gateway.gw",
            "module.eu-west-1.aws_nat_gateway.ngw",
            "module.eu-west-1.aws_route_table.private_rt",
            "module.eu-west-1.aws_subnet.private_subnet",
            "module.eu-west-1.aws_subnet.public_subnet",
            "module.eu-west-1.aws_vpc.main",
            "module.eu-west-1.data.aws_availability_zones.available"
          ]
        }
      ]
    },
    {
      "module": "module.eu-west-1",
      "mode": "managed",
      "type": "aws_route_table_association",
      "name": "public_assoc",
      "provider": "provider[\"registry.terraform.io/hashicorp/aws\"].us-east-1",
      "instances": [
        {
          "index_key": 0,
          "schema_version": 0,
          "attributes": {
            "gateway_id": null,
            "id": "rtbassoc-0b0e6641b91c6963c",
            "route_table_id": "rtb-00c406b62a031e554",
            "subnet_id": "subnet-07fe199deaba163d9"
          },
          "sensitive_attributes": [],
          "private": "bnVsbA==",
          "dependencies": [
            "module.eu-west-1.aws_internet_gateway.gw",
            "module.eu-west-1.aws_route_table.public_rt",
            "module.eu-west-1.aws_subnet.private_subnet",
            "module.eu-west-1.aws_subnet.public_subnet",
            "module.eu-west-1.aws_vpc.main",
            "module.eu-west-1.data.aws_availability_zones.available",
            "module.us-east-1.aws_vpc.main",
            "module.vpc-peering.aws_vpc_peering_connection.peer"
          ]
        },
        {
          "index_key": 1,
          "schema_version": 0,
          "attributes": {
            "gateway_id": null,
            "id": "rtbassoc-09919b2b0a420e104",
            "route_table_id": "rtb-00c406b62a031e554",
            "subnet_id": "subnet-021ea738cb3b5ef27"
          },
          "sensitive_attributes": [],
          "private": "bnVsbA==",
          "dependencies": [
            "module.eu-west-1.aws_internet_gateway.gw",
            "module.eu-west-1.aws_route_table.public_rt",
            "module.eu-west-1.aws_subnet.private_subnet",
            "module.eu-west-1.aws_subnet.public_subnet",
            "module.eu-west-1.aws_vpc.main",
            "module.eu-west-1.data.aws_availability_zones.available",
            "module.us-east-1.aws_vpc.main",
            "module.vpc-peering.aws_vpc_peering_connection.peer"
          ]
        }
      ]
    },
    {
      "module": "module.eu-west-1",
      "mode": "managed",
      "type": "aws_security_group",
      "name": "private_security_group",
      "provider": "provider[\"registry.terraform.io/hashicorp/aws\"].us-east-1",
      "instances": [
        {
          "schema_version": 1,
          "attributes": {
            "arn": "arn:aws:ec2:us-east-1:642086856970:security-group/sg-0fe0c44f75280eb80",
            "description": "Managed by Terraform",
            "egress": [
              {
                "cidr_blocks": [
                  "0.0.0.0/0"
                ],
                "description": "",
                "from_port": 0,
                "ipv6_cidr_blocks": [],
                "prefix_list_ids": [],
                "protocol": "-1",
                "security_groups": [],
                "self": false,
                "to_port": 0
              }
            ],
            "id": "sg-0fe0c44f75280eb80",
            "ingress": [
              {
                "cidr_blocks": [
                  "0.0.0.0/0"
                ],
                "description": "",
                "from_port": 80,
                "ipv6_cidr_blocks": [],
                "prefix_list_ids": [],
                "protocol": "tcp",
                "security_groups": [],
                "self": false,
                "to_port": 80
              }
            ],
            "name": "terraform-20210213123124107100000002",
            "name_prefix": "terraform-",
            "owner_id": "642086856970",
            "revoke_rules_on_delete": false,
            "tags": {
              "Name": "eu-west-1_private_sg"
            },
            "timeouts": null,
            "vpc_id": "vpc-0f9897f2ee2e9075e"
          },
          "sensitive_attributes": [],
          "private": "eyJlMmJmYjczMC1lY2FhLTExZTYtOGY4OC0zNDM2M2JjN2M0YzAiOnsiY3JlYXRlIjo2MDAwMDAwMDAwMDAsImRlbGV0ZSI6NjAwMDAwMDAwMDAwfSwic2NoZW1hX3ZlcnNpb24iOiIxIn0=",
          "dependencies": [
            "module.eu-west-1.aws_vpc.main"
          ]
        }
      ]
    },
    {
      "module": "module.eu-west-1",
      "mode": "managed",
      "type": "aws_subnet",
      "name": "private_subnet",
      "provider": "provider[\"registry.terraform.io/hashicorp/aws\"].us-east-1",
      "instances": [
        {
          "index_key": 0,
          "schema_version": 1,
          "attributes": {
            "arn": "arn:aws:ec2:us-east-1:642086856970:subnet/subnet-0b2c4ec25a391d997",
            "assign_ipv6_address_on_creation": false,
            "availability_zone": "us-east-1a",
            "availability_zone_id": "use1-az2",
            "cidr_block": "10.1.1.0/24",
            "customer_owned_ipv4_pool": "",
            "id": "subnet-0b2c4ec25a391d997",
            "ipv6_cidr_block": "",
            "ipv6_cidr_block_association_id": "",
            "map_customer_owned_ip_on_launch": false,
            "map_public_ip_on_launch": false,
            "outpost_arn": "",
            "owner_id": "642086856970",
            "tags": {
              "Name": "eu-west-1_private_subnet_1"
            },
            "timeouts": null,
            "vpc_id": "vpc-0f9897f2ee2e9075e"
          },
          "sensitive_attributes": [],
          "private": "eyJlMmJmYjczMC1lY2FhLTExZTYtOGY4OC0zNDM2M2JjN2M0YzAiOnsiY3JlYXRlIjo2MDAwMDAwMDAwMDAsImRlbGV0ZSI6MTIwMDAwMDAwMDAwMH0sInNjaGVtYV92ZXJzaW9uIjoiMSJ9",
          "dependencies": [
            "module.eu-west-1.aws_vpc.main",
            "module.eu-west-1.data.aws_availability_zones.available"
          ]
        },
        {
          "index_key": 1,
          "schema_version": 1,
          "attributes": {
            "arn": "arn:aws:ec2:us-east-1:642086856970:subnet/subnet-0b0b9fcac5bacf926",
            "assign_ipv6_address_on_creation": false,
            "availability_zone": "us-east-1b",
            "availability_zone_id": "use1-az4",
            "cidr_block": "10.1.2.0/24",
            "customer_owned_ipv4_pool": "",
            "id": "subnet-0b0b9fcac5bacf926",
            "ipv6_cidr_block": "",
            "ipv6_cidr_block_association_id": "",
            "map_customer_owned_ip_on_launch": false,
            "map_public_ip_on_launch": false,
            "outpost_arn": "",
            "owner_id": "642086856970",
            "tags": {
              "Name": "eu-west-1_private_subnet_2"
            },
            "timeouts": null,
            "vpc_id": "vpc-0f9897f2ee2e9075e"
          },
          "sensitive_attributes": [],
          "private": "eyJlMmJmYjczMC1lY2FhLTExZTYtOGY4OC0zNDM2M2JjN2M0YzAiOnsiY3JlYXRlIjo2MDAwMDAwMDAwMDAsImRlbGV0ZSI6MTIwMDAwMDAwMDAwMH0sInNjaGVtYV92ZXJzaW9uIjoiMSJ9",
          "dependencies": [
            "module.eu-west-1.aws_vpc.main",
            "module.eu-west-1.data.aws_availability_zones.available"
          ]
        }
      ]
    },
    {
      "module": "module.eu-west-1",
      "mode": "managed",
      "type": "aws_subnet",
      "name": "public_subnet",
      "provider": "provider[\"registry.terraform.io/hashicorp/aws\"].us-east-1",
      "instances": [
        {
          "index_key": 0,
          "schema_version": 1,
          "attributes": {
            "arn": "arn:aws:ec2:us-east-1:642086856970:subnet/subnet-07fe199deaba163d9",
            "assign_ipv6_address_on_creation": false,
            "availability_zone": "us-east-1a",
            "availability_zone_id": "use1-az2",
            "cidr_block": "10.1.3.0/24",
            "customer_owned_ipv4_pool": "",
            "id": "subnet-07fe199deaba163d9",
            "ipv6_cidr_block": "",
            "ipv6_cidr_block_association_id": "",
            "map_customer_owned_ip_on_launch": false,
            "map_public_ip_on_launch": false,
            "outpost_arn": "",
            "owner_id": "642086856970",
            "tags": {
              "Name": "eu-west-1_public_subnet_1"
            },
            "timeouts": null,
            "vpc_id": "vpc-0f9897f2ee2e9075e"
          },
          "sensitive_attributes": [],
          "private": "eyJlMmJmYjczMC1lY2FhLTExZTYtOGY4OC0zNDM2M2JjN2M0YzAiOnsiY3JlYXRlIjo2MDAwMDAwMDAwMDAsImRlbGV0ZSI6MTIwMDAwMDAwMDAwMH0sInNjaGVtYV92ZXJzaW9uIjoiMSJ9",
          "dependencies": [
            "module.eu-west-1.aws_subnet.private_subnet",
            "module.eu-west-1.aws_vpc.main",
            "module.eu-west-1.data.aws_availability_zones.available"
          ]
        },
        {
          "index_key": 1,
          "schema_version": 1,
          "attributes": {
            "arn": "arn:aws:ec2:us-east-1:642086856970:subnet/subnet-021ea738cb3b5ef27",
            "assign_ipv6_address_on_creation": false,
            "availability_zone": "us-east-1b",
            "availability_zone_id": "use1-az4",
            "cidr_block": "10.1.4.0/24",
            "customer_owned_ipv4_pool": "",
            "id": "subnet-021ea738cb3b5ef27",
            "ipv6_cidr_block": "",
            "ipv6_cidr_block_association_id": "",
            "map_customer_owned_ip_on_launch": false,
            "map_public_ip_on_launch": false,
            "outpost_arn": "",
            "owner_id": "642086856970",
            "tags": {
              "Name": "eu-west-1_public_subnet_2"
            },
            "timeouts": null,
            "vpc_id": "vpc-0f9897f2ee2e9075e"
          },
          "sensitive_attributes": [],
          "private": "eyJlMmJmYjczMC1lY2FhLTExZTYtOGY4OC0zNDM2M2JjN2M0YzAiOnsiY3JlYXRlIjo2MDAwMDAwMDAwMDAsImRlbGV0ZSI6MTIwMDAwMDAwMDAwMH0sInNjaGVtYV92ZXJzaW9uIjoiMSJ9",
          "dependencies": [
            "module.eu-west-1.aws_subnet.private_subnet",
            "module.eu-west-1.aws_vpc.main",
            "module.eu-west-1.data.aws_availability_zones.available"
          ]
        }
      ]
    },
    {
      "module": "module.eu-west-1",
      "mode": "managed",
      "type": "aws_vpc",
      "name": "main",
      "provider": "provider[\"registry.terraform.io/hashicorp/aws\"].us-east-1",
      "instances": [
        {
          "schema_version": 1,
          "attributes": {
            "arn": "arn:aws:ec2:us-east-1:642086856970:vpc/vpc-0f9897f2ee2e9075e",
            "assign_generated_ipv6_cidr_block": false,
            "cidr_block": "10.1.0.0/16",
            "default_network_acl_id": "acl-0954d6852be2705ca",
            "default_route_table_id": "rtb-0540cb6a7d65abd93",
            "default_security_group_id": "sg-006256f98dada1e95",
            "dhcp_options_id": "dopt-04d8801ffb3776072",
            "enable_classiclink": false,
            "enable_classiclink_dns_support": false,
            "enable_dns_hostnames": true,
            "enable_dns_support": true,
            "id": "vpc-0f9897f2ee2e9075e",
            "instance_tenancy": "default",
            "ipv6_association_id": "",
            "ipv6_cidr_block": "",
            "main_route_table_id": "rtb-0540cb6a7d65abd93",
            "owner_id": "642086856970",
            "tags": {
              "Name": "eu-west-1_vpc"
            }
          },
          "sensitive_attributes": [],
          "private": "eyJzY2hlbWFfdmVyc2lvbiI6IjEifQ=="
        }
      ]
    },
    {
      "module": "module.us-east-1",
      "mode": "data",
      "type": "aws_availability_zones",
      "name": "available",
      "provider": "provider[\"registry.terraform.io/hashicorp/aws\"].us-east-1",
      "instances": [
        {
          "schema_version": 0,
          "attributes": {
            "all_availability_zones": null,
            "exclude_names": null,
            "exclude_zone_ids": null,
            "filter": null,
            "group_names": [
              "us-east-1"
            ],
            "id": "us-east-1",
            "names": [
              "us-east-1a",
              "us-east-1b",
              "us-east-1c",
              "us-east-1d",
              "us-east-1e",
              "us-east-1f"
            ],
            "state": null,
            "zone_ids": [
              "use1-az2",
              "use1-az4",
              "use1-az6",
              "use1-az1",
              "use1-az3",
              "use1-az5"
            ]
          },
          "sensitive_attributes": []
        }
      ]
    },
    {
      "module": "module.us-east-1",
      "mode": "managed",
      "type": "aws_eip",
      "name": "ngw",
      "provider": "provider[\"registry.terraform.io/hashicorp/aws\"].us-east-1",
      "instances": [
        {
          "index_key": 0,
          "schema_version": 0,
          "attributes": {
            "allocation_id": null,
            "associate_with_private_ip": null,
            "association_id": "eipassoc-06cb424187bb41909",
            "carrier_ip": "",
            "customer_owned_ip": "",
            "customer_owned_ipv4_pool": "",
            "domain": "vpc",
            "id": "eipalloc-07cbeea8f0b4669f5",
            "instance": "",
            "network_border_group": "us-east-1",
            "network_interface": "eni-0a5282ac6b12245cc",
            "private_dns": "ip-10-0-3-124.ec2.internal",
            "private_ip": "10.0.3.124",
            "public_dns": "ec2-54-159-139-113.compute-1.amazonaws.com",
            "public_ip": "54.159.139.113",
            "public_ipv4_pool": "amazon",
            "tags": {},
            "timeouts": null,
            "vpc": true
          },
          "sensitive_attributes": [],
          "private": "eyJlMmJmYjczMC1lY2FhLTExZTYtOGY4OC0zNDM2M2JjN2M0YzAiOnsiZGVsZXRlIjoxODAwMDAwMDAwMDAsInJlYWQiOjkwMDAwMDAwMDAwMCwidXBkYXRlIjozMDAwMDAwMDAwMDB9fQ==",
          "dependencies": [
            "module.us-east-1.aws_subnet.private_subnet",
            "module.us-east-1.aws_vpc.main",
            "module.us-east-1.data.aws_availability_zones.available"
          ]
        },
        {
          "index_key": 1,
          "schema_version": 0,
          "attributes": {
            "allocation_id": null,
            "associate_with_private_ip": null,
            "association_id": "eipassoc-09c3372a4d29c5007",
            "carrier_ip": "",
            "customer_owned_ip": "",
            "customer_owned_ipv4_pool": "",
            "domain": "vpc",
            "id": "eipalloc-0d52804ddcc08da5d",
            "instance": "",
            "network_border_group": "us-east-1",
            "network_interface": "eni-016d4efbc61d2a5f8",
            "private_dns": "ip-10-0-4-98.ec2.internal",
            "private_ip": "10.0.4.98",
            "public_dns": "ec2-107-22-246-87.compute-1.amazonaws.com",
            "public_ip": "107.22.246.87",
            "public_ipv4_pool": "amazon",
            "tags": {},
            "timeouts": null,
            "vpc": true
          },
          "sensitive_attributes": [],
          "private": "eyJlMmJmYjczMC1lY2FhLTExZTYtOGY4OC0zNDM2M2JjN2M0YzAiOnsiZGVsZXRlIjoxODAwMDAwMDAwMDAsInJlYWQiOjkwMDAwMDAwMDAwMCwidXBkYXRlIjozMDAwMDAwMDAwMDB9fQ==",
          "dependencies": [
            "module.us-east-1.aws_subnet.private_subnet",
            "module.us-east-1.aws_vpc.main",
            "module.us-east-1.data.aws_availability_zones.available"
          ]
        }
      ]
    },
    {
      "module": "module.us-east-1",
      "mode": "managed",
      "type": "aws_internet_gateway",
      "name": "gw",
      "provider": "provider[\"registry.terraform.io/hashicorp/aws\"].us-east-1",
      "instances": [
        {
          "schema_version": 0,
          "attributes": {
            "arn": "arn:aws:ec2:us-east-1:642086856970:internet-gateway/igw-0928e24b495488428",
            "id": "igw-0928e24b495488428",
            "owner_id": "642086856970",
            "tags": {
              "Name": "us-east-1_gw"
            },
            "vpc_id": "vpc-0968ee8e6a5e0325c"
          },
          "sensitive_attributes": [],
          "private": "bnVsbA==",
          "dependencies": [
            "module.us-east-1.aws_vpc.main"
          ]
        }
      ]
    },
    {
      "module": "module.us-east-1",
      "mode": "managed",
      "type": "aws_lb",
      "name": "public_alb",
      "provider": "provider[\"registry.terraform.io/hashicorp/aws\"].us-east-1",
      "instances": [
        {
          "schema_version": 0,
          "attributes": {
            "access_logs": [
              {
                "bucket": "",
                "enabled": false,
                "prefix": ""
              }
            ],
            "arn": "arn:aws:elasticloadbalancing:us-east-1:642086856970:loadbalancer/app/us-east-1-public-alb/adee7ab9e77b0962",
            "arn_suffix": "app/us-east-1-public-alb/adee7ab9e77b0962",
            "customer_owned_ipv4_pool": "",
            "dns_name": "us-east-1-public-alb-1467503751.us-east-1.elb.amazonaws.com",
            "drop_invalid_header_fields": false,
            "enable_cross_zone_load_balancing": null,
            "enable_deletion_protection": false,
            "enable_http2": true,
            "id": "arn:aws:elasticloadbalancing:us-east-1:642086856970:loadbalancer/app/us-east-1-public-alb/adee7ab9e77b0962",
            "idle_timeout": 60,
            "internal": false,
            "ip_address_type": "ipv4",
            "load_balancer_type": "application",
            "name": "us-east-1-public-alb",
            "name_prefix": null,
            "security_groups": [
              "sg-0a68ff9e4abb2a97a"
            ],
            "subnet_mapping": [
              {
                "allocation_id": "",
                "ipv6_address": "",
                "outpost_id": "",
                "private_ipv4_address": "",
                "subnet_id": "subnet-03b308a17bf44c316"
              },
              {
                "allocation_id": "",
                "ipv6_address": "",
                "outpost_id": "",
                "private_ipv4_address": "",
                "subnet_id": "subnet-04dff7ec0ef5c2f28"
              }
            ],
            "subnets": [
              "subnet-03b308a17bf44c316",
              "subnet-04dff7ec0ef5c2f28"
            ],
            "tags": {
              "Name": "us-east-1_public_alb"
            },
            "timeouts": null,
            "vpc_id": "vpc-0968ee8e6a5e0325c",
            "zone_id": "Z35SXDOTRQ7X7K"
          },
          "sensitive_attributes": [],
          "private": "eyJlMmJmYjczMC1lY2FhLTExZTYtOGY4OC0zNDM2M2JjN2M0YzAiOnsiY3JlYXRlIjo2MDAwMDAwMDAwMDAsImRlbGV0ZSI6NjAwMDAwMDAwMDAwLCJ1cGRhdGUiOjYwMDAwMDAwMDAwMH19",
          "dependencies": [
            "module.us-east-1.aws_security_group.private_security_group",
            "module.us-east-1.aws_subnet.private_subnet",
            "module.us-east-1.aws_subnet.public_subnet",
            "module.us-east-1.aws_vpc.main",
            "module.us-east-1.data.aws_availability_zones.available"
          ]
        }
      ]
    },
    {
      "module": "module.us-east-1",
      "mode": "managed",
      "type": "aws_nat_gateway",
      "name": "ngw",
      "provider": "provider[\"registry.terraform.io/hashicorp/aws\"].us-east-1",
      "instances": [
        {
          "index_key": 0,
          "schema_version": 0,
          "attributes": {
            "allocation_id": "eipalloc-07cbeea8f0b4669f5",
            "id": "nat-0f8fcf99285d83329",
            "network_interface_id": "eni-0a5282ac6b12245cc",
            "private_ip": "10.0.3.124",
            "public_ip": "54.159.139.113",
            "subnet_id": "subnet-03b308a17bf44c316",
            "tags": {
              "Name": "us-east-1_ngw_1"
            }
          },
          "sensitive_attributes": [],
          "private": "bnVsbA==",
          "dependencies": [
            "module.us-east-1.aws_eip.ngw",
            "module.us-east-1.aws_internet_gateway.gw",
            "module.us-east-1.aws_subnet.private_subnet",
            "module.us-east-1.aws_subnet.public_subnet",
            "module.us-east-1.aws_vpc.main",
            "module.us-east-1.data.aws_availability_zones.available"
          ]
        },
        {
          "index_key": 1,
          "schema_version": 0,
          "attributes": {
            "allocation_id": "eipalloc-0d52804ddcc08da5d",
            "id": "nat-07a5c35238973f007",
            "network_interface_id": "eni-016d4efbc61d2a5f8",
            "private_ip": "10.0.4.98",
            "public_ip": "107.22.246.87",
            "subnet_id": "subnet-04dff7ec0ef5c2f28",
            "tags": {
              "Name": "us-east-1_ngw_2"
            }
          },
          "sensitive_attributes": [],
          "private": "bnVsbA==",
          "dependencies": [
            "module.us-east-1.aws_eip.ngw",
            "module.us-east-1.aws_internet_gateway.gw",
            "module.us-east-1.aws_subnet.private_subnet",
            "module.us-east-1.aws_subnet.public_subnet",
            "module.us-east-1.aws_vpc.main",
            "module.us-east-1.data.aws_availability_zones.available"
          ]
        }
      ]
    },
    {
      "module": "module.us-east-1",
      "mode": "managed",
      "type": "aws_network_acl",
      "name": "public_nacl",
      "provider": "provider[\"registry.terraform.io/hashicorp/aws\"].us-east-1",
      "instances": [
        {
          "schema_version": 0,
          "attributes": {
            "arn": "arn:aws:ec2:us-east-1:642086856970:network-acl/acl-0b404bd382598b462",
            "egress": [
              {
                "action": "allow",
                "cidr_block": "0.0.0.0/0",
                "from_port": 1024,
                "icmp_code": 0,
                "icmp_type": 0,
                "ipv6_cidr_block": "",
                "protocol": "6",
                "rule_no": 110,
                "to_port": 65535
              },
              {
                "action": "allow",
                "cidr_block": "0.0.0.0/0",
                "from_port": 443,
                "icmp_code": 0,
                "icmp_type": 0,
                "ipv6_cidr_block": "",
                "protocol": "6",
                "rule_no": 120,
                "to_port": 443
              },
              {
                "action": "allow",
                "cidr_block": "0.0.0.0/0",
                "from_port": 80,
                "icmp_code": 0,
                "icmp_type": 0,
                "ipv6_cidr_block": "",
                "protocol": "6",
                "rule_no": 100,
                "to_port": 80
              }
            ],
            "id": "acl-0b404bd382598b462",
            "ingress": [
              {
                "action": "allow",
                "cidr_block": "0.0.0.0/0",
                "from_port": 1024,
                "icmp_code": 0,
                "icmp_type": 0,
                "ipv6_cidr_block": "",
                "protocol": "6",
                "rule_no": 110,
                "to_port": 65535
              },
              {
                "action": "allow",
                "cidr_block": "0.0.0.0/0",
                "from_port": 443,
                "icmp_code": 0,
                "icmp_type": 0,
                "ipv6_cidr_block": "",
                "protocol": "6",
                "rule_no": 120,
                "to_port": 443
              },
              {
                "action": "allow",
                "cidr_block": "0.0.0.0/0",
                "from_port": 80,
                "icmp_code": 0,
                "icmp_type": 0,
                "ipv6_cidr_block": "",
                "protocol": "6",
                "rule_no": 100,
                "to_port": 80
              }
            ],
            "owner_id": "642086856970",
            "subnet_ids": [
              "subnet-022bc9b3eff1b2211",
              "subnet-03b308a17bf44c316",
              "subnet-04dff7ec0ef5c2f28",
              "subnet-0d86ea6648856f4ec"
            ],
            "tags": {
              "Name": "us-east-1_public_nacl"
            },
            "vpc_id": "vpc-0968ee8e6a5e0325c"
          },
          "sensitive_attributes": [],
          "private": "bnVsbA==",
          "dependencies": [
            "module.us-east-1.aws_subnet.private_subnet",
            "module.us-east-1.aws_subnet.public_subnet",
            "module.us-east-1.aws_vpc.main",
            "module.us-east-1.data.aws_availability_zones.available"
          ]
        }
      ]
    },
    {
      "module": "module.us-east-1",
      "mode": "managed",
      "type": "aws_route_table",
      "name": "private_rt",
      "provider": "provider[\"registry.terraform.io/hashicorp/aws\"].us-east-1",
      "instances": [
        {
          "index_key": 0,
          "schema_version": 0,
          "attributes": {
            "id": "rtb-07fcb81bf8883f3d5",
            "owner_id": "642086856970",
            "propagating_vgws": [],
            "route": [
              {
                "cidr_block": "0.0.0.0/0",
                "egress_only_gateway_id": "",
                "gateway_id": "",
                "instance_id": "",
                "ipv6_cidr_block": "",
                "local_gateway_id": "",
                "nat_gateway_id": "nat-0f8fcf99285d83329",
                "network_interface_id": "",
                "transit_gateway_id": "",
                "vpc_endpoint_id": "",
                "vpc_peering_connection_id": ""
              }
            ],
            "tags": {
              "Name": "us-east-1_private_rt_1"
            },
            "vpc_id": "vpc-0968ee8e6a5e0325c"
          },
          "sensitive_attributes": [],
          "private": "bnVsbA==",
          "dependencies": [
            "module.us-east-1.aws_eip.ngw",
            "module.us-east-1.aws_internet_gateway.gw",
            "module.us-east-1.aws_nat_gateway.ngw",
            "module.us-east-1.aws_subnet.private_subnet",
            "module.us-east-1.aws_subnet.public_subnet",
            "module.us-east-1.aws_vpc.main",
            "module.us-east-1.data.aws_availability_zones.available"
          ]
        },
        {
          "index_key": 1,
          "schema_version": 0,
          "attributes": {
            "id": "rtb-0ac1c5bd7ad092364",
            "owner_id": "642086856970",
            "propagating_vgws": [],
            "route": [
              {
                "cidr_block": "0.0.0.0/0",
                "egress_only_gateway_id": "",
                "gateway_id": "",
                "instance_id": "",
                "ipv6_cidr_block": "",
                "local_gateway_id": "",
                "nat_gateway_id": "nat-07a5c35238973f007",
                "network_interface_id": "",
                "transit_gateway_id": "",
                "vpc_endpoint_id": "",
                "vpc_peering_connection_id": ""
              }
            ],
            "tags": {
              "Name": "us-east-1_private_rt_2"
            },
            "vpc_id": "vpc-0968ee8e6a5e0325c"
          },
          "sensitive_attributes": [],
          "private": "bnVsbA==",
          "dependencies": [
            "module.us-east-1.aws_eip.ngw",
            "module.us-east-1.aws_internet_gateway.gw",
            "module.us-east-1.aws_nat_gateway.ngw",
            "module.us-east-1.aws_subnet.private_subnet",
            "module.us-east-1.aws_subnet.public_subnet",
            "module.us-east-1.aws_vpc.main",
            "module.us-east-1.data.aws_availability_zones.available"
          ]
        }
      ]
    },
    {
      "module": "module.us-east-1",
      "mode": "managed",
      "type": "aws_route_table",
      "name": "public_rt",
      "provider": "provider[\"registry.terraform.io/hashicorp/aws\"].us-east-1",
      "instances": [
        {
          "schema_version": 0,
          "attributes": {
            "id": "rtb-03af45cfb2a4acc11",
            "owner_id": "642086856970",
            "propagating_vgws": [],
            "route": [
              {
                "cidr_block": "0.0.0.0/0",
                "egress_only_gateway_id": "",
                "gateway_id": "igw-0928e24b495488428",
                "instance_id": "",
                "ipv6_cidr_block": "",
                "local_gateway_id": "",
                "nat_gateway_id": "",
                "network_interface_id": "",
                "transit_gateway_id": "",
                "vpc_endpoint_id": "",
                "vpc_peering_connection_id": ""
              },
              {
                "cidr_block": "10.1.0.0/16",
                "egress_only_gateway_id": "",
                "gateway_id": "",
                "instance_id": "",
                "ipv6_cidr_block": "",
                "local_gateway_id": "",
                "nat_gateway_id": "",
                "network_interface_id": "",
                "transit_gateway_id": "",
                "vpc_endpoint_id": "",
                "vpc_peering_connection_id": "pcx-0f2a615c0006a41ee"
              }
            ],
            "tags": {
              "Name": "us-east-1_public_rt"
            },
            "vpc_id": "vpc-0968ee8e6a5e0325c"
          },
          "sensitive_attributes": [],
          "private": "bnVsbA==",
          "dependencies": [
            "module.eu-west-1.aws_vpc.main",
            "module.us-east-1.aws_internet_gateway.gw",
            "module.us-east-1.aws_vpc.main",
            "module.vpc-peering.aws_vpc_peering_connection.peer"
          ]
        }
      ]
    },
    {
      "module": "module.us-east-1",
      "mode": "managed",
      "type": "aws_route_table_association",
      "name": "private_assoc",
      "provider": "provider[\"registry.terraform.io/hashicorp/aws\"].us-east-1",
      "instances": [
        {
          "index_key": 0,
          "schema_version": 0,
          "attributes": {
            "gateway_id": null,
            "id": "rtbassoc-0039d8fb2b7d9db92",
            "route_table_id": "rtb-07fcb81bf8883f3d5",
            "subnet_id": "subnet-0d86ea6648856f4ec"
          },
          "sensitive_attributes": [],
          "private": "bnVsbA==",
          "dependencies": [
            "module.us-east-1.aws_eip.ngw",
            "module.us-east-1.aws_internet_gateway.gw",
            "module.us-east-1.aws_nat_gateway.ngw",
            "module.us-east-1.aws_route_table.private_rt",
            "module.us-east-1.aws_subnet.private_subnet",
            "module.us-east-1.aws_subnet.public_subnet",
            "module.us-east-1.aws_vpc.main",
            "module.us-east-1.data.aws_availability_zones.available"
          ]
        },
        {
          "index_key": 1,
          "schema_version": 0,
          "attributes": {
            "gateway_id": null,
            "id": "rtbassoc-00109c8ded73cb28a",
            "route_table_id": "rtb-0ac1c5bd7ad092364",
            "subnet_id": "subnet-022bc9b3eff1b2211"
          },
          "sensitive_attributes": [],
          "private": "bnVsbA==",
          "dependencies": [
            "module.us-east-1.aws_eip.ngw",
            "module.us-east-1.aws_internet_gateway.gw",
            "module.us-east-1.aws_nat_gateway.ngw",
            "module.us-east-1.aws_route_table.private_rt",
            "module.us-east-1.aws_subnet.private_subnet",
            "module.us-east-1.aws_subnet.public_subnet",
            "module.us-east-1.aws_vpc.main",
            "module.us-east-1.data.aws_availability_zones.available"
          ]
        }
      ]
    },
    {
      "module": "module.us-east-1",
      "mode": "managed",
      "type": "aws_route_table_association",
      "name": "public_assoc",
      "provider": "provider[\"registry.terraform.io/hashicorp/aws\"].us-east-1",
      "instances": [
        {
          "index_key": 0,
          "schema_version": 0,
          "attributes": {
            "gateway_id": null,
            "id": "rtbassoc-05bdaf58edeb9d55f",
            "route_table_id": "rtb-03af45cfb2a4acc11",
            "subnet_id": "subnet-03b308a17bf44c316"
          },
          "sensitive_attributes": [],
          "private": "bnVsbA==",
          "dependencies": [
            "module.eu-west-1.aws_vpc.main",
            "module.us-east-1.aws_internet_gateway.gw",
            "module.us-east-1.aws_route_table.public_rt",
            "module.us-east-1.aws_subnet.private_subnet",
            "module.us-east-1.aws_subnet.public_subnet",
            "module.us-east-1.aws_vpc.main",
            "module.us-east-1.data.aws_availability_zones.available",
            "module.vpc-peering.aws_vpc_peering_connection.peer"
          ]
        },
        {
          "index_key": 1,
          "schema_version": 0,
          "attributes": {
            "gateway_id": null,
            "id": "rtbassoc-0b9e444db765407c3",
            "route_table_id": "rtb-03af45cfb2a4acc11",
            "subnet_id": "subnet-04dff7ec0ef5c2f28"
          },
          "sensitive_attributes": [],
          "private": "bnVsbA==",
          "dependencies": [
            "module.eu-west-1.aws_vpc.main",
            "module.us-east-1.aws_internet_gateway.gw",
            "module.us-east-1.aws_route_table.public_rt",
            "module.us-east-1.aws_subnet.private_subnet",
            "module.us-east-1.aws_subnet.public_subnet",
            "module.us-east-1.aws_vpc.main",
            "module.us-east-1.data.aws_availability_zones.available",
            "module.vpc-peering.aws_vpc_peering_connection.peer"
          ]
        }
      ]
    },
    {
      "module": "module.us-east-1",
      "mode": "managed",
      "type": "aws_security_group",
      "name": "private_security_group",
      "provider": "provider[\"registry.terraform.io/hashicorp/aws\"].us-east-1",
      "instances": [
        {
          "schema_version": 1,
          "attributes": {
            "arn": "arn:aws:ec2:us-east-1:642086856970:security-group/sg-0a68ff9e4abb2a97a",
            "description": "Managed by Terraform",
            "egress": [
              {
                "cidr_blocks": [
                  "0.0.0.0/0"
                ],
                "description": "",
                "from_port": 0,
                "ipv6_cidr_blocks": [],
                "prefix_list_ids": [],
                "protocol": "-1",
                "security_groups": [],
                "self": false,
                "to_port": 0
              }
            ],
            "id": "sg-0a68ff9e4abb2a97a",
            "ingress": [
              {
                "cidr_blocks": [
                  "0.0.0.0/0"
                ],
                "description": "",
                "from_port": 80,
                "ipv6_cidr_blocks": [],
                "prefix_list_ids": [],
                "protocol": "tcp",
                "security_groups": [],
                "self": false,
                "to_port": 80
              }
            ],
            "name": "terraform-20210213123122334600000001",
            "name_prefix": "terraform-",
            "owner_id": "642086856970",
            "revoke_rules_on_delete": false,
            "tags": {
              "Name": "us-east-1_private_sg"
            },
            "timeouts": null,
            "vpc_id": "vpc-0968ee8e6a5e0325c"
          },
          "sensitive_attributes": [],
          "private": "eyJlMmJmYjczMC1lY2FhLTExZTYtOGY4OC0zNDM2M2JjN2M0YzAiOnsiY3JlYXRlIjo2MDAwMDAwMDAwMDAsImRlbGV0ZSI6NjAwMDAwMDAwMDAwfSwic2NoZW1hX3ZlcnNpb24iOiIxIn0=",
          "dependencies": [
            "module.us-east-1.aws_vpc.main"
          ]
        }
      ]
    },
    {
      "module": "module.us-east-1",
      "mode": "managed",
      "type": "aws_subnet",
      "name": "private_subnet",
      "provider": "provider[\"registry.terraform.io/hashicorp/aws\"].us-east-1",
      "instances": [
        {
          "index_key": 0,
          "schema_version": 1,
          "attributes": {
            "arn": "arn:aws:ec2:us-east-1:642086856970:subnet/subnet-0d86ea6648856f4ec",
            "assign_ipv6_address_on_creation": false,
            "availability_zone": "us-east-1a",
            "availability_zone_id": "use1-az2",
            "cidr_block": "10.0.1.0/24",
            "customer_owned_ipv4_pool": "",
            "id": "subnet-0d86ea6648856f4ec",
            "ipv6_cidr_block": "",
            "ipv6_cidr_block_association_id": "",
            "map_customer_owned_ip_on_launch": false,
            "map_public_ip_on_launch": false,
            "outpost_arn": "",
            "owner_id": "642086856970",
            "tags": {
              "Name": "us-east-1_private_subnet_1"
            },
            "timeouts": null,
            "vpc_id": "vpc-0968ee8e6a5e0325c"
          },
          "sensitive_attributes": [],
          "private": "eyJlMmJmYjczMC1lY2FhLTExZTYtOGY4OC0zNDM2M2JjN2M0YzAiOnsiY3JlYXRlIjo2MDAwMDAwMDAwMDAsImRlbGV0ZSI6MTIwMDAwMDAwMDAwMH0sInNjaGVtYV92ZXJzaW9uIjoiMSJ9",
          "dependencies": [
            "module.us-east-1.aws_vpc.main",
            "module.us-east-1.data.aws_availability_zones.available"
          ]
        },
        {
          "index_key": 1,
          "schema_version": 1,
          "attributes": {
            "arn": "arn:aws:ec2:us-east-1:642086856970:subnet/subnet-022bc9b3eff1b2211",
            "assign_ipv6_address_on_creation": false,
            "availability_zone": "us-east-1b",
            "availability_zone_id": "use1-az4",
            "cidr_block": "10.0.2.0/24",
            "customer_owned_ipv4_pool": "",
            "id": "subnet-022bc9b3eff1b2211",
            "ipv6_cidr_block": "",
            "ipv6_cidr_block_association_id": "",
            "map_customer_owned_ip_on_launch": false,
            "map_public_ip_on_launch": false,
            "outpost_arn": "",
            "owner_id": "642086856970",
            "tags": {
              "Name": "us-east-1_private_subnet_2"
            },
            "timeouts": null,
            "vpc_id": "vpc-0968ee8e6a5e0325c"
          },
          "sensitive_attributes": [],
          "private": "eyJlMmJmYjczMC1lY2FhLTExZTYtOGY4OC0zNDM2M2JjN2M0YzAiOnsiY3JlYXRlIjo2MDAwMDAwMDAwMDAsImRlbGV0ZSI6MTIwMDAwMDAwMDAwMH0sInNjaGVtYV92ZXJzaW9uIjoiMSJ9",
          "dependencies": [
            "module.us-east-1.aws_vpc.main",
            "module.us-east-1.data.aws_availability_zones.available"
          ]
        }
      ]
    },
    {
      "module": "module.us-east-1",
      "mode": "managed",
      "type": "aws_subnet",
      "name": "public_subnet",
      "provider": "provider[\"registry.terraform.io/hashicorp/aws\"].us-east-1",
      "instances": [
        {
          "index_key": 0,
          "schema_version": 1,
          "attributes": {
            "arn": "arn:aws:ec2:us-east-1:642086856970:subnet/subnet-03b308a17bf44c316",
            "assign_ipv6_address_on_creation": false,
            "availability_zone": "us-east-1a",
            "availability_zone_id": "use1-az2",
            "cidr_block": "10.0.3.0/24",
            "customer_owned_ipv4_pool": "",
            "id": "subnet-03b308a17bf44c316",
            "ipv6_cidr_block": "",
            "ipv6_cidr_block_association_id": "",
            "map_customer_owned_ip_on_launch": false,
            "map_public_ip_on_launch": false,
            "outpost_arn": "",
            "owner_id": "642086856970",
            "tags": {
              "Name": "us-east-1_public_subnet_1"
            },
            "timeouts": null,
            "vpc_id": "vpc-0968ee8e6a5e0325c"
          },
          "sensitive_attributes": [],
          "private": "eyJlMmJmYjczMC1lY2FhLTExZTYtOGY4OC0zNDM2M2JjN2M0YzAiOnsiY3JlYXRlIjo2MDAwMDAwMDAwMDAsImRlbGV0ZSI6MTIwMDAwMDAwMDAwMH0sInNjaGVtYV92ZXJzaW9uIjoiMSJ9",
          "dependencies": [
            "module.us-east-1.aws_subnet.private_subnet",
            "module.us-east-1.aws_vpc.main",
            "module.us-east-1.data.aws_availability_zones.available"
          ]
        },
        {
          "index_key": 1,
          "schema_version": 1,
          "attributes": {
            "arn": "arn:aws:ec2:us-east-1:642086856970:subnet/subnet-04dff7ec0ef5c2f28",
            "assign_ipv6_address_on_creation": false,
            "availability_zone": "us-east-1b",
            "availability_zone_id": "use1-az4",
            "cidr_block": "10.0.4.0/24",
            "customer_owned_ipv4_pool": "",
            "id": "subnet-04dff7ec0ef5c2f28",
            "ipv6_cidr_block": "",
            "ipv6_cidr_block_association_id": "",
            "map_customer_owned_ip_on_launch": false,
            "map_public_ip_on_launch": false,
            "outpost_arn": "",
            "owner_id": "642086856970",
            "tags": {
              "Name": "us-east-1_public_subnet_2"
            },
            "timeouts": null,
            "vpc_id": "vpc-0968ee8e6a5e0325c"
          },
          "sensitive_attributes": [],
          "private": "eyJlMmJmYjczMC1lY2FhLTExZTYtOGY4OC0zNDM2M2JjN2M0YzAiOnsiY3JlYXRlIjo2MDAwMDAwMDAwMDAsImRlbGV0ZSI6MTIwMDAwMDAwMDAwMH0sInNjaGVtYV92ZXJzaW9uIjoiMSJ9",
          "dependencies": [
            "module.us-east-1.aws_subnet.private_subnet",
            "module.us-east-1.aws_vpc.main",
            "module.us-east-1.data.aws_availability_zones.available"
          ]
        }
      ]
    },
    {
      "module": "module.us-east-1",
      "mode": "managed",
      "type": "aws_vpc",
      "name": "main",
      "provider": "provider[\"registry.terraform.io/hashicorp/aws\"].us-east-1",
      "instances": [
        {
          "schema_version": 1,
          "attributes": {
            "arn": "arn:aws:ec2:us-east-1:642086856970:vpc/vpc-0968ee8e6a5e0325c",
            "assign_generated_ipv6_cidr_block": false,
            "cidr_block": "10.0.0.0/16",
            "default_network_acl_id": "acl-097d1d2ab77f979f3",
            "default_route_table_id": "rtb-06957954010a69717",
            "default_security_group_id": "sg-0351f45533d4b7e10",
            "dhcp_options_id": "dopt-04d8801ffb3776072",
            "enable_classiclink": false,
            "enable_classiclink_dns_support": false,
            "enable_dns_hostnames": true,
            "enable_dns_support": true,
            "id": "vpc-0968ee8e6a5e0325c",
            "instance_tenancy": "default",
            "ipv6_association_id": "",
            "ipv6_cidr_block": "",
            "main_route_table_id": "rtb-06957954010a69717",
            "owner_id": "642086856970",
            "tags": {
              "Name": "us-east-1_vpc"
            }
          },
          "sensitive_attributes": [],
          "private": "eyJzY2hlbWFfdmVyc2lvbiI6IjEifQ=="
        }
      ]
    },
    {
      "module": "module.vpc-peering",
      "mode": "managed",
      "type": "aws_vpc_peering_connection",
      "name": "peer",
      "provider": "provider[\"registry.terraform.io/hashicorp/aws\"]",
      "instances": [
        {
          "schema_version": 0,
          "attributes": {
            "accept_status": "active",
            "accepter": [
              {
                "allow_classic_link_to_remote_vpc": false,
                "allow_remote_vpc_dns_resolution": false,
                "allow_vpc_to_remote_classic_link": false
              }
            ],
            "auto_accept": false,
            "id": "pcx-0f2a615c0006a41ee",
            "peer_owner_id": "642086856970",
            "peer_region": "us-east-1",
            "peer_vpc_id": "vpc-0968ee8e6a5e0325c",
            "requester": [
              {
                "allow_classic_link_to_remote_vpc": false,
                "allow_remote_vpc_dns_resolution": false,
                "allow_vpc_to_remote_classic_link": false
              }
            ],
            "tags": {
              "Side": "Requester"
            },
            "timeouts": null,
            "vpc_id": "vpc-0f9897f2ee2e9075e"
          },
          "sensitive_attributes": [],
          "private": "eyJlMmJmYjczMC1lY2FhLTExZTYtOGY4OC0zNDM2M2JjN2M0YzAiOnsiY3JlYXRlIjo2MDAwMDAwMDAwMCwiZGVsZXRlIjo2MDAwMDAwMDAwMCwidXBkYXRlIjo2MDAwMDAwMDAwMH19",
          "dependencies": [
            "module.eu-west-1.aws_vpc.main",
            "module.us-east-1.aws_vpc.main"
          ]
        }
      ]
    },
    {
      "module": "module.vpc-peering",
      "mode": "managed",
      "type": "aws_vpc_peering_connection_accepter",
      "name": "peer",
      "provider": "provider[\"registry.terraform.io/hashicorp/aws\"]",
      "instances": [
        {
          "schema_version": 0,
          "attributes": {
            "accept_status": "active",
            "accepter": [
              {
                "allow_classic_link_to_remote_vpc": false,
                "allow_remote_vpc_dns_resolution": false,
                "allow_vpc_to_remote_classic_link": false
              }
            ],
            "auto_accept": true,
            "id": "pcx-0f2a615c0006a41ee",
            "peer_owner_id": "642086856970",
            "peer_region": "us-east-1",
            "peer_vpc_id": "vpc-0968ee8e6a5e0325c",
            "requester": [
              {
                "allow_classic_link_to_remote_vpc": false,
                "allow_remote_vpc_dns_resolution": false,
                "allow_vpc_to_remote_classic_link": false
              }
            ],
            "tags": {
              "Side": "Accepter"
            },
            "vpc_id": "vpc-0f9897f2ee2e9075e",
            "vpc_peering_connection_id": "pcx-0f2a615c0006a41ee"
          },
          "sensitive_attributes": [],
          "private": "bnVsbA==",
          "dependencies": [
            "module.eu-west-1.aws_vpc.main",
            "module.us-east-1.aws_vpc.main",
            "module.vpc-peering.aws_vpc_peering_connection.peer"
          ]
        }
      ]
    }
  ]
}
