{
  "version": 4,
  "terraform_version": "0.14.5",
  "serial": 69,
  "lineage": "6c56f687-e0c0-5bee-e3c0-ca65c7481ca5",
  "outputs": {},
  "resources": [
    {
      "module": "module.ecs[\"eu-west-1\"]",
      "mode": "data",
      "type": "aws_ecr_repository",
      "name": "service",
      "provider": "provider[\"registry.terraform.io/hashicorp/aws\"]",
      "instances": [
        {
          "schema_version": 0,
          "attributes": {
            "arn": "arn:aws:ecr:us-east-1:401901297044:repository/nginx_hello_world",
            "encryption_configuration": [
              {
                "encryption_type": "AES256",
                "kms_key": ""
              }
            ],
            "id": "nginx_hello_world",
            "image_scanning_configuration": [
              {
                "scan_on_push": false
              }
            ],
            "image_tag_mutability": "MUTABLE",
            "name": "nginx_hello_world",
            "registry_id": "401901297044",
            "repository_url": "401901297044.dkr.ecr.us-east-1.amazonaws.com/nginx_hello_world",
            "tags": {}
          },
          "sensitive_attributes": []
        }
      ]
    },
    {
      "module": "module.ecs[\"eu-west-1\"]",
      "mode": "managed",
      "type": "aws_alb_listener",
      "name": "alb_listener",
      "provider": "provider[\"registry.terraform.io/hashicorp/aws\"]",
      "instances": [
        {
          "schema_version": 0,
          "attributes": {
            "arn": "arn:aws:elasticloadbalancing:us-east-1:401901297044:listener/app/eu-west-1-public-alb/232e56a6ba465196/84d56df2fa81e637",
            "certificate_arn": null,
            "default_action": [
              {
                "authenticate_cognito": [],
                "authenticate_oidc": [],
                "fixed_response": [],
                "forward": [],
                "order": 1,
                "redirect": [],
                "target_group_arn": "arn:aws:elasticloadbalancing:us-east-1:401901297044:targetgroup/tf-20210301100707648100000002/186fc36d19670947",
                "type": "forward"
              }
            ],
            "id": "arn:aws:elasticloadbalancing:us-east-1:401901297044:listener/app/eu-west-1-public-alb/232e56a6ba465196/84d56df2fa81e637",
            "load_balancer_arn": "arn:aws:elasticloadbalancing:us-east-1:401901297044:loadbalancer/app/eu-west-1-public-alb/232e56a6ba465196",
            "port": 80,
            "protocol": "HTTP",
            "ssl_policy": "",
            "timeouts": null
          },
          "sensitive_attributes": [],
          "private": "eyJlMmJmYjczMC1lY2FhLTExZTYtOGY4OC0zNDM2M2JjN2M0YzAiOnsicmVhZCI6NjAwMDAwMDAwMDAwfX0=",
          "dependencies": [
            "module.ecs.aws_lb_target_group.alb_target_group",
            "module.networking.aws_efs_file_system.ecs_efs",
            "module.networking.aws_efs_mount_target.private_subnets",
            "module.networking.aws_eip.ngw",
            "module.networking.aws_internet_gateway.gw",
            "module.networking.aws_lb.public_alb",
            "module.networking.aws_nat_gateway.ngw",
            "module.networking.aws_network_acl.public_nacl",
            "module.networking.aws_route_table.private_rt",
            "module.networking.aws_route_table.public_rt",
            "module.networking.aws_route_table_association.private_assoc",
            "module.networking.aws_route_table_association.public_assoc",
            "module.networking.aws_security_group.private_security_group",
            "module.networking.aws_subnet.private_subnet",
            "module.networking.aws_subnet.public_subnet",
            "module.networking.aws_vpc.main",
            "module.s3-storage.aws_s3_bucket.alb_logs",
            "module.s3-storage.aws_s3_bucket_policy.access_logs",
            "module.vpc-peering.aws_vpc_peering_connection.peer"
          ]
        }
      ]
    },
    {
      "module": "module.ecs[\"eu-west-1\"]",
      "mode": "managed",
      "type": "aws_ecs_cluster",
      "name": "ecs_cluster",
      "provider": "provider[\"registry.terraform.io/hashicorp/aws\"]",
      "instances": [
        {
          "schema_version": 0,
          "attributes": {
            "arn": "arn:aws:ecs:us-east-1:401901297044:cluster/nginx-hello-world-eu",
            "capacity_providers": [],
            "default_capacity_provider_strategy": [],
            "id": "arn:aws:ecs:us-east-1:401901297044:cluster/nginx-hello-world-eu",
            "name": "nginx-hello-world-eu",
            "setting": [
              {
                "name": "containerInsights",
                "value": "disabled"
              }
            ],
            "tags": {
              "Name": "eu-west-1_ecs_cluster"
            }
          },
          "sensitive_attributes": [],
          "private": "bnVsbA=="
        }
      ]
    },
    {
      "module": "module.ecs[\"eu-west-1\"]",
      "mode": "managed",
      "type": "aws_ecs_service",
      "name": "ecs_service",
      "provider": "provider[\"registry.terraform.io/hashicorp/aws\"]",
      "instances": [
        {
          "schema_version": 0,
          "attributes": {
            "capacity_provider_strategy": [],
            "cluster": "arn:aws:ecs:us-east-1:401901297044:cluster/nginx-hello-world-eu",
            "deployment_controller": [
              {
                "type": "ECS"
              }
            ],
            "deployment_maximum_percent": 200,
            "deployment_minimum_healthy_percent": 100,
            "desired_count": 2,
            "enable_ecs_managed_tags": false,
            "force_new_deployment": null,
            "health_check_grace_period_seconds": 0,
            "iam_role": "aws-service-role",
            "id": "arn:aws:ecs:us-east-1:401901297044:service/nginx-hello-world-eu/nginx-hello-world-eu",
            "launch_type": "FARGATE",
            "load_balancer": [
              {
                "container_name": "nginx_hello_world",
                "container_port": 80,
                "elb_name": "",
                "target_group_arn": "arn:aws:elasticloadbalancing:us-east-1:401901297044:targetgroup/tf-20210301100707648100000002/186fc36d19670947"
              }
            ],
            "name": "nginx-hello-world-eu",
            "network_configuration": [
              {
                "assign_public_ip": false,
                "security_groups": [
                  "sg-0ea0b6eb1c9d7d6cb"
                ],
                "subnets": [
                  "subnet-055cc686d11186ad5",
                  "subnet-08660ff0f672b5382"
                ]
              }
            ],
            "ordered_placement_strategy": [],
            "placement_constraints": [],
            "platform_version": "1.4.0",
            "propagate_tags": "NONE",
            "scheduling_strategy": "REPLICA",
            "service_registries": [],
            "tags": {
              "Name": "eu-west-1_nginx_hello_world_ecs_service"
            },
            "task_definition": "nginx-hello-world-eu:1",
            "timeouts": null,
            "wait_for_steady_state": false
          },
          "sensitive_attributes": [],
          "private": "eyJlMmJmYjczMC1lY2FhLTExZTYtOGY4OC0zNDM2M2JjN2M0YzAiOnsiZGVsZXRlIjoxMjAwMDAwMDAwMDAwfX0=",
          "dependencies": [
            "module.ecs.aws_ecs_cluster.ecs_cluster",
            "module.ecs.aws_ecs_task_definition.hello_world_td",
            "module.ecs.aws_lb_target_group.alb_target_group",
            "module.ecs.data.aws_ecr_repository.service",
            "module.endpoints.aws_iam_role.ecs_tasks_execution_role",
            "module.networking.aws_efs_file_system.ecs_efs",
            "module.networking.aws_efs_mount_target.private_subnets",
            "module.networking.aws_eip.ngw",
            "module.networking.aws_internet_gateway.gw",
            "module.networking.aws_lb.public_alb",
            "module.networking.aws_nat_gateway.ngw",
            "module.networking.aws_network_acl.public_nacl",
            "module.networking.aws_route_table.private_rt",
            "module.networking.aws_route_table.public_rt",
            "module.networking.aws_route_table_association.private_assoc",
            "module.networking.aws_route_table_association.public_assoc",
            "module.networking.aws_security_group.private_security_group",
            "module.networking.aws_subnet.private_subnet",
            "module.networking.aws_subnet.public_subnet",
            "module.networking.aws_vpc.main",
            "module.s3-storage.aws_s3_bucket.alb_logs",
            "module.s3-storage.aws_s3_bucket_policy.access_logs",
            "module.vpc-peering.aws_vpc_peering_connection.peer"
          ]
        }
      ]
    },
    {
      "module": "module.ecs[\"eu-west-1\"]",
      "mode": "managed",
      "type": "aws_ecs_task_definition",
      "name": "hello_world_td",
      "provider": "provider[\"registry.terraform.io/hashicorp/aws\"]",
      "instances": [
        {
          "schema_version": 1,
          "attributes": {
            "arn": "arn:aws:ecs:us-east-1:401901297044:task-definition/nginx-hello-world-eu:1",
            "container_definitions": "[{\"cpu\":0,\"environment\":[],\"essential\":true,\"image\":\"401901297044.dkr.ecr.us-east-1.amazonaws.com/nginx_hello_world\",\"mountPoints\":[],\"name\":\"nginx_hello_world\",\"portMappings\":[{\"containerPort\":80,\"hostPort\":80,\"protocol\":\"tcp\"}],\"readonlyRootFilesystem\":false,\"volumesFrom\":[]}]",
            "cpu": "256",
            "execution_role_arn": "arn:aws:iam::401901297044:role/ecs-task-execution-role",
            "family": "nginx-hello-world-eu",
            "id": "nginx-hello-world-eu",
            "inference_accelerator": [],
            "ipc_mode": "",
            "memory": "512",
            "network_mode": "awsvpc",
            "pid_mode": "",
            "placement_constraints": [],
            "proxy_configuration": [],
            "requires_compatibilities": [
              "FARGATE"
            ],
            "revision": 1,
            "tags": {
              "Name": "eu-west-1_nginx_hello_world_ecs_task_definition"
            },
            "task_role_arn": "arn:aws:iam::401901297044:role/ecs-task-execution-role",
            "volume": [
              {
                "docker_volume_configuration": [],
                "efs_volume_configuration": [
                  {
                    "authorization_config": [],
                    "file_system_id": "fs-6dae869a",
                    "root_directory": "/",
                    "transit_encryption": "",
                    "transit_encryption_port": null
                  }
                ],
                "host_path": "",
                "name": "nginx-hello-world-efs"
              }
            ]
          },
          "sensitive_attributes": [],
          "private": "eyJzY2hlbWFfdmVyc2lvbiI6IjEifQ==",
          "dependencies": [
            "module.ecs.data.aws_ecr_repository.service",
            "module.endpoints.aws_iam_role.ecs_tasks_execution_role",
            "module.networking.aws_efs_file_system.ecs_efs",
            "module.networking.aws_efs_mount_target.private_subnets",
            "module.networking.aws_eip.ngw",
            "module.networking.aws_internet_gateway.gw",
            "module.networking.aws_lb.public_alb",
            "module.networking.aws_nat_gateway.ngw",
            "module.networking.aws_network_acl.public_nacl",
            "module.networking.aws_route_table.private_rt",
            "module.networking.aws_route_table.public_rt",
            "module.networking.aws_route_table_association.private_assoc",
            "module.networking.aws_route_table_association.public_assoc",
            "module.networking.aws_security_group.private_security_group",
            "module.networking.aws_subnet.private_subnet",
            "module.networking.aws_subnet.public_subnet",
            "module.networking.aws_vpc.main",
            "module.s3-storage.aws_s3_bucket.alb_logs",
            "module.s3-storage.aws_s3_bucket_policy.access_logs",
            "module.vpc-peering.aws_vpc_peering_connection.peer"
          ]
        }
      ]
    },
    {
      "module": "module.ecs[\"eu-west-1\"]",
      "mode": "managed",
      "type": "aws_lb_target_group",
      "name": "alb_target_group",
      "provider": "provider[\"registry.terraform.io/hashicorp/aws\"]",
      "instances": [
        {
          "schema_version": 0,
          "attributes": {
            "arn": "arn:aws:elasticloadbalancing:us-east-1:401901297044:targetgroup/tf-20210301100707648100000002/186fc36d19670947",
            "arn_suffix": "targetgroup/tf-20210301100707648100000002/186fc36d19670947",
            "deregistration_delay": 300,
            "health_check": [
              {
                "enabled": true,
                "healthy_threshold": 5,
                "interval": 30,
                "matcher": "200",
                "path": "/",
                "port": "traffic-port",
                "protocol": "HTTP",
                "timeout": 5,
                "unhealthy_threshold": 2
              }
            ],
            "id": "arn:aws:elasticloadbalancing:us-east-1:401901297044:targetgroup/tf-20210301100707648100000002/186fc36d19670947",
            "lambda_multi_value_headers_enabled": false,
            "load_balancing_algorithm_type": "round_robin",
            "name": "tf-20210301100707648100000002",
            "name_prefix": null,
            "port": 80,
            "protocol": "HTTP",
            "protocol_version": "HTTP1",
            "proxy_protocol_v2": false,
            "slow_start": 0,
            "stickiness": [
              {
                "cookie_duration": 86400,
                "enabled": false,
                "type": "lb_cookie"
              }
            ],
            "tags": {
              "Name": "eu-west-1_lb_tg"
            },
            "target_type": "ip",
            "vpc_id": "vpc-02096e160a6eae82a"
          },
          "sensitive_attributes": [],
          "private": "bnVsbA==",
          "dependencies": [
            "module.networking.aws_efs_file_system.ecs_efs",
            "module.networking.aws_efs_mount_target.private_subnets",
            "module.networking.aws_eip.ngw",
            "module.networking.aws_internet_gateway.gw",
            "module.networking.aws_lb.public_alb",
            "module.networking.aws_nat_gateway.ngw",
            "module.networking.aws_network_acl.public_nacl",
            "module.networking.aws_route_table.private_rt",
            "module.networking.aws_route_table.public_rt",
            "module.networking.aws_route_table_association.private_assoc",
            "module.networking.aws_route_table_association.public_assoc",
            "module.networking.aws_security_group.private_security_group",
            "module.networking.aws_subnet.private_subnet",
            "module.networking.aws_subnet.public_subnet",
            "module.networking.aws_vpc.main",
            "module.s3-storage.aws_s3_bucket.alb_logs",
            "module.s3-storage.aws_s3_bucket_policy.access_logs",
            "module.vpc-peering.aws_vpc_peering_connection.peer"
          ]
        }
      ]
    },
    {
      "module": "module.ecs[\"us-east-1\"]",
      "mode": "data",
      "type": "aws_ecr_repository",
      "name": "service",
      "provider": "provider[\"registry.terraform.io/hashicorp/aws\"]",
      "instances": [
        {
          "schema_version": 0,
          "attributes": {
            "arn": "arn:aws:ecr:us-east-1:401901297044:repository/nginx_hello_world",
            "encryption_configuration": [
              {
                "encryption_type": "AES256",
                "kms_key": ""
              }
            ],
            "id": "nginx_hello_world",
            "image_scanning_configuration": [
              {
                "scan_on_push": false
              }
            ],
            "image_tag_mutability": "MUTABLE",
            "name": "nginx_hello_world",
            "registry_id": "401901297044",
            "repository_url": "401901297044.dkr.ecr.us-east-1.amazonaws.com/nginx_hello_world",
            "tags": {}
          },
          "sensitive_attributes": []
        }
      ]
    },
    {
      "module": "module.ecs[\"us-east-1\"]",
      "mode": "managed",
      "type": "aws_alb_listener",
      "name": "alb_listener",
      "provider": "provider[\"registry.terraform.io/hashicorp/aws\"]",
      "instances": [
        {
          "schema_version": 0,
          "attributes": {
            "arn": "arn:aws:elasticloadbalancing:us-east-1:401901297044:listener/app/us-east-1-public-alb/82bf6727034c148b/72fa882b72c5d2fe",
            "certificate_arn": null,
            "default_action": [
              {
                "authenticate_cognito": [],
                "authenticate_oidc": [],
                "fixed_response": [],
                "forward": [],
                "order": 1,
                "redirect": [],
                "target_group_arn": "arn:aws:elasticloadbalancing:us-east-1:401901297044:targetgroup/tf-20210301100707648000000001/5a7b56379d028435",
                "type": "forward"
              }
            ],
            "id": "arn:aws:elasticloadbalancing:us-east-1:401901297044:listener/app/us-east-1-public-alb/82bf6727034c148b/72fa882b72c5d2fe",
            "load_balancer_arn": "arn:aws:elasticloadbalancing:us-east-1:401901297044:loadbalancer/app/us-east-1-public-alb/82bf6727034c148b",
            "port": 80,
            "protocol": "HTTP",
            "ssl_policy": "",
            "timeouts": null
          },
          "sensitive_attributes": [],
          "private": "eyJlMmJmYjczMC1lY2FhLTExZTYtOGY4OC0zNDM2M2JjN2M0YzAiOnsicmVhZCI6NjAwMDAwMDAwMDAwfX0=",
          "dependencies": [
            "module.ecs.aws_lb_target_group.alb_target_group",
            "module.networking.aws_efs_file_system.ecs_efs",
            "module.networking.aws_efs_mount_target.private_subnets",
            "module.networking.aws_eip.ngw",
            "module.networking.aws_internet_gateway.gw",
            "module.networking.aws_lb.public_alb",
            "module.networking.aws_nat_gateway.ngw",
            "module.networking.aws_network_acl.public_nacl",
            "module.networking.aws_route_table.private_rt",
            "module.networking.aws_route_table.public_rt",
            "module.networking.aws_route_table_association.private_assoc",
            "module.networking.aws_route_table_association.public_assoc",
            "module.networking.aws_security_group.private_security_group",
            "module.networking.aws_subnet.private_subnet",
            "module.networking.aws_subnet.public_subnet",
            "module.networking.aws_vpc.main",
            "module.s3-storage.aws_s3_bucket.alb_logs",
            "module.s3-storage.aws_s3_bucket_policy.access_logs",
            "module.vpc-peering.aws_vpc_peering_connection.peer"
          ]
        }
      ]
    },
    {
      "module": "module.ecs[\"us-east-1\"]",
      "mode": "managed",
      "type": "aws_ecs_cluster",
      "name": "ecs_cluster",
      "provider": "provider[\"registry.terraform.io/hashicorp/aws\"]",
      "instances": [
        {
          "schema_version": 0,
          "attributes": {
            "arn": "arn:aws:ecs:us-east-1:401901297044:cluster/nginx-hello-world-us",
            "capacity_providers": [],
            "default_capacity_provider_strategy": [],
            "id": "arn:aws:ecs:us-east-1:401901297044:cluster/nginx-hello-world-us",
            "name": "nginx-hello-world-us",
            "setting": [
              {
                "name": "containerInsights",
                "value": "disabled"
              }
            ],
            "tags": {
              "Name": "us-east-1_ecs_cluster"
            }
          },
          "sensitive_attributes": [],
          "private": "bnVsbA=="
        }
      ]
    },
    {
      "module": "module.ecs[\"us-east-1\"]",
      "mode": "managed",
      "type": "aws_ecs_service",
      "name": "ecs_service",
      "provider": "provider[\"registry.terraform.io/hashicorp/aws\"]",
      "instances": [
        {
          "schema_version": 0,
          "attributes": {
            "capacity_provider_strategy": [],
            "cluster": "arn:aws:ecs:us-east-1:401901297044:cluster/nginx-hello-world-us",
            "deployment_controller": [
              {
                "type": "ECS"
              }
            ],
            "deployment_maximum_percent": 200,
            "deployment_minimum_healthy_percent": 100,
            "desired_count": 2,
            "enable_ecs_managed_tags": false,
            "force_new_deployment": null,
            "health_check_grace_period_seconds": 0,
            "iam_role": "aws-service-role",
            "id": "arn:aws:ecs:us-east-1:401901297044:service/nginx-hello-world-us/nginx-hello-world-us",
            "launch_type": "FARGATE",
            "load_balancer": [
              {
                "container_name": "nginx_hello_world",
                "container_port": 80,
                "elb_name": "",
                "target_group_arn": "arn:aws:elasticloadbalancing:us-east-1:401901297044:targetgroup/tf-20210301100707648000000001/5a7b56379d028435"
              }
            ],
            "name": "nginx-hello-world-us",
            "network_configuration": [
              {
                "assign_public_ip": false,
                "security_groups": [
                  "sg-0eaed9e8621c3abac"
                ],
                "subnets": [
                  "subnet-0558db4f398ed9c77",
                  "subnet-0f15d365bdd3a20a1"
                ]
              }
            ],
            "ordered_placement_strategy": [],
            "placement_constraints": [],
            "platform_version": "1.4.0",
            "propagate_tags": "NONE",
            "scheduling_strategy": "REPLICA",
            "service_registries": [],
            "tags": {
              "Name": "us-east-1_nginx_hello_world_ecs_service"
            },
            "task_definition": "nginx-hello-world-us:1",
            "timeouts": null,
            "wait_for_steady_state": false
          },
          "sensitive_attributes": [],
          "private": "eyJlMmJmYjczMC1lY2FhLTExZTYtOGY4OC0zNDM2M2JjN2M0YzAiOnsiZGVsZXRlIjoxMjAwMDAwMDAwMDAwfX0=",
          "dependencies": [
            "module.ecs.aws_ecs_cluster.ecs_cluster",
            "module.ecs.aws_ecs_task_definition.hello_world_td",
            "module.ecs.aws_lb_target_group.alb_target_group",
            "module.ecs.data.aws_ecr_repository.service",
            "module.endpoints.aws_iam_role.ecs_tasks_execution_role",
            "module.networking.aws_efs_file_system.ecs_efs",
            "module.networking.aws_efs_mount_target.private_subnets",
            "module.networking.aws_eip.ngw",
            "module.networking.aws_internet_gateway.gw",
            "module.networking.aws_lb.public_alb",
            "module.networking.aws_nat_gateway.ngw",
            "module.networking.aws_network_acl.public_nacl",
            "module.networking.aws_route_table.private_rt",
            "module.networking.aws_route_table.public_rt",
            "module.networking.aws_route_table_association.private_assoc",
            "module.networking.aws_route_table_association.public_assoc",
            "module.networking.aws_security_group.private_security_group",
            "module.networking.aws_subnet.private_subnet",
            "module.networking.aws_subnet.public_subnet",
            "module.networking.aws_vpc.main",
            "module.s3-storage.aws_s3_bucket.alb_logs",
            "module.s3-storage.aws_s3_bucket_policy.access_logs",
            "module.vpc-peering.aws_vpc_peering_connection.peer"
          ]
        }
      ]
    },
    {
      "module": "module.ecs[\"us-east-1\"]",
      "mode": "managed",
      "type": "aws_ecs_task_definition",
      "name": "hello_world_td",
      "provider": "provider[\"registry.terraform.io/hashicorp/aws\"]",
      "instances": [
        {
          "schema_version": 1,
          "attributes": {
            "arn": "arn:aws:ecs:us-east-1:401901297044:task-definition/nginx-hello-world-us:1",
            "container_definitions": "[{\"cpu\":0,\"environment\":[],\"essential\":true,\"image\":\"401901297044.dkr.ecr.us-east-1.amazonaws.com/nginx_hello_world\",\"mountPoints\":[],\"name\":\"nginx_hello_world\",\"portMappings\":[{\"containerPort\":80,\"hostPort\":80,\"protocol\":\"tcp\"}],\"readonlyRootFilesystem\":false,\"volumesFrom\":[]}]",
            "cpu": "256",
            "execution_role_arn": "arn:aws:iam::401901297044:role/ecs-task-execution-role",
            "family": "nginx-hello-world-us",
            "id": "nginx-hello-world-us",
            "inference_accelerator": [],
            "ipc_mode": "",
            "memory": "512",
            "network_mode": "awsvpc",
            "pid_mode": "",
            "placement_constraints": [],
            "proxy_configuration": [],
            "requires_compatibilities": [
              "FARGATE"
            ],
            "revision": 1,
            "tags": {
              "Name": "us-east-1_nginx_hello_world_ecs_task_definition"
            },
            "task_role_arn": "arn:aws:iam::401901297044:role/ecs-task-execution-role",
            "volume": [
              {
                "docker_volume_configuration": [],
                "efs_volume_configuration": [
                  {
                    "authorization_config": [],
                    "file_system_id": "fs-7fae8688",
                    "root_directory": "/",
                    "transit_encryption": "",
                    "transit_encryption_port": null
                  }
                ],
                "host_path": "",
                "name": "nginx-hello-world-efs"
              }
            ]
          },
          "sensitive_attributes": [],
          "private": "eyJzY2hlbWFfdmVyc2lvbiI6IjEifQ==",
          "dependencies": [
            "module.ecs.data.aws_ecr_repository.service",
            "module.endpoints.aws_iam_role.ecs_tasks_execution_role",
            "module.networking.aws_efs_file_system.ecs_efs",
            "module.networking.aws_efs_mount_target.private_subnets",
            "module.networking.aws_eip.ngw",
            "module.networking.aws_internet_gateway.gw",
            "module.networking.aws_lb.public_alb",
            "module.networking.aws_nat_gateway.ngw",
            "module.networking.aws_network_acl.public_nacl",
            "module.networking.aws_route_table.private_rt",
            "module.networking.aws_route_table.public_rt",
            "module.networking.aws_route_table_association.private_assoc",
            "module.networking.aws_route_table_association.public_assoc",
            "module.networking.aws_security_group.private_security_group",
            "module.networking.aws_subnet.private_subnet",
            "module.networking.aws_subnet.public_subnet",
            "module.networking.aws_vpc.main",
            "module.s3-storage.aws_s3_bucket.alb_logs",
            "module.s3-storage.aws_s3_bucket_policy.access_logs",
            "module.vpc-peering.aws_vpc_peering_connection.peer"
          ]
        }
      ]
    },
    {
      "module": "module.ecs[\"us-east-1\"]",
      "mode": "managed",
      "type": "aws_lb_target_group",
      "name": "alb_target_group",
      "provider": "provider[\"registry.terraform.io/hashicorp/aws\"]",
      "instances": [
        {
          "schema_version": 0,
          "attributes": {
            "arn": "arn:aws:elasticloadbalancing:us-east-1:401901297044:targetgroup/tf-20210301100707648000000001/5a7b56379d028435",
            "arn_suffix": "targetgroup/tf-20210301100707648000000001/5a7b56379d028435",
            "deregistration_delay": 300,
            "health_check": [
              {
                "enabled": true,
                "healthy_threshold": 5,
                "interval": 30,
                "matcher": "200",
                "path": "/",
                "port": "traffic-port",
                "protocol": "HTTP",
                "timeout": 5,
                "unhealthy_threshold": 2
              }
            ],
            "id": "arn:aws:elasticloadbalancing:us-east-1:401901297044:targetgroup/tf-20210301100707648000000001/5a7b56379d028435",
            "lambda_multi_value_headers_enabled": false,
            "load_balancing_algorithm_type": "round_robin",
            "name": "tf-20210301100707648000000001",
            "name_prefix": null,
            "port": 80,
            "protocol": "HTTP",
            "protocol_version": "HTTP1",
            "proxy_protocol_v2": false,
            "slow_start": 0,
            "stickiness": [
              {
                "cookie_duration": 86400,
                "enabled": false,
                "type": "lb_cookie"
              }
            ],
            "tags": {
              "Name": "us-east-1_lb_tg"
            },
            "target_type": "ip",
            "vpc_id": "vpc-00d8be1871b4d0a6c"
          },
          "sensitive_attributes": [],
          "private": "bnVsbA==",
          "dependencies": [
            "module.networking.aws_efs_file_system.ecs_efs",
            "module.networking.aws_efs_mount_target.private_subnets",
            "module.networking.aws_eip.ngw",
            "module.networking.aws_internet_gateway.gw",
            "module.networking.aws_lb.public_alb",
            "module.networking.aws_nat_gateway.ngw",
            "module.networking.aws_network_acl.public_nacl",
            "module.networking.aws_route_table.private_rt",
            "module.networking.aws_route_table.public_rt",
            "module.networking.aws_route_table_association.private_assoc",
            "module.networking.aws_route_table_association.public_assoc",
            "module.networking.aws_security_group.private_security_group",
            "module.networking.aws_subnet.private_subnet",
            "module.networking.aws_subnet.public_subnet",
            "module.networking.aws_vpc.main",
            "module.s3-storage.aws_s3_bucket.alb_logs",
            "module.s3-storage.aws_s3_bucket_policy.access_logs",
            "module.vpc-peering.aws_vpc_peering_connection.peer"
          ]
        }
      ]
    },
    {
      "module": "module.endpoints",
      "mode": "data",
      "type": "aws_iam_policy_document",
      "name": "ecs_tasks_execution_role",
      "provider": "provider[\"registry.terraform.io/hashicorp/aws\"]",
      "instances": [
        {
          "schema_version": 0,
          "attributes": {
            "id": "320642683",
            "json": "{\n  \"Version\": \"2012-10-17\",\n  \"Statement\": [\n    {\n      \"Sid\": \"\",\n      \"Effect\": \"Allow\",\n      \"Action\": \"sts:AssumeRole\",\n      \"Principal\": {\n        \"Service\": \"ecs-tasks.amazonaws.com\"\n      }\n    }\n  ]\n}",
            "override_json": null,
            "override_policy_documents": null,
            "policy_id": null,
            "source_json": null,
            "source_policy_documents": null,
            "statement": [
              {
                "actions": [
                  "sts:AssumeRole"
                ],
                "condition": [],
                "effect": "Allow",
                "not_actions": [],
                "not_principals": [],
                "not_resources": [],
                "principals": [
                  {
                    "identifiers": [
                      "ecs-tasks.amazonaws.com"
                    ],
                    "type": "Service"
                  }
                ],
                "resources": [],
                "sid": ""
              }
            ],
            "version": "2012-10-17"
          },
          "sensitive_attributes": []
        }
      ]
    },
    {
      "module": "module.endpoints",
      "mode": "managed",
      "type": "aws_iam_role",
      "name": "ecs_tasks_execution_role",
      "provider": "provider[\"registry.terraform.io/hashicorp/aws\"]",
      "instances": [
        {
          "schema_version": 0,
          "attributes": {
            "arn": "arn:aws:iam::401901297044:role/ecs-task-execution-role",
            "assume_role_policy": "{\"Version\":\"2012-10-17\",\"Statement\":[{\"Sid\":\"\",\"Effect\":\"Allow\",\"Principal\":{\"Service\":\"ecs-tasks.amazonaws.com\"},\"Action\":\"sts:AssumeRole\"}]}",
            "create_date": "2021-03-01T09:42:05Z",
            "description": "",
            "force_detach_policies": false,
            "id": "ecs-task-execution-role",
            "max_session_duration": 3600,
            "name": "ecs-task-execution-role",
            "name_prefix": null,
            "path": "/",
            "permissions_boundary": null,
            "tags": {},
            "unique_id": "AROAV3EZPDWKJ5JETX7YI"
          },
          "sensitive_attributes": [],
          "private": "bnVsbA==",
          "dependencies": [
            "module.endpoints.data.aws_iam_policy_document.ecs_tasks_execution_role"
          ]
        }
      ]
    },
    {
      "module": "module.endpoints",
      "mode": "managed",
      "type": "aws_iam_role_policy_attachment",
      "name": "ecs_tasks_execution_role",
      "provider": "provider[\"registry.terraform.io/hashicorp/aws\"]",
      "instances": [
        {
          "schema_version": 0,
          "attributes": {
            "id": "ecs-task-execution-role-20210301094206476600000001",
            "policy_arn": "arn:aws:iam::aws:policy/service-role/AmazonECSTaskExecutionRolePolicy",
            "role": "ecs-task-execution-role"
          },
          "sensitive_attributes": [],
          "private": "bnVsbA==",
          "dependencies": [
            "module.endpoints.aws_iam_role.ecs_tasks_execution_role",
            "module.endpoints.data.aws_iam_policy_document.ecs_tasks_execution_role"
          ]
        }
      ]
    },
    {
      "module": "module.endpoints",
      "mode": "managed",
      "type": "aws_vpc_endpoint",
      "name": "ecs_api",
      "provider": "provider[\"registry.terraform.io/hashicorp/aws\"]",
      "instances": [
        {
          "schema_version": 0,
          "attributes": {
            "arn": "arn:aws:ec2:us-east-1:401901297044:vpc-endpoint/vpce-0706958daafcf341f",
            "auto_accept": null,
            "cidr_blocks": [],
            "dns_entry": [
              {
                "dns_name": "vpce-0706958daafcf341f-44dp1s6r.api.ecr.us-east-1.vpce.amazonaws.com",
                "hosted_zone_id": "Z7HUB22UULQXV"
              },
              {
                "dns_name": "vpce-0706958daafcf341f-44dp1s6r-us-east-1a.api.ecr.us-east-1.vpce.amazonaws.com",
                "hosted_zone_id": "Z7HUB22UULQXV"
              },
              {
                "dns_name": "vpce-0706958daafcf341f-44dp1s6r-us-east-1b.api.ecr.us-east-1.vpce.amazonaws.com",
                "hosted_zone_id": "Z7HUB22UULQXV"
              },
              {
                "dns_name": "api.ecr.us-east-1.amazonaws.com",
                "hosted_zone_id": "Z05879162NRTU2W1SH6GC"
              }
            ],
            "id": "vpce-0706958daafcf341f",
            "network_interface_ids": [
              "eni-00f1db2b85f81565e",
              "eni-0a7730b476927f67a"
            ],
            "owner_id": "401901297044",
            "policy": "{\"Statement\":[{\"Action\":\"*\",\"Effect\":\"Allow\",\"Principal\":\"*\",\"Resource\":\"*\"}]}",
            "prefix_list_id": null,
            "private_dns_enabled": true,
            "requester_managed": false,
            "route_table_ids": [],
            "security_group_ids": [
              "sg-0eaed9e8621c3abac"
            ],
            "service_name": "com.amazonaws.us-east-1.ecr.api",
            "state": "available",
            "subnet_ids": [
              "subnet-0558db4f398ed9c77",
              "subnet-0f15d365bdd3a20a1"
            ],
            "tags": {},
            "timeouts": null,
            "vpc_endpoint_type": "Interface",
            "vpc_id": "vpc-00d8be1871b4d0a6c"
          },
          "sensitive_attributes": [],
          "private": "eyJlMmJmYjczMC1lY2FhLTExZTYtOGY4OC0zNDM2M2JjN2M0YzAiOnsiY3JlYXRlIjo2MDAwMDAwMDAwMDAsImRlbGV0ZSI6NjAwMDAwMDAwMDAwLCJ1cGRhdGUiOjYwMDAwMDAwMDAwMH19",
          "dependencies": [
            "module.networking.aws_security_group.private_security_group",
            "module.networking.aws_subnet.private_subnet",
            "module.networking.aws_vpc.main"
          ]
        }
      ]
    },
    {
      "module": "module.endpoints",
      "mode": "managed",
      "type": "aws_vpc_endpoint",
      "name": "ecs_dkr",
      "provider": "provider[\"registry.terraform.io/hashicorp/aws\"]",
      "instances": [
        {
          "schema_version": 0,
          "attributes": {
            "arn": "arn:aws:ec2:us-east-1:401901297044:vpc-endpoint/vpce-03b41ba82e8d2c29e",
            "auto_accept": null,
            "cidr_blocks": [],
            "dns_entry": [
              {
                "dns_name": "vpce-03b41ba82e8d2c29e-3lzuuao8.dkr.ecr.us-east-1.vpce.amazonaws.com",
                "hosted_zone_id": "Z7HUB22UULQXV"
              },
              {
                "dns_name": "vpce-03b41ba82e8d2c29e-3lzuuao8-us-east-1b.dkr.ecr.us-east-1.vpce.amazonaws.com",
                "hosted_zone_id": "Z7HUB22UULQXV"
              },
              {
                "dns_name": "vpce-03b41ba82e8d2c29e-3lzuuao8-us-east-1a.dkr.ecr.us-east-1.vpce.amazonaws.com",
                "hosted_zone_id": "Z7HUB22UULQXV"
              },
              {
                "dns_name": "dkr.ecr.us-east-1.amazonaws.com",
                "hosted_zone_id": "Z0949557EM3TS04PSVAX"
              },
              {
                "dns_name": "*.dkr.ecr.us-east-1.amazonaws.com",
                "hosted_zone_id": "Z0949557EM3TS04PSVAX"
              }
            ],
            "id": "vpce-03b41ba82e8d2c29e",
            "network_interface_ids": [
              "eni-06e8f645651d008fb",
              "eni-0c5e142bbc5d689ff"
            ],
            "owner_id": "401901297044",
            "policy": "{\"Statement\":[{\"Action\":\"*\",\"Effect\":\"Allow\",\"Principal\":\"*\",\"Resource\":\"*\"}]}",
            "prefix_list_id": null,
            "private_dns_enabled": true,
            "requester_managed": false,
            "route_table_ids": [],
            "security_group_ids": [
              "sg-0eaed9e8621c3abac"
            ],
            "service_name": "com.amazonaws.us-east-1.ecr.dkr",
            "state": "available",
            "subnet_ids": [
              "subnet-0558db4f398ed9c77",
              "subnet-0f15d365bdd3a20a1"
            ],
            "tags": {},
            "timeouts": null,
            "vpc_endpoint_type": "Interface",
            "vpc_id": "vpc-00d8be1871b4d0a6c"
          },
          "sensitive_attributes": [],
          "private": "eyJlMmJmYjczMC1lY2FhLTExZTYtOGY4OC0zNDM2M2JjN2M0YzAiOnsiY3JlYXRlIjo2MDAwMDAwMDAwMDAsImRlbGV0ZSI6NjAwMDAwMDAwMDAwLCJ1cGRhdGUiOjYwMDAwMDAwMDAwMH19",
          "dependencies": [
            "module.networking.aws_security_group.private_security_group",
            "module.networking.aws_subnet.private_subnet",
            "module.networking.aws_vpc.main"
          ]
        }
      ]
    },
    {
      "module": "module.endpoints",
      "mode": "managed",
      "type": "aws_vpc_endpoint",
      "name": "s3",
      "provider": "provider[\"registry.terraform.io/hashicorp/aws\"]",
      "instances": [
        {
          "schema_version": 0,
          "attributes": {
            "arn": "arn:aws:ec2:us-east-1:401901297044:vpc-endpoint/vpce-01d3aa89ef5e7d875",
            "auto_accept": null,
            "cidr_blocks": [
              "54.231.0.0/17",
              "52.216.0.0/15",
              "3.5.0.0/18"
            ],
            "dns_entry": [],
            "id": "vpce-01d3aa89ef5e7d875",
            "network_interface_ids": [],
            "owner_id": "401901297044",
            "policy": "{\"Statement\":[{\"Action\":\"*\",\"Effect\":\"Allow\",\"Principal\":\"*\",\"Resource\":\"*\"}],\"Version\":\"2008-10-17\"}",
            "prefix_list_id": "pl-63a5400a",
            "private_dns_enabled": false,
            "requester_managed": false,
            "route_table_ids": [],
            "security_group_ids": [],
            "service_name": "com.amazonaws.us-east-1.s3",
            "state": "available",
            "subnet_ids": [],
            "tags": {},
            "timeouts": null,
            "vpc_endpoint_type": "Gateway",
            "vpc_id": "vpc-00d8be1871b4d0a6c"
          },
          "sensitive_attributes": [],
          "private": "eyJlMmJmYjczMC1lY2FhLTExZTYtOGY4OC0zNDM2M2JjN2M0YzAiOnsiY3JlYXRlIjo2MDAwMDAwMDAwMDAsImRlbGV0ZSI6NjAwMDAwMDAwMDAwLCJ1cGRhdGUiOjYwMDAwMDAwMDAwMH19",
          "dependencies": [
            "module.networking.aws_vpc.main"
          ]
        }
      ]
    },
    {
      "module": "module.networking[\"eu-west-1\"]",
      "mode": "managed",
      "type": "aws_efs_file_system",
      "name": "ecs_efs",
      "provider": "provider[\"registry.terraform.io/hashicorp/aws\"].us-east-1",
      "instances": [
        {
          "schema_version": 0,
          "attributes": {
            "arn": "arn:aws:elasticfilesystem:us-east-1:401901297044:file-system/fs-6dae869a",
            "creation_token": "eu-west-1_nginx_hello_world",
            "dns_name": "fs-6dae869a.efs.us-east-1.amazonaws.com",
            "encrypted": false,
            "id": "fs-6dae869a",
            "kms_key_id": "",
            "lifecycle_policy": [],
            "performance_mode": "generalPurpose",
            "provisioned_throughput_in_mibps": 0,
            "tags": {
              "Name": "eu-west-1_efs_nginx_hello_world"
            },
            "throughput_mode": "bursting"
          },
          "sensitive_attributes": [],
          "private": "bnVsbA=="
        }
      ]
    },
    {
      "module": "module.networking[\"eu-west-1\"]",
      "mode": "managed",
      "type": "aws_efs_mount_target",
      "name": "private_subnets",
      "provider": "provider[\"registry.terraform.io/hashicorp/aws\"].us-east-1",
      "instances": [
        {
          "index_key": "us-east-1a",
          "schema_version": 0,
          "attributes": {
            "availability_zone_id": "use1-az4",
            "availability_zone_name": "us-east-1a",
            "dns_name": "fs-6dae869a.efs.us-east-1.amazonaws.com",
            "file_system_arn": "arn:aws:elasticfilesystem:us-east-1:401901297044:file-system/fs-6dae869a",
            "file_system_id": "fs-6dae869a",
            "id": "fsmt-ee4e171b",
            "ip_address": "10.1.3.151",
            "mount_target_dns_name": "us-east-1a.fs-6dae869a.efs.us-east-1.amazonaws.com",
            "network_interface_id": "eni-0d2f43f04831a05c5",
            "owner_id": "401901297044",
            "security_groups": [
              "sg-0ea0b6eb1c9d7d6cb"
            ],
            "subnet_id": "subnet-055cc686d11186ad5"
          },
          "sensitive_attributes": [],
          "private": "bnVsbA==",
          "dependencies": [
            "module.networking.aws_efs_file_system.ecs_efs",
            "module.networking.aws_security_group.private_security_group",
            "module.networking.aws_subnet.private_subnet"
          ]
        },
        {
          "index_key": "us-east-1b",
          "schema_version": 0,
          "attributes": {
            "availability_zone_id": "use1-az6",
            "availability_zone_name": "us-east-1b",
            "dns_name": "fs-6dae869a.efs.us-east-1.amazonaws.com",
            "file_system_arn": "arn:aws:elasticfilesystem:us-east-1:401901297044:file-system/fs-6dae869a",
            "file_system_id": "fs-6dae869a",
            "id": "fsmt-ef4e171a",
            "ip_address": "10.1.4.189",
            "mount_target_dns_name": "us-east-1b.fs-6dae869a.efs.us-east-1.amazonaws.com",
            "network_interface_id": "eni-07cdd1a45da773644",
            "owner_id": "401901297044",
            "security_groups": [
              "sg-0ea0b6eb1c9d7d6cb"
            ],
            "subnet_id": "subnet-08660ff0f672b5382"
          },
          "sensitive_attributes": [],
          "private": "bnVsbA==",
          "dependencies": [
            "module.networking.aws_efs_file_system.ecs_efs",
            "module.networking.aws_security_group.private_security_group",
            "module.networking.aws_subnet.private_subnet"
          ]
        }
      ]
    },
    {
      "module": "module.networking[\"eu-west-1\"]",
      "mode": "managed",
      "type": "aws_eip",
      "name": "ngw",
      "provider": "provider[\"registry.terraform.io/hashicorp/aws\"].us-east-1",
      "instances": [
        {
          "index_key": "us-east-1a",
          "schema_version": 0,
          "attributes": {
            "allocation_id": null,
            "associate_with_private_ip": null,
            "association_id": "eipassoc-06466df5664e50a09",
            "carrier_ip": "",
            "customer_owned_ip": "",
            "customer_owned_ipv4_pool": "",
            "domain": "vpc",
            "id": "eipalloc-0efe8285cf0a6ef6a",
            "instance": "",
            "network_border_group": "us-east-1",
            "network_interface": "eni-068193744b325e4c5",
            "private_dns": "ip-10-1-1-178.ec2.internal",
            "private_ip": "10.1.1.178",
            "public_dns": "ec2-34-225-115-190.compute-1.amazonaws.com",
            "public_ip": "34.225.115.190",
            "public_ipv4_pool": "amazon",
            "tags": {},
            "timeouts": null,
            "vpc": true
          },
          "sensitive_attributes": [],
          "private": "eyJlMmJmYjczMC1lY2FhLTExZTYtOGY4OC0zNDM2M2JjN2M0YzAiOnsiZGVsZXRlIjoxODAwMDAwMDAwMDAsInJlYWQiOjkwMDAwMDAwMDAwMCwidXBkYXRlIjozMDAwMDAwMDAwMDB9fQ==",
          "dependencies": [
            "module.networking.aws_subnet.private_subnet",
            "module.networking.aws_vpc.main"
          ]
        },
        {
          "index_key": "us-east-1b",
          "schema_version": 0,
          "attributes": {
            "allocation_id": null,
            "associate_with_private_ip": null,
            "association_id": "eipassoc-0641a1d6df43f8a0e",
            "carrier_ip": "",
            "customer_owned_ip": "",
            "customer_owned_ipv4_pool": "",
            "domain": "vpc",
            "id": "eipalloc-0a283f10275184151",
            "instance": "",
            "network_border_group": "us-east-1",
            "network_interface": "eni-0ad3429d70aa1a8c9",
            "private_dns": "ip-10-1-2-191.ec2.internal",
            "private_ip": "10.1.2.191",
            "public_dns": "ec2-52-20-158-71.compute-1.amazonaws.com",
            "public_ip": "52.20.158.71",
            "public_ipv4_pool": "amazon",
            "tags": {},
            "timeouts": null,
            "vpc": true
          },
          "sensitive_attributes": [],
          "private": "eyJlMmJmYjczMC1lY2FhLTExZTYtOGY4OC0zNDM2M2JjN2M0YzAiOnsiZGVsZXRlIjoxODAwMDAwMDAwMDAsInJlYWQiOjkwMDAwMDAwMDAwMCwidXBkYXRlIjozMDAwMDAwMDAwMDB9fQ==",
          "dependencies": [
            "module.networking.aws_subnet.private_subnet",
            "module.networking.aws_vpc.main"
          ]
        }
      ]
    },
    {
      "module": "module.networking[\"eu-west-1\"]",
      "mode": "managed",
      "type": "aws_internet_gateway",
      "name": "gw",
      "provider": "provider[\"registry.terraform.io/hashicorp/aws\"].us-east-1",
      "instances": [
        {
          "schema_version": 0,
          "attributes": {
            "arn": "arn:aws:ec2:us-east-1:401901297044:internet-gateway/igw-0ef541a8833ac0b16",
            "id": "igw-0ef541a8833ac0b16",
            "owner_id": "401901297044",
            "tags": {
              "Name": "eu-west-1_gw"
            },
            "vpc_id": "vpc-02096e160a6eae82a"
          },
          "sensitive_attributes": [],
          "private": "bnVsbA==",
          "dependencies": [
            "module.networking.aws_vpc.main"
          ]
        }
      ]
    },
    {
      "module": "module.networking[\"eu-west-1\"]",
      "mode": "managed",
      "type": "aws_lb",
      "name": "public_alb",
      "provider": "provider[\"registry.terraform.io/hashicorp/aws\"].us-east-1",
      "instances": [
        {
          "schema_version": 0,
          "attributes": {
            "access_logs": [
              {
                "bucket": "nginx-hello-world-alb-logs-eu-west-1",
                "enabled": true,
                "prefix": ""
              }
            ],
            "arn": "arn:aws:elasticloadbalancing:us-east-1:401901297044:loadbalancer/app/eu-west-1-public-alb/232e56a6ba465196",
            "arn_suffix": "app/eu-west-1-public-alb/232e56a6ba465196",
            "customer_owned_ipv4_pool": "",
            "dns_name": "eu-west-1-public-alb-2012037460.us-east-1.elb.amazonaws.com",
            "drop_invalid_header_fields": false,
            "enable_cross_zone_load_balancing": null,
            "enable_deletion_protection": false,
            "enable_http2": true,
            "id": "arn:aws:elasticloadbalancing:us-east-1:401901297044:loadbalancer/app/eu-west-1-public-alb/232e56a6ba465196",
            "idle_timeout": 60,
            "internal": false,
            "ip_address_type": "ipv4",
            "load_balancer_type": "application",
            "name": "eu-west-1-public-alb",
            "name_prefix": null,
            "security_groups": [
              "sg-0ea0b6eb1c9d7d6cb"
            ],
            "subnet_mapping": [
              {
                "allocation_id": "",
                "ipv6_address": "",
                "outpost_id": "",
                "private_ipv4_address": "",
                "subnet_id": "subnet-0b06db14ad75e4d0e"
              },
              {
                "allocation_id": "",
                "ipv6_address": "",
                "outpost_id": "",
                "private_ipv4_address": "",
                "subnet_id": "subnet-0c3d174f72ed893fd"
              }
            ],
            "subnets": [
              "subnet-0b06db14ad75e4d0e",
              "subnet-0c3d174f72ed893fd"
            ],
            "tags": {
              "Name": "eu-west-1_public_alb"
            },
            "timeouts": null,
            "vpc_id": "vpc-02096e160a6eae82a",
            "zone_id": "Z35SXDOTRQ7X7K"
          },
          "sensitive_attributes": [],
          "private": "eyJlMmJmYjczMC1lY2FhLTExZTYtOGY4OC0zNDM2M2JjN2M0YzAiOnsiY3JlYXRlIjo2MDAwMDAwMDAwMDAsImRlbGV0ZSI6NjAwMDAwMDAwMDAwLCJ1cGRhdGUiOjYwMDAwMDAwMDAwMH19",
          "dependencies": [
            "module.networking.aws_security_group.private_security_group",
            "module.networking.aws_subnet.public_subnet",
            "module.s3-storage.aws_s3_bucket.alb_logs",
            "module.s3-storage.aws_s3_bucket_policy.access_logs"
          ]
        }
      ]
    },
    {
      "module": "module.networking[\"eu-west-1\"]",
      "mode": "managed",
      "type": "aws_nat_gateway",
      "name": "ngw",
      "provider": "provider[\"registry.terraform.io/hashicorp/aws\"].us-east-1",
      "instances": [
        {
          "index_key": "us-east-1a",
          "schema_version": 0,
          "attributes": {
            "allocation_id": "eipalloc-0efe8285cf0a6ef6a",
            "id": "nat-023e91e1955afef9d",
            "network_interface_id": "eni-068193744b325e4c5",
            "private_ip": "10.1.1.178",
            "public_ip": "34.225.115.190",
            "subnet_id": "subnet-0c3d174f72ed893fd",
            "tags": {
              "Name": "us-east-1a_ngw"
            }
          },
          "sensitive_attributes": [],
          "private": "bnVsbA==",
          "dependencies": [
            "module.networking.aws_eip.ngw",
            "module.networking.aws_internet_gateway.gw",
            "module.networking.aws_subnet.private_subnet",
            "module.networking.aws_subnet.public_subnet",
            "module.networking.aws_vpc.main"
          ]
        },
        {
          "index_key": "us-east-1b",
          "schema_version": 0,
          "attributes": {
            "allocation_id": "eipalloc-0a283f10275184151",
            "id": "nat-037aff178bea8d55e",
            "network_interface_id": "eni-0ad3429d70aa1a8c9",
            "private_ip": "10.1.2.191",
            "public_ip": "52.20.158.71",
            "subnet_id": "subnet-0b06db14ad75e4d0e",
            "tags": {
              "Name": "us-east-1b_ngw"
            }
          },
          "sensitive_attributes": [],
          "private": "bnVsbA==",
          "dependencies": [
            "module.networking.aws_eip.ngw",
            "module.networking.aws_internet_gateway.gw",
            "module.networking.aws_subnet.private_subnet",
            "module.networking.aws_subnet.public_subnet",
            "module.networking.aws_vpc.main"
          ]
        }
      ]
    },
    {
      "module": "module.networking[\"eu-west-1\"]",
      "mode": "managed",
      "type": "aws_network_acl",
      "name": "public_nacl",
      "provider": "provider[\"registry.terraform.io/hashicorp/aws\"].us-east-1",
      "instances": [
        {
          "schema_version": 0,
          "attributes": {
            "arn": "arn:aws:ec2:us-east-1:401901297044:network-acl/acl-07d49b3f5a5b9ac2c",
            "egress": [
              {
                "action": "allow",
                "cidr_block": "0.0.0.0/0",
                "from_port": 1024,
                "icmp_code": 0,
                "icmp_type": 0,
                "ipv6_cidr_block": "",
                "protocol": "6",
                "rule_no": 110,
                "to_port": 65535
              },
              {
                "action": "allow",
                "cidr_block": "0.0.0.0/0",
                "from_port": 443,
                "icmp_code": 0,
                "icmp_type": 0,
                "ipv6_cidr_block": "",
                "protocol": "6",
                "rule_no": 120,
                "to_port": 443
              },
              {
                "action": "allow",
                "cidr_block": "0.0.0.0/0",
                "from_port": 80,
                "icmp_code": 0,
                "icmp_type": 0,
                "ipv6_cidr_block": "",
                "protocol": "6",
                "rule_no": 100,
                "to_port": 80
              }
            ],
            "id": "acl-07d49b3f5a5b9ac2c",
            "ingress": [
              {
                "action": "allow",
                "cidr_block": "0.0.0.0/0",
                "from_port": 1024,
                "icmp_code": 0,
                "icmp_type": 0,
                "ipv6_cidr_block": "",
                "protocol": "6",
                "rule_no": 110,
                "to_port": 65535
              },
              {
                "action": "allow",
                "cidr_block": "0.0.0.0/0",
                "from_port": 443,
                "icmp_code": 0,
                "icmp_type": 0,
                "ipv6_cidr_block": "",
                "protocol": "6",
                "rule_no": 120,
                "to_port": 443
              },
              {
                "action": "allow",
                "cidr_block": "0.0.0.0/0",
                "from_port": 80,
                "icmp_code": 0,
                "icmp_type": 0,
                "ipv6_cidr_block": "",
                "protocol": "6",
                "rule_no": 100,
                "to_port": 80
              }
            ],
            "owner_id": "401901297044",
            "subnet_ids": [
              "subnet-0b06db14ad75e4d0e",
              "subnet-0c3d174f72ed893fd"
            ],
            "tags": {
              "Name": "eu-west-1_public_nacl"
            },
            "vpc_id": "vpc-02096e160a6eae82a"
          },
          "sensitive_attributes": [],
          "private": "bnVsbA==",
          "dependencies": [
            "module.networking.aws_subnet.public_subnet",
            "module.networking.aws_vpc.main"
          ]
        }
      ]
    },
    {
      "module": "module.networking[\"eu-west-1\"]",
      "mode": "managed",
      "type": "aws_route_table",
      "name": "private_rt",
      "provider": "provider[\"registry.terraform.io/hashicorp/aws\"].us-east-1",
      "instances": [
        {
          "index_key": "us-east-1a",
          "schema_version": 0,
          "attributes": {
            "id": "rtb-05bca2cfe3942b7e5",
            "owner_id": "401901297044",
            "propagating_vgws": [],
            "route": [
              {
                "cidr_block": "0.0.0.0/0",
                "egress_only_gateway_id": "",
                "gateway_id": "",
                "instance_id": "",
                "ipv6_cidr_block": "",
                "local_gateway_id": "",
                "nat_gateway_id": "nat-023e91e1955afef9d",
                "network_interface_id": "",
                "transit_gateway_id": "",
                "vpc_endpoint_id": "",
                "vpc_peering_connection_id": ""
              }
            ],
            "tags": {
              "Name": "us-east-1a_private_rt"
            },
            "vpc_id": "vpc-02096e160a6eae82a"
          },
          "sensitive_attributes": [],
          "private": "bnVsbA==",
          "dependencies": [
            "module.networking.aws_eip.ngw",
            "module.networking.aws_internet_gateway.gw",
            "module.networking.aws_nat_gateway.ngw",
            "module.networking.aws_subnet.private_subnet",
            "module.networking.aws_subnet.public_subnet",
            "module.networking.aws_vpc.main"
          ]
        },
        {
          "index_key": "us-east-1b",
          "schema_version": 0,
          "attributes": {
            "id": "rtb-007d11fd8756575d5",
            "owner_id": "401901297044",
            "propagating_vgws": [],
            "route": [
              {
                "cidr_block": "0.0.0.0/0",
                "egress_only_gateway_id": "",
                "gateway_id": "",
                "instance_id": "",
                "ipv6_cidr_block": "",
                "local_gateway_id": "",
                "nat_gateway_id": "nat-037aff178bea8d55e",
                "network_interface_id": "",
                "transit_gateway_id": "",
                "vpc_endpoint_id": "",
                "vpc_peering_connection_id": ""
              }
            ],
            "tags": {
              "Name": "us-east-1b_private_rt"
            },
            "vpc_id": "vpc-02096e160a6eae82a"
          },
          "sensitive_attributes": [],
          "private": "bnVsbA==",
          "dependencies": [
            "module.networking.aws_eip.ngw",
            "module.networking.aws_internet_gateway.gw",
            "module.networking.aws_nat_gateway.ngw",
            "module.networking.aws_subnet.private_subnet",
            "module.networking.aws_subnet.public_subnet",
            "module.networking.aws_vpc.main"
          ]
        }
      ]
    },
    {
      "module": "module.networking[\"eu-west-1\"]",
      "mode": "managed",
      "type": "aws_route_table",
      "name": "public_rt",
      "provider": "provider[\"registry.terraform.io/hashicorp/aws\"].us-east-1",
      "instances": [
        {
          "schema_version": 0,
          "attributes": {
            "id": "rtb-06d3bcd7ed1d1174e",
            "owner_id": "401901297044",
            "propagating_vgws": [],
            "route": [
              {
                "cidr_block": "0.0.0.0/0",
                "egress_only_gateway_id": "",
                "gateway_id": "igw-0ef541a8833ac0b16",
                "instance_id": "",
                "ipv6_cidr_block": "",
                "local_gateway_id": "",
                "nat_gateway_id": "",
                "network_interface_id": "",
                "transit_gateway_id": "",
                "vpc_endpoint_id": "",
                "vpc_peering_connection_id": ""
              },
              {
                "cidr_block": "10.0.0.0/16",
                "egress_only_gateway_id": "",
                "gateway_id": "",
                "instance_id": "",
                "ipv6_cidr_block": "",
                "local_gateway_id": "",
                "nat_gateway_id": "",
                "network_interface_id": "",
                "transit_gateway_id": "",
                "vpc_endpoint_id": "",
                "vpc_peering_connection_id": "pcx-09ab30a7b5c2794fc"
              }
            ],
            "tags": {
              "Name": "eu-west-1_public_rt"
            },
            "vpc_id": "vpc-02096e160a6eae82a"
          },
          "sensitive_attributes": [],
          "private": "bnVsbA==",
          "dependencies": [
            "module.networking.aws_internet_gateway.gw",
            "module.networking.aws_vpc.main",
            "module.vpc-peering.aws_vpc_peering_connection.peer"
          ]
        }
      ]
    },
    {
      "module": "module.networking[\"eu-west-1\"]",
      "mode": "managed",
      "type": "aws_route_table_association",
      "name": "private_assoc",
      "provider": "provider[\"registry.terraform.io/hashicorp/aws\"].us-east-1",
      "instances": [
        {
          "index_key": "us-east-1a",
          "schema_version": 0,
          "attributes": {
            "gateway_id": null,
            "id": "rtbassoc-0d9fe13800f97930f",
            "route_table_id": "rtb-05bca2cfe3942b7e5",
            "subnet_id": "subnet-055cc686d11186ad5"
          },
          "sensitive_attributes": [],
          "private": "bnVsbA==",
          "dependencies": [
            "module.networking.aws_eip.ngw",
            "module.networking.aws_internet_gateway.gw",
            "module.networking.aws_nat_gateway.ngw",
            "module.networking.aws_route_table.private_rt",
            "module.networking.aws_subnet.private_subnet",
            "module.networking.aws_subnet.public_subnet",
            "module.networking.aws_vpc.main"
          ]
        },
        {
          "index_key": "us-east-1b",
          "schema_version": 0,
          "attributes": {
            "gateway_id": null,
            "id": "rtbassoc-0cb2b8d9c2dd50312",
            "route_table_id": "rtb-007d11fd8756575d5",
            "subnet_id": "subnet-08660ff0f672b5382"
          },
          "sensitive_attributes": [],
          "private": "bnVsbA==",
          "dependencies": [
            "module.networking.aws_eip.ngw",
            "module.networking.aws_internet_gateway.gw",
            "module.networking.aws_nat_gateway.ngw",
            "module.networking.aws_route_table.private_rt",
            "module.networking.aws_subnet.private_subnet",
            "module.networking.aws_subnet.public_subnet",
            "module.networking.aws_vpc.main"
          ]
        }
      ]
    },
    {
      "module": "module.networking[\"eu-west-1\"]",
      "mode": "managed",
      "type": "aws_route_table_association",
      "name": "public_assoc",
      "provider": "provider[\"registry.terraform.io/hashicorp/aws\"].us-east-1",
      "instances": [
        {
          "index_key": "us-east-1a",
          "schema_version": 0,
          "attributes": {
            "gateway_id": null,
            "id": "rtbassoc-0d473952857c2096e",
            "route_table_id": "rtb-06d3bcd7ed1d1174e",
            "subnet_id": "subnet-0c3d174f72ed893fd"
          },
          "sensitive_attributes": [],
          "private": "bnVsbA==",
          "dependencies": [
            "module.networking.aws_internet_gateway.gw",
            "module.networking.aws_route_table.public_rt",
            "module.networking.aws_subnet.public_subnet",
            "module.networking.aws_vpc.main",
            "module.vpc-peering.aws_vpc_peering_connection.peer"
          ]
        },
        {
          "index_key": "us-east-1b",
          "schema_version": 0,
          "attributes": {
            "gateway_id": null,
            "id": "rtbassoc-0e198b8e731f90367",
            "route_table_id": "rtb-06d3bcd7ed1d1174e",
            "subnet_id": "subnet-0b06db14ad75e4d0e"
          },
          "sensitive_attributes": [],
          "private": "bnVsbA==",
          "dependencies": [
            "module.networking.aws_internet_gateway.gw",
            "module.networking.aws_route_table.public_rt",
            "module.networking.aws_subnet.public_subnet",
            "module.networking.aws_vpc.main",
            "module.vpc-peering.aws_vpc_peering_connection.peer"
          ]
        }
      ]
    },
    {
      "module": "module.networking[\"eu-west-1\"]",
      "mode": "managed",
      "type": "aws_security_group",
      "name": "private_security_group",
      "provider": "provider[\"registry.terraform.io/hashicorp/aws\"].us-east-1",
      "instances": [
        {
          "schema_version": 1,
          "attributes": {
            "arn": "arn:aws:ec2:us-east-1:401901297044:security-group/sg-0ea0b6eb1c9d7d6cb",
            "description": "Managed by Terraform",
            "egress": [
              {
                "cidr_blocks": [
                  "0.0.0.0/0"
                ],
                "description": "",
                "from_port": 0,
                "ipv6_cidr_blocks": [],
                "prefix_list_ids": [],
                "protocol": "-1",
                "security_groups": [],
                "self": false,
                "to_port": 0
              }
            ],
            "id": "sg-0ea0b6eb1c9d7d6cb",
            "ingress": [
              {
                "cidr_blocks": [
                  "0.0.0.0/0"
                ],
                "description": "",
                "from_port": 2049,
                "ipv6_cidr_blocks": [],
                "prefix_list_ids": [],
                "protocol": "tcp",
                "security_groups": [],
                "self": false,
                "to_port": 2049
              },
              {
                "cidr_blocks": [
                  "0.0.0.0/0"
                ],
                "description": "",
                "from_port": 443,
                "ipv6_cidr_blocks": [],
                "prefix_list_ids": [],
                "protocol": "tcp",
                "security_groups": [],
                "self": false,
                "to_port": 443
              },
              {
                "cidr_blocks": [
                  "0.0.0.0/0"
                ],
                "description": "",
                "from_port": 80,
                "ipv6_cidr_blocks": [],
                "prefix_list_ids": [],
                "protocol": "tcp",
                "security_groups": [],
                "self": false,
                "to_port": 80
              }
            ],
            "name": "terraform-20210301094212570800000001",
            "name_prefix": "terraform-",
            "owner_id": "401901297044",
            "revoke_rules_on_delete": false,
            "tags": {
              "Name": "eu-west-1_private_sg"
            },
            "timeouts": null,
            "vpc_id": "vpc-02096e160a6eae82a"
          },
          "sensitive_attributes": [],
          "private": "eyJlMmJmYjczMC1lY2FhLTExZTYtOGY4OC0zNDM2M2JjN2M0YzAiOnsiY3JlYXRlIjo2MDAwMDAwMDAwMDAsImRlbGV0ZSI6NjAwMDAwMDAwMDAwfSwic2NoZW1hX3ZlcnNpb24iOiIxIn0=",
          "dependencies": [
            "module.networking.aws_vpc.main"
          ]
        }
      ]
    },
    {
      "module": "module.networking[\"eu-west-1\"]",
      "mode": "managed",
      "type": "aws_subnet",
      "name": "private_subnet",
      "provider": "provider[\"registry.terraform.io/hashicorp/aws\"].us-east-1",
      "instances": [
        {
          "index_key": "us-east-1a",
          "schema_version": 1,
          "attributes": {
            "arn": "arn:aws:ec2:us-east-1:401901297044:subnet/subnet-055cc686d11186ad5",
            "assign_ipv6_address_on_creation": false,
            "availability_zone": "us-east-1a",
            "availability_zone_id": "use1-az4",
            "cidr_block": "10.1.3.0/24",
            "customer_owned_ipv4_pool": "",
            "id": "subnet-055cc686d11186ad5",
            "ipv6_cidr_block": "",
            "ipv6_cidr_block_association_id": "",
            "map_customer_owned_ip_on_launch": false,
            "map_public_ip_on_launch": false,
            "outpost_arn": "",
            "owner_id": "401901297044",
            "tags": {
              "Name": "us-east-1a_private_subnet"
            },
            "timeouts": null,
            "vpc_id": "vpc-02096e160a6eae82a"
          },
          "sensitive_attributes": [],
          "private": "eyJlMmJmYjczMC1lY2FhLTExZTYtOGY4OC0zNDM2M2JjN2M0YzAiOnsiY3JlYXRlIjo2MDAwMDAwMDAwMDAsImRlbGV0ZSI6MTIwMDAwMDAwMDAwMH0sInNjaGVtYV92ZXJzaW9uIjoiMSJ9",
          "dependencies": [
            "module.networking.aws_vpc.main"
          ]
        },
        {
          "index_key": "us-east-1b",
          "schema_version": 1,
          "attributes": {
            "arn": "arn:aws:ec2:us-east-1:401901297044:subnet/subnet-08660ff0f672b5382",
            "assign_ipv6_address_on_creation": false,
            "availability_zone": "us-east-1b",
            "availability_zone_id": "use1-az6",
            "cidr_block": "10.1.4.0/24",
            "customer_owned_ipv4_pool": "",
            "id": "subnet-08660ff0f672b5382",
            "ipv6_cidr_block": "",
            "ipv6_cidr_block_association_id": "",
            "map_customer_owned_ip_on_launch": false,
            "map_public_ip_on_launch": false,
            "outpost_arn": "",
            "owner_id": "401901297044",
            "tags": {
              "Name": "us-east-1b_private_subnet"
            },
            "timeouts": null,
            "vpc_id": "vpc-02096e160a6eae82a"
          },
          "sensitive_attributes": [],
          "private": "eyJlMmJmYjczMC1lY2FhLTExZTYtOGY4OC0zNDM2M2JjN2M0YzAiOnsiY3JlYXRlIjo2MDAwMDAwMDAwMDAsImRlbGV0ZSI6MTIwMDAwMDAwMDAwMH0sInNjaGVtYV92ZXJzaW9uIjoiMSJ9",
          "dependencies": [
            "module.networking.aws_vpc.main"
          ]
        }
      ]
    },
    {
      "module": "module.networking[\"eu-west-1\"]",
      "mode": "managed",
      "type": "aws_subnet",
      "name": "public_subnet",
      "provider": "provider[\"registry.terraform.io/hashicorp/aws\"].us-east-1",
      "instances": [
        {
          "index_key": "us-east-1a",
          "schema_version": 1,
          "attributes": {
            "arn": "arn:aws:ec2:us-east-1:401901297044:subnet/subnet-0c3d174f72ed893fd",
            "assign_ipv6_address_on_creation": false,
            "availability_zone": "us-east-1a",
            "availability_zone_id": "use1-az4",
            "cidr_block": "10.1.1.0/24",
            "customer_owned_ipv4_pool": "",
            "id": "subnet-0c3d174f72ed893fd",
            "ipv6_cidr_block": "",
            "ipv6_cidr_block_association_id": "",
            "map_customer_owned_ip_on_launch": false,
            "map_public_ip_on_launch": false,
            "outpost_arn": "",
            "owner_id": "401901297044",
            "tags": {
              "Name": "us-east-1a_public_subnet"
            },
            "timeouts": null,
            "vpc_id": "vpc-02096e160a6eae82a"
          },
          "sensitive_attributes": [],
          "private": "eyJlMmJmYjczMC1lY2FhLTExZTYtOGY4OC0zNDM2M2JjN2M0YzAiOnsiY3JlYXRlIjo2MDAwMDAwMDAwMDAsImRlbGV0ZSI6MTIwMDAwMDAwMDAwMH0sInNjaGVtYV92ZXJzaW9uIjoiMSJ9",
          "dependencies": [
            "module.networking.aws_vpc.main"
          ]
        },
        {
          "index_key": "us-east-1b",
          "schema_version": 1,
          "attributes": {
            "arn": "arn:aws:ec2:us-east-1:401901297044:subnet/subnet-0b06db14ad75e4d0e",
            "assign_ipv6_address_on_creation": false,
            "availability_zone": "us-east-1b",
            "availability_zone_id": "use1-az6",
            "cidr_block": "10.1.2.0/24",
            "customer_owned_ipv4_pool": "",
            "id": "subnet-0b06db14ad75e4d0e",
            "ipv6_cidr_block": "",
            "ipv6_cidr_block_association_id": "",
            "map_customer_owned_ip_on_launch": false,
            "map_public_ip_on_launch": false,
            "outpost_arn": "",
            "owner_id": "401901297044",
            "tags": {
              "Name": "us-east-1b_public_subnet"
            },
            "timeouts": null,
            "vpc_id": "vpc-02096e160a6eae82a"
          },
          "sensitive_attributes": [],
          "private": "eyJlMmJmYjczMC1lY2FhLTExZTYtOGY4OC0zNDM2M2JjN2M0YzAiOnsiY3JlYXRlIjo2MDAwMDAwMDAwMDAsImRlbGV0ZSI6MTIwMDAwMDAwMDAwMH0sInNjaGVtYV92ZXJzaW9uIjoiMSJ9",
          "dependencies": [
            "module.networking.aws_vpc.main"
          ]
        }
      ]
    },
    {
      "module": "module.networking[\"eu-west-1\"]",
      "mode": "managed",
      "type": "aws_vpc",
      "name": "main",
      "provider": "provider[\"registry.terraform.io/hashicorp/aws\"].us-east-1",
      "instances": [
        {
          "schema_version": 1,
          "attributes": {
            "arn": "arn:aws:ec2:us-east-1:401901297044:vpc/vpc-02096e160a6eae82a",
            "assign_generated_ipv6_cidr_block": false,
            "cidr_block": "10.1.0.0/16",
            "default_network_acl_id": "acl-0890b056258ad0ead",
            "default_route_table_id": "rtb-0ed3d5a13e11ebb6e",
            "default_security_group_id": "sg-0948608b2a3e8321a",
            "dhcp_options_id": "dopt-09a341471e359efea",
            "enable_classiclink": false,
            "enable_classiclink_dns_support": false,
            "enable_dns_hostnames": true,
            "enable_dns_support": true,
            "id": "vpc-02096e160a6eae82a",
            "instance_tenancy": "default",
            "ipv6_association_id": "",
            "ipv6_cidr_block": "",
            "main_route_table_id": "rtb-0ed3d5a13e11ebb6e",
            "owner_id": "401901297044",
            "tags": {
              "Name": "eu-west-1_vpc"
            }
          },
          "sensitive_attributes": [],
          "private": "eyJzY2hlbWFfdmVyc2lvbiI6IjEifQ=="
        }
      ]
    },
    {
      "module": "module.networking[\"us-east-1\"]",
      "mode": "managed",
      "type": "aws_efs_file_system",
      "name": "ecs_efs",
      "provider": "provider[\"registry.terraform.io/hashicorp/aws\"].us-east-1",
      "instances": [
        {
          "schema_version": 0,
          "attributes": {
            "arn": "arn:aws:elasticfilesystem:us-east-1:401901297044:file-system/fs-7fae8688",
            "creation_token": "us-east-1_nginx_hello_world",
            "dns_name": "fs-7fae8688.efs.us-east-1.amazonaws.com",
            "encrypted": false,
            "id": "fs-7fae8688",
            "kms_key_id": "",
            "lifecycle_policy": [],
            "performance_mode": "generalPurpose",
            "provisioned_throughput_in_mibps": 0,
            "tags": {
              "Name": "us-east-1_efs_nginx_hello_world"
            },
            "throughput_mode": "bursting"
          },
          "sensitive_attributes": [],
          "private": "bnVsbA=="
        }
      ]
    },
    {
      "module": "module.networking[\"us-east-1\"]",
      "mode": "managed",
      "type": "aws_efs_mount_target",
      "name": "private_subnets",
      "provider": "provider[\"registry.terraform.io/hashicorp/aws\"].us-east-1",
      "instances": [
        {
          "index_key": "us-east-1a",
          "schema_version": 0,
          "attributes": {
            "availability_zone_id": "use1-az4",
            "availability_zone_name": "us-east-1a",
            "dns_name": "fs-7fae8688.efs.us-east-1.amazonaws.com",
            "file_system_arn": "arn:aws:elasticfilesystem:us-east-1:401901297044:file-system/fs-7fae8688",
            "file_system_id": "fs-7fae8688",
            "id": "fsmt-ed4e1718",
            "ip_address": "10.0.3.142",
            "mount_target_dns_name": "us-east-1a.fs-7fae8688.efs.us-east-1.amazonaws.com",
            "network_interface_id": "eni-0f6a6f8b10df57b3d",
            "owner_id": "401901297044",
            "security_groups": [
              "sg-0eaed9e8621c3abac"
            ],
            "subnet_id": "subnet-0558db4f398ed9c77"
          },
          "sensitive_attributes": [],
          "private": "bnVsbA==",
          "dependencies": [
            "module.networking.aws_efs_file_system.ecs_efs",
            "module.networking.aws_security_group.private_security_group",
            "module.networking.aws_subnet.private_subnet"
          ]
        },
        {
          "index_key": "us-east-1b",
          "schema_version": 0,
          "attributes": {
            "availability_zone_id": "use1-az6",
            "availability_zone_name": "us-east-1b",
            "dns_name": "fs-7fae8688.efs.us-east-1.amazonaws.com",
            "file_system_arn": "arn:aws:elasticfilesystem:us-east-1:401901297044:file-system/fs-7fae8688",
            "file_system_id": "fs-7fae8688",
            "id": "fsmt-ec4e1719",
            "ip_address": "10.0.4.214",
            "mount_target_dns_name": "us-east-1b.fs-7fae8688.efs.us-east-1.amazonaws.com",
            "network_interface_id": "eni-0cb29a1e304b591bb",
            "owner_id": "401901297044",
            "security_groups": [
              "sg-0eaed9e8621c3abac"
            ],
            "subnet_id": "subnet-0f15d365bdd3a20a1"
          },
          "sensitive_attributes": [],
          "private": "bnVsbA==",
          "dependencies": [
            "module.networking.aws_efs_file_system.ecs_efs",
            "module.networking.aws_security_group.private_security_group",
            "module.networking.aws_subnet.private_subnet"
          ]
        }
      ]
    },
    {
      "module": "module.networking[\"us-east-1\"]",
      "mode": "managed",
      "type": "aws_eip",
      "name": "ngw",
      "provider": "provider[\"registry.terraform.io/hashicorp/aws\"].us-east-1",
      "instances": [
        {
          "index_key": "us-east-1a",
          "schema_version": 0,
          "attributes": {
            "allocation_id": null,
            "associate_with_private_ip": null,
            "association_id": "eipassoc-0eed597e3c0f7d1c0",
            "carrier_ip": "",
            "customer_owned_ip": "",
            "customer_owned_ipv4_pool": "",
            "domain": "vpc",
            "id": "eipalloc-0473e4ae32e3908b0",
            "instance": "",
            "network_border_group": "us-east-1",
            "network_interface": "eni-096ee8f51b666337f",
            "private_dns": "ip-10-0-1-209.ec2.internal",
            "private_ip": "10.0.1.209",
            "public_dns": "ec2-34-192-244-126.compute-1.amazonaws.com",
            "public_ip": "34.192.244.126",
            "public_ipv4_pool": "amazon",
            "tags": {},
            "timeouts": null,
            "vpc": true
          },
          "sensitive_attributes": [],
          "private": "eyJlMmJmYjczMC1lY2FhLTExZTYtOGY4OC0zNDM2M2JjN2M0YzAiOnsiZGVsZXRlIjoxODAwMDAwMDAwMDAsInJlYWQiOjkwMDAwMDAwMDAwMCwidXBkYXRlIjozMDAwMDAwMDAwMDB9fQ==",
          "dependencies": [
            "module.networking.aws_subnet.private_subnet",
            "module.networking.aws_vpc.main"
          ]
        },
        {
          "index_key": "us-east-1b",
          "schema_version": 0,
          "attributes": {
            "allocation_id": null,
            "associate_with_private_ip": null,
            "association_id": "eipassoc-07550211242e58f09",
            "carrier_ip": "",
            "customer_owned_ip": "",
            "customer_owned_ipv4_pool": "",
            "domain": "vpc",
            "id": "eipalloc-0ad53461f3293a14f",
            "instance": "",
            "network_border_group": "us-east-1",
            "network_interface": "eni-078c71c62567c31d8",
            "private_dns": "ip-10-0-2-40.ec2.internal",
            "private_ip": "10.0.2.40",
            "public_dns": "ec2-54-87-170-211.compute-1.amazonaws.com",
            "public_ip": "54.87.170.211",
            "public_ipv4_pool": "amazon",
            "tags": {},
            "timeouts": null,
            "vpc": true
          },
          "sensitive_attributes": [],
          "private": "eyJlMmJmYjczMC1lY2FhLTExZTYtOGY4OC0zNDM2M2JjN2M0YzAiOnsiZGVsZXRlIjoxODAwMDAwMDAwMDAsInJlYWQiOjkwMDAwMDAwMDAwMCwidXBkYXRlIjozMDAwMDAwMDAwMDB9fQ==",
          "dependencies": [
            "module.networking.aws_subnet.private_subnet",
            "module.networking.aws_vpc.main"
          ]
        }
      ]
    },
    {
      "module": "module.networking[\"us-east-1\"]",
      "mode": "managed",
      "type": "aws_internet_gateway",
      "name": "gw",
      "provider": "provider[\"registry.terraform.io/hashicorp/aws\"].us-east-1",
      "instances": [
        {
          "schema_version": 0,
          "attributes": {
            "arn": "arn:aws:ec2:us-east-1:401901297044:internet-gateway/igw-0cdb7d62b8b14970b",
            "id": "igw-0cdb7d62b8b14970b",
            "owner_id": "401901297044",
            "tags": {
              "Name": "us-east-1_gw"
            },
            "vpc_id": "vpc-00d8be1871b4d0a6c"
          },
          "sensitive_attributes": [],
          "private": "bnVsbA==",
          "dependencies": [
            "module.networking.aws_vpc.main"
          ]
        }
      ]
    },
    {
      "module": "module.networking[\"us-east-1\"]",
      "mode": "managed",
      "type": "aws_lb",
      "name": "public_alb",
      "provider": "provider[\"registry.terraform.io/hashicorp/aws\"].us-east-1",
      "instances": [
        {
          "schema_version": 0,
          "attributes": {
            "access_logs": [
              {
                "bucket": "nginx-hello-world-alb-logs-us-east-1",
                "enabled": true,
                "prefix": ""
              }
            ],
            "arn": "arn:aws:elasticloadbalancing:us-east-1:401901297044:loadbalancer/app/us-east-1-public-alb/82bf6727034c148b",
            "arn_suffix": "app/us-east-1-public-alb/82bf6727034c148b",
            "customer_owned_ipv4_pool": "",
            "dns_name": "us-east-1-public-alb-1876066610.us-east-1.elb.amazonaws.com",
            "drop_invalid_header_fields": false,
            "enable_cross_zone_load_balancing": null,
            "enable_deletion_protection": false,
            "enable_http2": true,
            "id": "arn:aws:elasticloadbalancing:us-east-1:401901297044:loadbalancer/app/us-east-1-public-alb/82bf6727034c148b",
            "idle_timeout": 60,
            "internal": false,
            "ip_address_type": "ipv4",
            "load_balancer_type": "application",
            "name": "us-east-1-public-alb",
            "name_prefix": null,
            "security_groups": [
              "sg-0eaed9e8621c3abac"
            ],
            "subnet_mapping": [
              {
                "allocation_id": "",
                "ipv6_address": "",
                "outpost_id": "",
                "private_ipv4_address": "",
                "subnet_id": "subnet-096d0e07940e2311c"
              },
              {
                "allocation_id": "",
                "ipv6_address": "",
                "outpost_id": "",
                "private_ipv4_address": "",
                "subnet_id": "subnet-0e9c10fad99d18bbe"
              }
            ],
            "subnets": [
              "subnet-096d0e07940e2311c",
              "subnet-0e9c10fad99d18bbe"
            ],
            "tags": {
              "Name": "us-east-1_public_alb"
            },
            "timeouts": null,
            "vpc_id": "vpc-00d8be1871b4d0a6c",
            "zone_id": "Z35SXDOTRQ7X7K"
          },
          "sensitive_attributes": [],
          "private": "eyJlMmJmYjczMC1lY2FhLTExZTYtOGY4OC0zNDM2M2JjN2M0YzAiOnsiY3JlYXRlIjo2MDAwMDAwMDAwMDAsImRlbGV0ZSI6NjAwMDAwMDAwMDAwLCJ1cGRhdGUiOjYwMDAwMDAwMDAwMH19",
          "dependencies": [
            "module.networking.aws_security_group.private_security_group",
            "module.networking.aws_subnet.public_subnet",
            "module.s3-storage.aws_s3_bucket.alb_logs",
            "module.s3-storage.aws_s3_bucket_policy.access_logs"
          ]
        }
      ]
    },
    {
      "module": "module.networking[\"us-east-1\"]",
      "mode": "managed",
      "type": "aws_nat_gateway",
      "name": "ngw",
      "provider": "provider[\"registry.terraform.io/hashicorp/aws\"].us-east-1",
      "instances": [
        {
          "index_key": "us-east-1a",
          "schema_version": 0,
          "attributes": {
            "allocation_id": "eipalloc-0473e4ae32e3908b0",
            "id": "nat-09fc0df26f9a9c8ad",
            "network_interface_id": "eni-096ee8f51b666337f",
            "private_ip": "10.0.1.209",
            "public_ip": "34.192.244.126",
            "subnet_id": "subnet-096d0e07940e2311c",
            "tags": {
              "Name": "us-east-1a_ngw"
            }
          },
          "sensitive_attributes": [],
          "private": "bnVsbA==",
          "dependencies": [
            "module.networking.aws_eip.ngw",
            "module.networking.aws_internet_gateway.gw",
            "module.networking.aws_subnet.private_subnet",
            "module.networking.aws_subnet.public_subnet",
            "module.networking.aws_vpc.main"
          ]
        },
        {
          "index_key": "us-east-1b",
          "schema_version": 0,
          "attributes": {
            "allocation_id": "eipalloc-0ad53461f3293a14f",
            "id": "nat-0bda6071b4d441176",
            "network_interface_id": "eni-078c71c62567c31d8",
            "private_ip": "10.0.2.40",
            "public_ip": "54.87.170.211",
            "subnet_id": "subnet-0e9c10fad99d18bbe",
            "tags": {
              "Name": "us-east-1b_ngw"
            }
          },
          "sensitive_attributes": [],
          "private": "bnVsbA==",
          "dependencies": [
            "module.networking.aws_eip.ngw",
            "module.networking.aws_internet_gateway.gw",
            "module.networking.aws_subnet.private_subnet",
            "module.networking.aws_subnet.public_subnet",
            "module.networking.aws_vpc.main"
          ]
        }
      ]
    },
    {
      "module": "module.networking[\"us-east-1\"]",
      "mode": "managed",
      "type": "aws_network_acl",
      "name": "public_nacl",
      "provider": "provider[\"registry.terraform.io/hashicorp/aws\"].us-east-1",
      "instances": [
        {
          "schema_version": 0,
          "attributes": {
            "arn": "arn:aws:ec2:us-east-1:401901297044:network-acl/acl-0b128489711d534a7",
            "egress": [
              {
                "action": "allow",
                "cidr_block": "0.0.0.0/0",
                "from_port": 1024,
                "icmp_code": 0,
                "icmp_type": 0,
                "ipv6_cidr_block": "",
                "protocol": "6",
                "rule_no": 110,
                "to_port": 65535
              },
              {
                "action": "allow",
                "cidr_block": "0.0.0.0/0",
                "from_port": 443,
                "icmp_code": 0,
                "icmp_type": 0,
                "ipv6_cidr_block": "",
                "protocol": "6",
                "rule_no": 120,
                "to_port": 443
              },
              {
                "action": "allow",
                "cidr_block": "0.0.0.0/0",
                "from_port": 80,
                "icmp_code": 0,
                "icmp_type": 0,
                "ipv6_cidr_block": "",
                "protocol": "6",
                "rule_no": 100,
                "to_port": 80
              }
            ],
            "id": "acl-0b128489711d534a7",
            "ingress": [
              {
                "action": "allow",
                "cidr_block": "0.0.0.0/0",
                "from_port": 1024,
                "icmp_code": 0,
                "icmp_type": 0,
                "ipv6_cidr_block": "",
                "protocol": "6",
                "rule_no": 110,
                "to_port": 65535
              },
              {
                "action": "allow",
                "cidr_block": "0.0.0.0/0",
                "from_port": 443,
                "icmp_code": 0,
                "icmp_type": 0,
                "ipv6_cidr_block": "",
                "protocol": "6",
                "rule_no": 120,
                "to_port": 443
              },
              {
                "action": "allow",
                "cidr_block": "0.0.0.0/0",
                "from_port": 80,
                "icmp_code": 0,
                "icmp_type": 0,
                "ipv6_cidr_block": "",
                "protocol": "6",
                "rule_no": 100,
                "to_port": 80
              }
            ],
            "owner_id": "401901297044",
            "subnet_ids": [
              "subnet-096d0e07940e2311c",
              "subnet-0e9c10fad99d18bbe"
            ],
            "tags": {
              "Name": "us-east-1_public_nacl"
            },
            "vpc_id": "vpc-00d8be1871b4d0a6c"
          },
          "sensitive_attributes": [],
          "private": "bnVsbA==",
          "dependencies": [
            "module.networking.aws_subnet.public_subnet",
            "module.networking.aws_vpc.main"
          ]
        }
      ]
    },
    {
      "module": "module.networking[\"us-east-1\"]",
      "mode": "managed",
      "type": "aws_route_table",
      "name": "private_rt",
      "provider": "provider[\"registry.terraform.io/hashicorp/aws\"].us-east-1",
      "instances": [
        {
          "index_key": "us-east-1a",
          "schema_version": 0,
          "attributes": {
            "id": "rtb-0ed00531044e37bdd",
            "owner_id": "401901297044",
            "propagating_vgws": [],
            "route": [
              {
                "cidr_block": "0.0.0.0/0",
                "egress_only_gateway_id": "",
                "gateway_id": "",
                "instance_id": "",
                "ipv6_cidr_block": "",
                "local_gateway_id": "",
                "nat_gateway_id": "nat-09fc0df26f9a9c8ad",
                "network_interface_id": "",
                "transit_gateway_id": "",
                "vpc_endpoint_id": "",
                "vpc_peering_connection_id": ""
              }
            ],
            "tags": {
              "Name": "us-east-1a_private_rt"
            },
            "vpc_id": "vpc-00d8be1871b4d0a6c"
          },
          "sensitive_attributes": [],
          "private": "bnVsbA==",
          "dependencies": [
            "module.networking.aws_eip.ngw",
            "module.networking.aws_internet_gateway.gw",
            "module.networking.aws_nat_gateway.ngw",
            "module.networking.aws_subnet.private_subnet",
            "module.networking.aws_subnet.public_subnet",
            "module.networking.aws_vpc.main"
          ]
        },
        {
          "index_key": "us-east-1b",
          "schema_version": 0,
          "attributes": {
            "id": "rtb-05b9352674654344e",
            "owner_id": "401901297044",
            "propagating_vgws": [],
            "route": [
              {
                "cidr_block": "0.0.0.0/0",
                "egress_only_gateway_id": "",
                "gateway_id": "",
                "instance_id": "",
                "ipv6_cidr_block": "",
                "local_gateway_id": "",
                "nat_gateway_id": "nat-0bda6071b4d441176",
                "network_interface_id": "",
                "transit_gateway_id": "",
                "vpc_endpoint_id": "",
                "vpc_peering_connection_id": ""
              }
            ],
            "tags": {
              "Name": "us-east-1b_private_rt"
            },
            "vpc_id": "vpc-00d8be1871b4d0a6c"
          },
          "sensitive_attributes": [],
          "private": "bnVsbA==",
          "dependencies": [
            "module.networking.aws_eip.ngw",
            "module.networking.aws_internet_gateway.gw",
            "module.networking.aws_nat_gateway.ngw",
            "module.networking.aws_subnet.private_subnet",
            "module.networking.aws_subnet.public_subnet",
            "module.networking.aws_vpc.main"
          ]
        }
      ]
    },
    {
      "module": "module.networking[\"us-east-1\"]",
      "mode": "managed",
      "type": "aws_route_table",
      "name": "public_rt",
      "provider": "provider[\"registry.terraform.io/hashicorp/aws\"].us-east-1",
      "instances": [
        {
          "schema_version": 0,
          "attributes": {
            "id": "rtb-0cdecaf827e936ecd",
            "owner_id": "401901297044",
            "propagating_vgws": [],
            "route": [
              {
                "cidr_block": "0.0.0.0/0",
                "egress_only_gateway_id": "",
                "gateway_id": "igw-0cdb7d62b8b14970b",
                "instance_id": "",
                "ipv6_cidr_block": "",
                "local_gateway_id": "",
                "nat_gateway_id": "",
                "network_interface_id": "",
                "transit_gateway_id": "",
                "vpc_endpoint_id": "",
                "vpc_peering_connection_id": ""
              },
              {
                "cidr_block": "10.1.0.0/16",
                "egress_only_gateway_id": "",
                "gateway_id": "",
                "instance_id": "",
                "ipv6_cidr_block": "",
                "local_gateway_id": "",
                "nat_gateway_id": "",
                "network_interface_id": "",
                "transit_gateway_id": "",
                "vpc_endpoint_id": "",
                "vpc_peering_connection_id": "pcx-09ab30a7b5c2794fc"
              }
            ],
            "tags": {
              "Name": "us-east-1_public_rt"
            },
            "vpc_id": "vpc-00d8be1871b4d0a6c"
          },
          "sensitive_attributes": [],
          "private": "bnVsbA==",
          "dependencies": [
            "module.networking.aws_internet_gateway.gw",
            "module.networking.aws_vpc.main",
            "module.vpc-peering.aws_vpc_peering_connection.peer"
          ]
        }
      ]
    },
    {
      "module": "module.networking[\"us-east-1\"]",
      "mode": "managed",
      "type": "aws_route_table_association",
      "name": "private_assoc",
      "provider": "provider[\"registry.terraform.io/hashicorp/aws\"].us-east-1",
      "instances": [
        {
          "index_key": "us-east-1a",
          "schema_version": 0,
          "attributes": {
            "gateway_id": null,
            "id": "rtbassoc-079a863e2dd65aab5",
            "route_table_id": "rtb-0ed00531044e37bdd",
            "subnet_id": "subnet-0558db4f398ed9c77"
          },
          "sensitive_attributes": [],
          "private": "bnVsbA==",
          "dependencies": [
            "module.networking.aws_eip.ngw",
            "module.networking.aws_internet_gateway.gw",
            "module.networking.aws_nat_gateway.ngw",
            "module.networking.aws_route_table.private_rt",
            "module.networking.aws_subnet.private_subnet",
            "module.networking.aws_subnet.public_subnet",
            "module.networking.aws_vpc.main"
          ]
        },
        {
          "index_key": "us-east-1b",
          "schema_version": 0,
          "attributes": {
            "gateway_id": null,
            "id": "rtbassoc-0a9e99e1cccefb457",
            "route_table_id": "rtb-05b9352674654344e",
            "subnet_id": "subnet-0f15d365bdd3a20a1"
          },
          "sensitive_attributes": [],
          "private": "bnVsbA==",
          "dependencies": [
            "module.networking.aws_eip.ngw",
            "module.networking.aws_internet_gateway.gw",
            "module.networking.aws_nat_gateway.ngw",
            "module.networking.aws_route_table.private_rt",
            "module.networking.aws_subnet.private_subnet",
            "module.networking.aws_subnet.public_subnet",
            "module.networking.aws_vpc.main"
          ]
        }
      ]
    },
    {
      "module": "module.networking[\"us-east-1\"]",
      "mode": "managed",
      "type": "aws_route_table_association",
      "name": "public_assoc",
      "provider": "provider[\"registry.terraform.io/hashicorp/aws\"].us-east-1",
      "instances": [
        {
          "index_key": "us-east-1a",
          "schema_version": 0,
          "attributes": {
            "gateway_id": null,
            "id": "rtbassoc-02852b5f4f6e7f25c",
            "route_table_id": "rtb-0cdecaf827e936ecd",
            "subnet_id": "subnet-096d0e07940e2311c"
          },
          "sensitive_attributes": [],
          "private": "bnVsbA==",
          "dependencies": [
            "module.networking.aws_internet_gateway.gw",
            "module.networking.aws_route_table.public_rt",
            "module.networking.aws_subnet.public_subnet",
            "module.networking.aws_vpc.main",
            "module.vpc-peering.aws_vpc_peering_connection.peer"
          ]
        },
        {
          "index_key": "us-east-1b",
          "schema_version": 0,
          "attributes": {
            "gateway_id": null,
            "id": "rtbassoc-03a2d0eac5485bd27",
            "route_table_id": "rtb-0cdecaf827e936ecd",
            "subnet_id": "subnet-0e9c10fad99d18bbe"
          },
          "sensitive_attributes": [],
          "private": "bnVsbA==",
          "dependencies": [
            "module.networking.aws_internet_gateway.gw",
            "module.networking.aws_route_table.public_rt",
            "module.networking.aws_subnet.public_subnet",
            "module.networking.aws_vpc.main",
            "module.vpc-peering.aws_vpc_peering_connection.peer"
          ]
        }
      ]
    },
    {
      "module": "module.networking[\"us-east-1\"]",
      "mode": "managed",
      "type": "aws_security_group",
      "name": "private_security_group",
      "provider": "provider[\"registry.terraform.io/hashicorp/aws\"].us-east-1",
      "instances": [
        {
          "schema_version": 1,
          "attributes": {
            "arn": "arn:aws:ec2:us-east-1:401901297044:security-group/sg-0eaed9e8621c3abac",
            "description": "Managed by Terraform",
            "egress": [
              {
                "cidr_blocks": [
                  "0.0.0.0/0"
                ],
                "description": "",
                "from_port": 0,
                "ipv6_cidr_blocks": [],
                "prefix_list_ids": [],
                "protocol": "-1",
                "security_groups": [],
                "self": false,
                "to_port": 0
              }
            ],
            "id": "sg-0eaed9e8621c3abac",
            "ingress": [
              {
                "cidr_blocks": [
                  "0.0.0.0/0"
                ],
                "description": "",
                "from_port": 2049,
                "ipv6_cidr_blocks": [],
                "prefix_list_ids": [],
                "protocol": "tcp",
                "security_groups": [],
                "self": false,
                "to_port": 2049
              },
              {
                "cidr_blocks": [
                  "0.0.0.0/0"
                ],
                "description": "",
                "from_port": 443,
                "ipv6_cidr_blocks": [],
                "prefix_list_ids": [],
                "protocol": "tcp",
                "security_groups": [],
                "self": false,
                "to_port": 443
              },
              {
                "cidr_blocks": [
                  "0.0.0.0/0"
                ],
                "description": "",
                "from_port": 80,
                "ipv6_cidr_blocks": [],
                "prefix_list_ids": [],
                "protocol": "tcp",
                "security_groups": [],
                "self": false,
                "to_port": 80
              }
            ],
            "name": "terraform-20210301094214715500000002",
            "name_prefix": "terraform-",
            "owner_id": "401901297044",
            "revoke_rules_on_delete": false,
            "tags": {
              "Name": "us-east-1_private_sg"
            },
            "timeouts": null,
            "vpc_id": "vpc-00d8be1871b4d0a6c"
          },
          "sensitive_attributes": [],
          "private": "eyJlMmJmYjczMC1lY2FhLTExZTYtOGY4OC0zNDM2M2JjN2M0YzAiOnsiY3JlYXRlIjo2MDAwMDAwMDAwMDAsImRlbGV0ZSI6NjAwMDAwMDAwMDAwfSwic2NoZW1hX3ZlcnNpb24iOiIxIn0=",
          "dependencies": [
            "module.networking.aws_vpc.main"
          ]
        }
      ]
    },
    {
      "module": "module.networking[\"us-east-1\"]",
      "mode": "managed",
      "type": "aws_subnet",
      "name": "private_subnet",
      "provider": "provider[\"registry.terraform.io/hashicorp/aws\"].us-east-1",
      "instances": [
        {
          "index_key": "us-east-1a",
          "schema_version": 1,
          "attributes": {
            "arn": "arn:aws:ec2:us-east-1:401901297044:subnet/subnet-0558db4f398ed9c77",
            "assign_ipv6_address_on_creation": false,
            "availability_zone": "us-east-1a",
            "availability_zone_id": "use1-az4",
            "cidr_block": "10.0.3.0/24",
            "customer_owned_ipv4_pool": "",
            "id": "subnet-0558db4f398ed9c77",
            "ipv6_cidr_block": "",
            "ipv6_cidr_block_association_id": "",
            "map_customer_owned_ip_on_launch": false,
            "map_public_ip_on_launch": false,
            "outpost_arn": "",
            "owner_id": "401901297044",
            "tags": {
              "Name": "us-east-1a_private_subnet"
            },
            "timeouts": null,
            "vpc_id": "vpc-00d8be1871b4d0a6c"
          },
          "sensitive_attributes": [],
          "private": "eyJlMmJmYjczMC1lY2FhLTExZTYtOGY4OC0zNDM2M2JjN2M0YzAiOnsiY3JlYXRlIjo2MDAwMDAwMDAwMDAsImRlbGV0ZSI6MTIwMDAwMDAwMDAwMH0sInNjaGVtYV92ZXJzaW9uIjoiMSJ9",
          "dependencies": [
            "module.networking.aws_vpc.main"
          ]
        },
        {
          "index_key": "us-east-1b",
          "schema_version": 1,
          "attributes": {
            "arn": "arn:aws:ec2:us-east-1:401901297044:subnet/subnet-0f15d365bdd3a20a1",
            "assign_ipv6_address_on_creation": false,
            "availability_zone": "us-east-1b",
            "availability_zone_id": "use1-az6",
            "cidr_block": "10.0.4.0/24",
            "customer_owned_ipv4_pool": "",
            "id": "subnet-0f15d365bdd3a20a1",
            "ipv6_cidr_block": "",
            "ipv6_cidr_block_association_id": "",
            "map_customer_owned_ip_on_launch": false,
            "map_public_ip_on_launch": false,
            "outpost_arn": "",
            "owner_id": "401901297044",
            "tags": {
              "Name": "us-east-1b_private_subnet"
            },
            "timeouts": null,
            "vpc_id": "vpc-00d8be1871b4d0a6c"
          },
          "sensitive_attributes": [],
          "private": "eyJlMmJmYjczMC1lY2FhLTExZTYtOGY4OC0zNDM2M2JjN2M0YzAiOnsiY3JlYXRlIjo2MDAwMDAwMDAwMDAsImRlbGV0ZSI6MTIwMDAwMDAwMDAwMH0sInNjaGVtYV92ZXJzaW9uIjoiMSJ9",
          "dependencies": [
            "module.networking.aws_vpc.main"
          ]
        }
      ]
    },
    {
      "module": "module.networking[\"us-east-1\"]",
      "mode": "managed",
      "type": "aws_subnet",
      "name": "public_subnet",
      "provider": "provider[\"registry.terraform.io/hashicorp/aws\"].us-east-1",
      "instances": [
        {
          "index_key": "us-east-1a",
          "schema_version": 1,
          "attributes": {
            "arn": "arn:aws:ec2:us-east-1:401901297044:subnet/subnet-096d0e07940e2311c",
            "assign_ipv6_address_on_creation": false,
            "availability_zone": "us-east-1a",
            "availability_zone_id": "use1-az4",
            "cidr_block": "10.0.1.0/24",
            "customer_owned_ipv4_pool": "",
            "id": "subnet-096d0e07940e2311c",
            "ipv6_cidr_block": "",
            "ipv6_cidr_block_association_id": "",
            "map_customer_owned_ip_on_launch": false,
            "map_public_ip_on_launch": false,
            "outpost_arn": "",
            "owner_id": "401901297044",
            "tags": {
              "Name": "us-east-1a_public_subnet"
            },
            "timeouts": null,
            "vpc_id": "vpc-00d8be1871b4d0a6c"
          },
          "sensitive_attributes": [],
          "private": "eyJlMmJmYjczMC1lY2FhLTExZTYtOGY4OC0zNDM2M2JjN2M0YzAiOnsiY3JlYXRlIjo2MDAwMDAwMDAwMDAsImRlbGV0ZSI6MTIwMDAwMDAwMDAwMH0sInNjaGVtYV92ZXJzaW9uIjoiMSJ9",
          "dependencies": [
            "module.networking.aws_vpc.main"
          ]
        },
        {
          "index_key": "us-east-1b",
          "schema_version": 1,
          "attributes": {
            "arn": "arn:aws:ec2:us-east-1:401901297044:subnet/subnet-0e9c10fad99d18bbe",
            "assign_ipv6_address_on_creation": false,
            "availability_zone": "us-east-1b",
            "availability_zone_id": "use1-az6",
            "cidr_block": "10.0.2.0/24",
            "customer_owned_ipv4_pool": "",
            "id": "subnet-0e9c10fad99d18bbe",
            "ipv6_cidr_block": "",
            "ipv6_cidr_block_association_id": "",
            "map_customer_owned_ip_on_launch": false,
            "map_public_ip_on_launch": false,
            "outpost_arn": "",
            "owner_id": "401901297044",
            "tags": {
              "Name": "us-east-1b_public_subnet"
            },
            "timeouts": null,
            "vpc_id": "vpc-00d8be1871b4d0a6c"
          },
          "sensitive_attributes": [],
          "private": "eyJlMmJmYjczMC1lY2FhLTExZTYtOGY4OC0zNDM2M2JjN2M0YzAiOnsiY3JlYXRlIjo2MDAwMDAwMDAwMDAsImRlbGV0ZSI6MTIwMDAwMDAwMDAwMH0sInNjaGVtYV92ZXJzaW9uIjoiMSJ9",
          "dependencies": [
            "module.networking.aws_vpc.main"
          ]
        }
      ]
    },
    {
      "module": "module.networking[\"us-east-1\"]",
      "mode": "managed",
      "type": "aws_vpc",
      "name": "main",
      "provider": "provider[\"registry.terraform.io/hashicorp/aws\"].us-east-1",
      "instances": [
        {
          "schema_version": 1,
          "attributes": {
            "arn": "arn:aws:ec2:us-east-1:401901297044:vpc/vpc-00d8be1871b4d0a6c",
            "assign_generated_ipv6_cidr_block": false,
            "cidr_block": "10.0.0.0/16",
            "default_network_acl_id": "acl-08d562ae5f795edcf",
            "default_route_table_id": "rtb-06114afa11aabc837",
            "default_security_group_id": "sg-05575b37ebe40f954",
            "dhcp_options_id": "dopt-09a341471e359efea",
            "enable_classiclink": false,
            "enable_classiclink_dns_support": false,
            "enable_dns_hostnames": true,
            "enable_dns_support": true,
            "id": "vpc-00d8be1871b4d0a6c",
            "instance_tenancy": "default",
            "ipv6_association_id": "",
            "ipv6_cidr_block": "",
            "main_route_table_id": "rtb-06114afa11aabc837",
            "owner_id": "401901297044",
            "tags": {
              "Name": "us-east-1_vpc"
            }
          },
          "sensitive_attributes": [],
          "private": "eyJzY2hlbWFfdmVyc2lvbiI6IjEifQ=="
        }
      ]
    },
    {
      "module": "module.s3-storage[\"eu-west-1\"]",
      "mode": "managed",
      "type": "aws_s3_bucket",
      "name": "alb_logs",
      "provider": "provider[\"registry.terraform.io/hashicorp/aws\"]",
      "instances": [
        {
          "schema_version": 0,
          "attributes": {
            "acceleration_status": "",
            "acl": "private",
            "arn": "arn:aws:s3:::nginx-hello-world-alb-logs-eu-west-1",
            "bucket": "nginx-hello-world-alb-logs-eu-west-1",
            "bucket_domain_name": "nginx-hello-world-alb-logs-eu-west-1.s3.amazonaws.com",
            "bucket_prefix": null,
            "bucket_regional_domain_name": "nginx-hello-world-alb-logs-eu-west-1.s3.amazonaws.com",
            "cors_rule": [],
            "force_destroy": true,
            "grant": [],
            "hosted_zone_id": "Z3AQBSTGFYJSTF",
            "id": "nginx-hello-world-alb-logs-eu-west-1",
            "lifecycle_rule": [],
            "logging": [],
            "object_lock_configuration": [],
            "policy": null,
            "region": "us-east-1",
            "replication_configuration": [],
            "request_payer": "BucketOwner",
            "server_side_encryption_configuration": [],
            "tags": {
              "Name": "eu-west-1-nginx-hello-world-alb-logs"
            },
            "versioning": [
              {
                "enabled": false,
                "mfa_delete": false
              }
            ],
            "website": [],
            "website_domain": null,
            "website_endpoint": null
          },
          "sensitive_attributes": [],
          "private": "bnVsbA=="
        }
      ]
    },
    {
      "module": "module.s3-storage[\"eu-west-1\"]",
      "mode": "managed",
      "type": "aws_s3_bucket_policy",
      "name": "access_logs",
      "provider": "provider[\"registry.terraform.io/hashicorp/aws\"]",
      "instances": [
        {
          "schema_version": 0,
          "attributes": {
            "bucket": "nginx-hello-world-alb-logs-eu-west-1",
            "id": "nginx-hello-world-alb-logs-eu-west-1",
            "policy": "{\"Statement\":[{\"Action\":\"s3:PutObject\",\"Effect\":\"Allow\",\"Principal\":{\"AWS\":\"arn:aws:iam::127311923021:root\"},\"Resource\":\"arn:aws:s3:::nginx-hello-world-alb-logs-eu-west-1/*\"},{\"Action\":\"s3:PutObject\",\"Condition\":{\"StringEquals\":{\"s3:x-amz-acl\":\"bucket-owner-full-control\"}},\"Effect\":\"Allow\",\"Principal\":{\"Service\":\"delivery.logs.amazonaws.com\"},\"Resource\":\"arn:aws:s3:::nginx-hello-world-alb-logs-eu-west-1/*\"},{\"Action\":\"s3:GetBucketAcl\",\"Effect\":\"Allow\",\"Principal\":{\"Service\":\"delivery.logs.amazonaws.com\"},\"Resource\":\"arn:aws:s3:::nginx-hello-world-alb-logs-eu-west-1\"}],\"Version\":\"2012-10-17\"}"
          },
          "sensitive_attributes": [],
          "private": "bnVsbA==",
          "dependencies": [
            "module.s3-storage.aws_s3_bucket.alb_logs"
          ]
        }
      ]
    },
    {
      "module": "module.s3-storage[\"us-east-1\"]",
      "mode": "managed",
      "type": "aws_s3_bucket",
      "name": "alb_logs",
      "provider": "provider[\"registry.terraform.io/hashicorp/aws\"]",
      "instances": [
        {
          "schema_version": 0,
          "attributes": {
            "acceleration_status": "",
            "acl": "private",
            "arn": "arn:aws:s3:::nginx-hello-world-alb-logs-us-east-1",
            "bucket": "nginx-hello-world-alb-logs-us-east-1",
            "bucket_domain_name": "nginx-hello-world-alb-logs-us-east-1.s3.amazonaws.com",
            "bucket_prefix": null,
            "bucket_regional_domain_name": "nginx-hello-world-alb-logs-us-east-1.s3.amazonaws.com",
            "cors_rule": [],
            "force_destroy": true,
            "grant": [],
            "hosted_zone_id": "Z3AQBSTGFYJSTF",
            "id": "nginx-hello-world-alb-logs-us-east-1",
            "lifecycle_rule": [],
            "logging": [],
            "object_lock_configuration": [],
            "policy": null,
            "region": "us-east-1",
            "replication_configuration": [],
            "request_payer": "BucketOwner",
            "server_side_encryption_configuration": [],
            "tags": {
              "Name": "us-east-1-nginx-hello-world-alb-logs"
            },
            "versioning": [
              {
                "enabled": false,
                "mfa_delete": false
              }
            ],
            "website": [],
            "website_domain": null,
            "website_endpoint": null
          },
          "sensitive_attributes": [],
          "private": "bnVsbA=="
        }
      ]
    },
    {
      "module": "module.s3-storage[\"us-east-1\"]",
      "mode": "managed",
      "type": "aws_s3_bucket_policy",
      "name": "access_logs",
      "provider": "provider[\"registry.terraform.io/hashicorp/aws\"]",
      "instances": [
        {
          "schema_version": 0,
          "attributes": {
            "bucket": "nginx-hello-world-alb-logs-us-east-1",
            "id": "nginx-hello-world-alb-logs-us-east-1",
            "policy": "{\"Statement\":[{\"Action\":\"s3:PutObject\",\"Effect\":\"Allow\",\"Principal\":{\"AWS\":\"arn:aws:iam::127311923021:root\"},\"Resource\":\"arn:aws:s3:::nginx-hello-world-alb-logs-us-east-1/*\"},{\"Action\":\"s3:PutObject\",\"Condition\":{\"StringEquals\":{\"s3:x-amz-acl\":\"bucket-owner-full-control\"}},\"Effect\":\"Allow\",\"Principal\":{\"Service\":\"delivery.logs.amazonaws.com\"},\"Resource\":\"arn:aws:s3:::nginx-hello-world-alb-logs-us-east-1/*\"},{\"Action\":\"s3:GetBucketAcl\",\"Effect\":\"Allow\",\"Principal\":{\"Service\":\"delivery.logs.amazonaws.com\"},\"Resource\":\"arn:aws:s3:::nginx-hello-world-alb-logs-us-east-1\"}],\"Version\":\"2012-10-17\"}"
          },
          "sensitive_attributes": [],
          "private": "bnVsbA==",
          "dependencies": [
            "module.s3-storage.aws_s3_bucket.alb_logs"
          ]
        }
      ]
    },
    {
      "module": "module.vpc-peering",
      "mode": "managed",
      "type": "aws_vpc_peering_connection",
      "name": "peer",
      "provider": "provider[\"registry.terraform.io/hashicorp/aws\"]",
      "instances": [
        {
          "schema_version": 0,
          "attributes": {
            "accept_status": "active",
            "accepter": [
              {
                "allow_classic_link_to_remote_vpc": false,
                "allow_remote_vpc_dns_resolution": false,
                "allow_vpc_to_remote_classic_link": false
              }
            ],
            "auto_accept": false,
            "id": "pcx-09ab30a7b5c2794fc",
            "peer_owner_id": "401901297044",
            "peer_region": "us-east-1",
            "peer_vpc_id": "vpc-00d8be1871b4d0a6c",
            "requester": [
              {
                "allow_classic_link_to_remote_vpc": false,
                "allow_remote_vpc_dns_resolution": false,
                "allow_vpc_to_remote_classic_link": false
              }
            ],
            "tags": {},
            "timeouts": null,
            "vpc_id": "vpc-02096e160a6eae82a"
          },
          "sensitive_attributes": [],
          "private": "eyJlMmJmYjczMC1lY2FhLTExZTYtOGY4OC0zNDM2M2JjN2M0YzAiOnsiY3JlYXRlIjo2MDAwMDAwMDAwMCwiZGVsZXRlIjo2MDAwMDAwMDAwMCwidXBkYXRlIjo2MDAwMDAwMDAwMH19",
          "dependencies": [
            "module.networking.aws_vpc.main"
          ]
        }
      ]
    },
    {
      "module": "module.vpc-peering",
      "mode": "managed",
      "type": "aws_vpc_peering_connection_accepter",
      "name": "peer",
      "provider": "provider[\"registry.terraform.io/hashicorp/aws\"]",
      "instances": [
        {
          "schema_version": 0,
          "attributes": {
            "accept_status": "active",
            "accepter": [
              {
                "allow_classic_link_to_remote_vpc": false,
                "allow_remote_vpc_dns_resolution": false,
                "allow_vpc_to_remote_classic_link": false
              }
            ],
            "auto_accept": true,
            "id": "pcx-09ab30a7b5c2794fc",
            "peer_owner_id": "401901297044",
            "peer_region": "us-east-1",
            "peer_vpc_id": "vpc-00d8be1871b4d0a6c",
            "requester": [
              {
                "allow_classic_link_to_remote_vpc": false,
                "allow_remote_vpc_dns_resolution": false,
                "allow_vpc_to_remote_classic_link": false
              }
            ],
            "tags": {},
            "vpc_id": "vpc-02096e160a6eae82a",
            "vpc_peering_connection_id": "pcx-09ab30a7b5c2794fc"
          },
          "sensitive_attributes": [],
          "private": "bnVsbA==",
          "dependencies": [
            "module.networking.aws_vpc.main",
            "module.vpc-peering.aws_vpc_peering_connection.peer"
          ]
        }
      ]
    }
  ]
}
