{
  "version": 4,
  "terraform_version": "0.14.5",
  "serial": 103,
  "lineage": "7a4bdf59-f321-fb1f-6f5c-77943b34f086",
  "outputs": {},
  "resources": [
    {
      "module": "module.autoscaling",
      "mode": "managed",
      "type": "aws_appautoscaling_policy",
      "name": "ecs_policy",
      "provider": "provider[\"registry.terraform.io/hashicorp/aws\"]",
      "instances": [
        {
          "schema_version": 0,
          "attributes": {
            "arn": "arn:aws:autoscaling:us-east-1:517432808191:scalingPolicy:3719523e-e57f-4e8a-9dc6-c105903ddcc6:resource/ecs/service/nginx_hello_world/nginx_hello_world:policyName/scaling",
            "id": "scaling",
            "name": "scaling",
            "policy_type": "TargetTrackingScaling",
            "resource_id": "service/nginx_hello_world/nginx_hello_world",
            "scalable_dimension": "ecs:service:DesiredCount",
            "service_namespace": "ecs",
            "step_scaling_policy_configuration": [],
            "target_tracking_scaling_policy_configuration": [
              {
                "customized_metric_specification": [],
                "disable_scale_in": false,
                "predefined_metric_specification": [
                  {
                    "predefined_metric_type": "ECSServiceAverageCPUUtilization",
                    "resource_label": ""
                  }
                ],
                "scale_in_cooldown": 120,
                "scale_out_cooldown": 120,
                "target_value": 70
              }
            ]
          },
          "sensitive_attributes": [],
          "private": "bnVsbA==",
          "dependencies": [
            "module.autoscaling.aws_appautoscaling_target.ecs_autoscaling"
          ]
        }
      ]
    },
    {
      "module": "module.autoscaling",
      "mode": "managed",
      "type": "aws_appautoscaling_target",
      "name": "ecs_autoscaling",
      "provider": "provider[\"registry.terraform.io/hashicorp/aws\"]",
      "instances": [
        {
          "schema_version": 0,
          "attributes": {
            "id": "service/nginx_hello_world/nginx_hello_world",
            "max_capacity": 4,
            "min_capacity": 2,
            "resource_id": "service/nginx_hello_world/nginx_hello_world",
            "role_arn": "arn:aws:iam::517432808191:role/aws-service-role/ecs.application-autoscaling.amazonaws.com/AWSServiceRoleForApplicationAutoScaling_ECSService",
            "scalable_dimension": "ecs:service:DesiredCount",
            "service_namespace": "ecs"
          },
          "sensitive_attributes": [],
          "private": "bnVsbA=="
        }
      ]
    },
    {
      "module": "module.ecs",
      "mode": "managed",
      "type": "aws_alb_listener",
      "name": "alb_listener",
      "provider": "provider[\"registry.terraform.io/hashicorp/aws\"]",
      "instances": []
    },
    {
      "module": "module.ecs",
      "mode": "managed",
      "type": "aws_ecs_cluster",
      "name": "ecs_cluster",
      "provider": "provider[\"registry.terraform.io/hashicorp/aws\"]",
      "instances": [
        {
          "schema_version": 0,
          "attributes": {
            "arn": "arn:aws:ecs:us-east-1:517432808191:cluster/nginx_hello_world",
            "capacity_providers": [],
            "default_capacity_provider_strategy": [],
            "id": "arn:aws:ecs:us-east-1:517432808191:cluster/nginx_hello_world",
            "name": "nginx_hello_world",
            "setting": [
              {
                "name": "containerInsights",
                "value": "disabled"
              }
            ],
            "tags": {
              "Name": "us-east_ecs_cluster"
            }
          },
          "sensitive_attributes": [],
          "private": "bnVsbA=="
        }
      ]
    },
    {
      "module": "module.ecs",
      "mode": "managed",
      "type": "aws_ecs_task_definition",
      "name": "hello_world_td",
      "provider": "provider[\"registry.terraform.io/hashicorp/aws\"]",
      "instances": [
        {
          "schema_version": 1,
          "attributes": {
            "arn": "arn:aws:ecs:us-east-1:517432808191:task-definition/nginx_hello_world:2",
            "container_definitions": "[{\"cpu\":0,\"environment\":[],\"essential\":true,\"image\":\"nginxdemos/hello\",\"mountPoints\":[],\"name\":\"nginx_hello_world\",\"portMappings\":[{\"containerPort\":80,\"hostPort\":80,\"protocol\":\"tcp\"}],\"readonlyRootFilesystem\":false,\"volumesFrom\":[]}]",
            "cpu": "256",
            "execution_role_arn": "",
            "family": "nginx_hello_world",
            "id": "nginx_hello_world",
            "inference_accelerator": [],
            "ipc_mode": "",
            "memory": "512",
            "network_mode": "awsvpc",
            "pid_mode": "",
            "placement_constraints": [],
            "proxy_configuration": [],
            "requires_compatibilities": [
              "FARGATE"
            ],
            "revision": 2,
            "tags": {},
            "task_role_arn": "",
            "volume": []
          },
          "sensitive_attributes": [],
          "private": "eyJzY2hlbWFfdmVyc2lvbiI6IjEifQ=="
        }
      ]
    },
    {
      "module": "module.ecs",
      "mode": "managed",
      "type": "aws_lb_target_group",
      "name": "alb_target_group",
      "provider": "provider[\"registry.terraform.io/hashicorp/aws\"]",
      "instances": [
        {
          "schema_version": 0,
          "attributes": {
            "arn": "arn:aws:elasticloadbalancing:us-east-1:517432808191:targetgroup/tf-20210211151955233400000001/f229f47e1e073e72",
            "arn_suffix": "targetgroup/tf-20210211151955233400000001/f229f47e1e073e72",
            "deregistration_delay": 300,
            "health_check": [
              {
                "enabled": true,
                "healthy_threshold": 5,
                "interval": 30,
                "matcher": "200",
                "path": "/",
                "port": "traffic-port",
                "protocol": "HTTP",
                "timeout": 5,
                "unhealthy_threshold": 2
              }
            ],
            "id": "arn:aws:elasticloadbalancing:us-east-1:517432808191:targetgroup/tf-20210211151955233400000001/f229f47e1e073e72",
            "lambda_multi_value_headers_enabled": false,
            "load_balancing_algorithm_type": "round_robin",
            "name": "tf-20210211151955233400000001",
            "name_prefix": null,
            "port": 80,
            "protocol": "HTTP",
            "protocol_version": "HTTP1",
            "proxy_protocol_v2": false,
            "slow_start": 0,
            "stickiness": [
              {
                "cookie_duration": 86400,
                "enabled": false,
                "type": "lb_cookie"
              }
            ],
            "tags": {
              "Name": "us-east_lb_tg"
            },
            "target_type": "ip",
            "vpc_id": "vpc-0a504b4aca213b9e3"
          },
          "sensitive_attributes": [],
          "private": "bnVsbA==",
          "dependencies": [
            "module.networking.aws_vpc.main"
          ]
        }
      ]
    },
    {
      "module": "module.flow-logs",
      "mode": "managed",
      "type": "aws_flow_log",
      "name": "flow_log",
      "provider": "provider[\"registry.terraform.io/hashicorp/aws\"]",
      "instances": []
    },
    {
      "module": "module.flow-logs",
      "mode": "managed",
      "type": "aws_iam_role",
      "name": "flow_iam_role",
      "provider": "provider[\"registry.terraform.io/hashicorp/aws\"]",
      "instances": [
        {
          "schema_version": 0,
          "attributes": {
            "arn": "arn:aws:iam::517432808191:role/flow_iam_role",
            "assume_role_policy": "{\"Version\":\"2012-10-17\",\"Statement\":[{\"Sid\":\"\",\"Effect\":\"Allow\",\"Principal\":{\"Service\":\"vpc-flow-logs.amazonaws.com\"},\"Action\":\"sts:AssumeRole\"}]}",
            "create_date": "2021-02-11T15:19:49Z",
            "description": "",
            "force_detach_policies": false,
            "id": "flow_iam_role",
            "max_session_duration": 3600,
            "name": "flow_iam_role",
            "name_prefix": null,
            "path": "/",
            "permissions_boundary": null,
            "tags": {},
            "unique_id": "AROAXQ6LGCL7YO4ESWP4M"
          },
          "sensitive_attributes": [],
          "private": "bnVsbA=="
        }
      ]
    },
    {
      "module": "module.flow-logs",
      "mode": "managed",
      "type": "aws_iam_role_policy",
      "name": "flow_iam_role_policy",
      "provider": "provider[\"registry.terraform.io/hashicorp/aws\"]",
      "instances": [
        {
          "schema_version": 0,
          "attributes": {
            "id": "flow_iam_role:flow_iam_role_policy",
            "name": "flow_iam_role_policy",
            "name_prefix": null,
            "policy": "{\n  \"Statement\": [\n    {\n      \"Action\": [\n        \"logs:CreateLogGroup\",\n        \"logs:CreateLogStream\",\n        \"logs:PutLogEvents\",\n        \"logs:DescribeLogGroups\",\n        \"logs:DescribeLogStreams\"\n      ],\n      \"Effect\": \"Allow\",\n      \"Resource\": \"*\"\n    }\n  ]\n}\n",
            "role": "flow_iam_role"
          },
          "sensitive_attributes": [],
          "private": "bnVsbA==",
          "dependencies": [
            "module.flow-logs.aws_iam_role.flow_iam_role"
          ]
        }
      ]
    },
    {
      "module": "module.networking",
      "mode": "data",
      "type": "aws_availability_zones",
      "name": "available",
      "provider": "provider[\"registry.terraform.io/hashicorp/aws\"]",
      "instances": [
        {
          "schema_version": 0,
          "attributes": {
            "all_availability_zones": null,
            "exclude_names": null,
            "exclude_zone_ids": null,
            "filter": null,
            "group_names": [
              "us-east-1"
            ],
            "id": "us-east-1",
            "names": [
              "us-east-1a",
              "us-east-1b",
              "us-east-1c",
              "us-east-1d",
              "us-east-1e",
              "us-east-1f"
            ],
            "state": null,
            "zone_ids": [
              "use1-az6",
              "use1-az1",
              "use1-az2",
              "use1-az4",
              "use1-az3",
              "use1-az5"
            ]
          },
          "sensitive_attributes": []
        }
      ]
    },
    {
      "module": "module.networking",
      "mode": "managed",
      "type": "aws_eip",
      "name": "ngw",
      "provider": "provider[\"registry.terraform.io/hashicorp/aws\"]",
      "instances": [
        {
          "index_key": 0,
          "schema_version": 0,
          "attributes": {
            "allocation_id": null,
            "associate_with_private_ip": null,
            "association_id": "eipassoc-016f8aa419c162e31",
            "carrier_ip": "",
            "customer_owned_ip": "",
            "customer_owned_ipv4_pool": "",
            "domain": "vpc",
            "id": "eipalloc-08a111475bbba7386",
            "instance": "",
            "network_border_group": "us-east-1",
            "network_interface": "eni-005a08229deb7cfc1",
            "private_dns": "ip-10-0-3-229.ec2.internal",
            "private_ip": "10.0.3.229",
            "public_dns": "ec2-3-217-144-102.compute-1.amazonaws.com",
            "public_ip": "3.217.144.102",
            "public_ipv4_pool": "amazon",
            "tags": {},
            "timeouts": null,
            "vpc": true
          },
          "sensitive_attributes": [],
          "private": "eyJlMmJmYjczMC1lY2FhLTExZTYtOGY4OC0zNDM2M2JjN2M0YzAiOnsiZGVsZXRlIjoxODAwMDAwMDAwMDAsInJlYWQiOjkwMDAwMDAwMDAwMCwidXBkYXRlIjozMDAwMDAwMDAwMDB9fQ==",
          "dependencies": [
            "module.networking.aws_subnet.private_subnet",
            "module.networking.aws_vpc.main",
            "module.networking.data.aws_availability_zones.available"
          ]
        },
        {
          "index_key": 1,
          "schema_version": 0,
          "attributes": {
            "allocation_id": null,
            "associate_with_private_ip": null,
            "association_id": "eipassoc-02178618d207ff72d",
            "carrier_ip": "",
            "customer_owned_ip": "",
            "customer_owned_ipv4_pool": "",
            "domain": "vpc",
            "id": "eipalloc-02bafed198a27b50b",
            "instance": "",
            "network_border_group": "us-east-1",
            "network_interface": "eni-06acf6de817aa6cab",
            "private_dns": "ip-10-0-4-118.ec2.internal",
            "private_ip": "10.0.4.118",
            "public_dns": "ec2-54-237-134-52.compute-1.amazonaws.com",
            "public_ip": "54.237.134.52",
            "public_ipv4_pool": "amazon",
            "tags": {},
            "timeouts": null,
            "vpc": true
          },
          "sensitive_attributes": [],
          "private": "eyJlMmJmYjczMC1lY2FhLTExZTYtOGY4OC0zNDM2M2JjN2M0YzAiOnsiZGVsZXRlIjoxODAwMDAwMDAwMDAsInJlYWQiOjkwMDAwMDAwMDAwMCwidXBkYXRlIjozMDAwMDAwMDAwMDB9fQ==",
          "dependencies": [
            "module.networking.aws_subnet.private_subnet",
            "module.networking.aws_vpc.main",
            "module.networking.data.aws_availability_zones.available"
          ]
        }
      ]
    },
    {
      "module": "module.networking",
      "mode": "managed",
      "type": "aws_internet_gateway",
      "name": "gw",
      "provider": "provider[\"registry.terraform.io/hashicorp/aws\"]",
      "instances": [
        {
          "schema_version": 0,
          "attributes": {
            "arn": "arn:aws:ec2:us-east-1:517432808191:internet-gateway/igw-063eb3b328edf0a11",
            "id": "igw-063eb3b328edf0a11",
            "owner_id": "517432808191",
            "tags": {
              "Name": "us-east_gw"
            },
            "vpc_id": "vpc-0a504b4aca213b9e3"
          },
          "sensitive_attributes": [],
          "private": "bnVsbA==",
          "dependencies": [
            "module.networking.aws_vpc.main"
          ]
        }
      ]
    },
    {
      "module": "module.networking",
      "mode": "managed",
      "type": "aws_lb",
      "name": "public_alb",
      "provider": "provider[\"registry.terraform.io/hashicorp/aws\"]",
      "instances": [
        {
          "status": "tainted",
          "schema_version": 0,
          "attributes": {
            "access_logs": [
              {
                "bucket": "nginx_alb_ingress_logs_",
                "enabled": true,
                "prefix": "us-east-public-alb-ingress"
              }
            ],
            "arn": null,
            "arn_suffix": null,
            "customer_owned_ipv4_pool": null,
            "dns_name": null,
            "drop_invalid_header_fields": false,
            "enable_cross_zone_load_balancing": null,
            "enable_deletion_protection": false,
            "enable_http2": true,
            "id": "arn:aws:elasticloadbalancing:us-east-1:517432808191:loadbalancer/app/us-east-public-alb/3fc5241db31b65ee",
            "idle_timeout": 60,
            "internal": false,
            "ip_address_type": null,
            "load_balancer_type": "application",
            "name": "us-east-public-alb",
            "name_prefix": null,
            "security_groups": [
              "sg-031aa0f83b2f6938c"
            ],
            "subnet_mapping": [],
            "subnets": [
              "subnet-00794f1dd3f737b49",
              "subnet-0473ee818766228c7"
            ],
            "tags": {
              "Name": "us-east_public_alb"
            },
            "timeouts": null,
            "vpc_id": null,
            "zone_id": null
          },
          "sensitive_attributes": [],
          "private": "eyJlMmJmYjczMC1lY2FhLTExZTYtOGY4OC0zNDM2M2JjN2M0YzAiOnsiY3JlYXRlIjo2MDAwMDAwMDAwMDAsImRlbGV0ZSI6NjAwMDAwMDAwMDAwLCJ1cGRhdGUiOjYwMDAwMDAwMDAwMH19",
          "dependencies": [
            "module.networking.aws_security_group.private_security_group",
            "module.networking.aws_subnet.private_subnet",
            "module.networking.aws_subnet.public_subnet"
          ]
        }
      ]
    },
    {
      "module": "module.networking",
      "mode": "managed",
      "type": "aws_nat_gateway",
      "name": "ngw",
      "provider": "provider[\"registry.terraform.io/hashicorp/aws\"]",
      "instances": [
        {
          "index_key": 0,
          "schema_version": 0,
          "attributes": {
            "allocation_id": "eipalloc-08a111475bbba7386",
            "id": "nat-0f31918a4958c853c",
            "network_interface_id": "eni-005a08229deb7cfc1",
            "private_ip": "10.0.3.229",
            "public_ip": "3.217.144.102",
            "subnet_id": "subnet-00794f1dd3f737b49",
            "tags": {
              "Name": "us-east_ngw_1"
            }
          },
          "sensitive_attributes": [],
          "private": "bnVsbA==",
          "dependencies": [
            "module.networking.aws_eip.ngw",
            "module.networking.aws_internet_gateway.gw",
            "module.networking.aws_subnet.private_subnet",
            "module.networking.aws_subnet.public_subnet",
            "module.networking.aws_vpc.main",
            "module.networking.data.aws_availability_zones.available"
          ]
        },
        {
          "index_key": 1,
          "schema_version": 0,
          "attributes": {
            "allocation_id": "eipalloc-02bafed198a27b50b",
            "id": "nat-081944aa3ab84216a",
            "network_interface_id": "eni-06acf6de817aa6cab",
            "private_ip": "10.0.4.118",
            "public_ip": "54.237.134.52",
            "subnet_id": "subnet-0473ee818766228c7",
            "tags": {
              "Name": "us-east_ngw_2"
            }
          },
          "sensitive_attributes": [],
          "private": "bnVsbA==",
          "dependencies": [
            "module.networking.aws_eip.ngw",
            "module.networking.aws_internet_gateway.gw",
            "module.networking.aws_subnet.private_subnet",
            "module.networking.aws_subnet.public_subnet",
            "module.networking.aws_vpc.main",
            "module.networking.data.aws_availability_zones.available"
          ]
        }
      ]
    },
    {
      "module": "module.networking",
      "mode": "managed",
      "type": "aws_network_acl",
      "name": "public_nacl",
      "provider": "provider[\"registry.terraform.io/hashicorp/aws\"]",
      "instances": [
        {
          "schema_version": 0,
          "attributes": {
            "arn": "arn:aws:ec2:us-east-1:517432808191:network-acl/acl-0545a0bbf1e4346cc",
            "egress": [
              {
                "action": "allow",
                "cidr_block": "0.0.0.0/0",
                "from_port": 1024,
                "icmp_code": 0,
                "icmp_type": 0,
                "ipv6_cidr_block": "",
                "protocol": "6",
                "rule_no": 110,
                "to_port": 65535
              },
              {
                "action": "allow",
                "cidr_block": "0.0.0.0/0",
                "from_port": 443,
                "icmp_code": 0,
                "icmp_type": 0,
                "ipv6_cidr_block": "",
                "protocol": "6",
                "rule_no": 120,
                "to_port": 443
              },
              {
                "action": "allow",
                "cidr_block": "0.0.0.0/0",
                "from_port": 80,
                "icmp_code": 0,
                "icmp_type": 0,
                "ipv6_cidr_block": "",
                "protocol": "6",
                "rule_no": 100,
                "to_port": 80
              }
            ],
            "id": "acl-0545a0bbf1e4346cc",
            "ingress": [
              {
                "action": "allow",
                "cidr_block": "0.0.0.0/0",
                "from_port": 1024,
                "icmp_code": 0,
                "icmp_type": 0,
                "ipv6_cidr_block": "",
                "protocol": "6",
                "rule_no": 110,
                "to_port": 65535
              },
              {
                "action": "allow",
                "cidr_block": "0.0.0.0/0",
                "from_port": 443,
                "icmp_code": 0,
                "icmp_type": 0,
                "ipv6_cidr_block": "",
                "protocol": "6",
                "rule_no": 120,
                "to_port": 443
              },
              {
                "action": "allow",
                "cidr_block": "0.0.0.0/0",
                "from_port": 80,
                "icmp_code": 0,
                "icmp_type": 0,
                "ipv6_cidr_block": "",
                "protocol": "6",
                "rule_no": 100,
                "to_port": 80
              }
            ],
            "owner_id": "517432808191",
            "subnet_ids": [
              "subnet-00794f1dd3f737b49",
              "subnet-00fb9d2f0e80935bf",
              "subnet-0473ee818766228c7",
              "subnet-08bff93178e9db787"
            ],
            "tags": {
              "Name": "us-east_public_nacl"
            },
            "vpc_id": "vpc-0a504b4aca213b9e3"
          },
          "sensitive_attributes": [],
          "private": "bnVsbA==",
          "dependencies": [
            "module.networking.aws_subnet.private_subnet",
            "module.networking.aws_subnet.public_subnet",
            "module.networking.aws_vpc.main",
            "module.networking.data.aws_availability_zones.available"
          ]
        }
      ]
    },
    {
      "module": "module.networking",
      "mode": "managed",
      "type": "aws_route_table",
      "name": "private_rt",
      "provider": "provider[\"registry.terraform.io/hashicorp/aws\"]",
      "instances": [
        {
          "index_key": 0,
          "schema_version": 0,
          "attributes": {
            "id": "rtb-01b3db892c82900e9",
            "owner_id": "517432808191",
            "propagating_vgws": [],
            "route": [
              {
                "cidr_block": "0.0.0.0/0",
                "egress_only_gateway_id": "",
                "gateway_id": "",
                "instance_id": "",
                "ipv6_cidr_block": "",
                "local_gateway_id": "",
                "nat_gateway_id": "nat-0f31918a4958c853c",
                "network_interface_id": "",
                "transit_gateway_id": "",
                "vpc_endpoint_id": "",
                "vpc_peering_connection_id": ""
              }
            ],
            "tags": {
              "Name": "us-east_private_rt_1"
            },
            "vpc_id": "vpc-0a504b4aca213b9e3"
          },
          "sensitive_attributes": [],
          "private": "bnVsbA==",
          "dependencies": [
            "module.networking.aws_eip.ngw",
            "module.networking.aws_internet_gateway.gw",
            "module.networking.aws_nat_gateway.ngw",
            "module.networking.aws_subnet.private_subnet",
            "module.networking.aws_subnet.public_subnet",
            "module.networking.aws_vpc.main",
            "module.networking.data.aws_availability_zones.available"
          ]
        },
        {
          "index_key": 1,
          "schema_version": 0,
          "attributes": {
            "id": "rtb-05d2e22016b822dd3",
            "owner_id": "517432808191",
            "propagating_vgws": [],
            "route": [
              {
                "cidr_block": "0.0.0.0/0",
                "egress_only_gateway_id": "",
                "gateway_id": "",
                "instance_id": "",
                "ipv6_cidr_block": "",
                "local_gateway_id": "",
                "nat_gateway_id": "nat-081944aa3ab84216a",
                "network_interface_id": "",
                "transit_gateway_id": "",
                "vpc_endpoint_id": "",
                "vpc_peering_connection_id": ""
              }
            ],
            "tags": {
              "Name": "us-east_private_rt_2"
            },
            "vpc_id": "vpc-0a504b4aca213b9e3"
          },
          "sensitive_attributes": [],
          "private": "bnVsbA==",
          "dependencies": [
            "module.networking.aws_eip.ngw",
            "module.networking.aws_internet_gateway.gw",
            "module.networking.aws_nat_gateway.ngw",
            "module.networking.aws_subnet.private_subnet",
            "module.networking.aws_subnet.public_subnet",
            "module.networking.aws_vpc.main",
            "module.networking.data.aws_availability_zones.available"
          ]
        }
      ]
    },
    {
      "module": "module.networking",
      "mode": "managed",
      "type": "aws_route_table",
      "name": "public_rt",
      "provider": "provider[\"registry.terraform.io/hashicorp/aws\"]",
      "instances": [
        {
          "schema_version": 0,
          "attributes": {
            "id": "rtb-04af7388356180bff",
            "owner_id": "517432808191",
            "propagating_vgws": [],
            "route": [
              {
                "cidr_block": "0.0.0.0/0",
                "egress_only_gateway_id": "",
                "gateway_id": "igw-063eb3b328edf0a11",
                "instance_id": "",
                "ipv6_cidr_block": "",
                "local_gateway_id": "",
                "nat_gateway_id": "",
                "network_interface_id": "",
                "transit_gateway_id": "",
                "vpc_endpoint_id": "",
                "vpc_peering_connection_id": ""
              }
            ],
            "tags": {
              "Name": "us-east_public_rt"
            },
            "vpc_id": "vpc-0a504b4aca213b9e3"
          },
          "sensitive_attributes": [],
          "private": "bnVsbA==",
          "dependencies": [
            "module.networking.aws_internet_gateway.gw",
            "module.networking.aws_vpc.main"
          ]
        }
      ]
    },
    {
      "module": "module.networking",
      "mode": "managed",
      "type": "aws_route_table_association",
      "name": "private_assoc",
      "provider": "provider[\"registry.terraform.io/hashicorp/aws\"]",
      "instances": [
        {
          "index_key": 0,
          "schema_version": 0,
          "attributes": {
            "gateway_id": null,
            "id": "rtbassoc-048aa6be3bdd36747",
            "route_table_id": "rtb-01b3db892c82900e9",
            "subnet_id": "subnet-08bff93178e9db787"
          },
          "sensitive_attributes": [],
          "private": "bnVsbA==",
          "dependencies": [
            "module.networking.aws_eip.ngw",
            "module.networking.aws_internet_gateway.gw",
            "module.networking.aws_nat_gateway.ngw",
            "module.networking.aws_route_table.private_rt",
            "module.networking.aws_subnet.private_subnet",
            "module.networking.aws_subnet.public_subnet",
            "module.networking.aws_vpc.main",
            "module.networking.data.aws_availability_zones.available"
          ]
        },
        {
          "index_key": 1,
          "schema_version": 0,
          "attributes": {
            "gateway_id": null,
            "id": "rtbassoc-03c3edd65a8ee87c8",
            "route_table_id": "rtb-05d2e22016b822dd3",
            "subnet_id": "subnet-00fb9d2f0e80935bf"
          },
          "sensitive_attributes": [],
          "private": "bnVsbA==",
          "dependencies": [
            "module.networking.aws_eip.ngw",
            "module.networking.aws_internet_gateway.gw",
            "module.networking.aws_nat_gateway.ngw",
            "module.networking.aws_route_table.private_rt",
            "module.networking.aws_subnet.private_subnet",
            "module.networking.aws_subnet.public_subnet",
            "module.networking.aws_vpc.main",
            "module.networking.data.aws_availability_zones.available"
          ]
        }
      ]
    },
    {
      "module": "module.networking",
      "mode": "managed",
      "type": "aws_route_table_association",
      "name": "public_assoc",
      "provider": "provider[\"registry.terraform.io/hashicorp/aws\"]",
      "instances": [
        {
          "index_key": 0,
          "schema_version": 0,
          "attributes": {
            "gateway_id": null,
            "id": "rtbassoc-0b0666d498e93c115",
            "route_table_id": "rtb-04af7388356180bff",
            "subnet_id": "subnet-00794f1dd3f737b49"
          },
          "sensitive_attributes": [],
          "private": "bnVsbA==",
          "dependencies": [
            "module.networking.aws_internet_gateway.gw",
            "module.networking.aws_route_table.public_rt",
            "module.networking.aws_subnet.private_subnet",
            "module.networking.aws_subnet.public_subnet",
            "module.networking.aws_vpc.main",
            "module.networking.data.aws_availability_zones.available"
          ]
        },
        {
          "index_key": 1,
          "schema_version": 0,
          "attributes": {
            "gateway_id": null,
            "id": "rtbassoc-0500837665978bac0",
            "route_table_id": "rtb-04af7388356180bff",
            "subnet_id": "subnet-0473ee818766228c7"
          },
          "sensitive_attributes": [],
          "private": "bnVsbA==",
          "dependencies": [
            "module.networking.aws_internet_gateway.gw",
            "module.networking.aws_route_table.public_rt",
            "module.networking.aws_subnet.private_subnet",
            "module.networking.aws_subnet.public_subnet",
            "module.networking.aws_vpc.main",
            "module.networking.data.aws_availability_zones.available"
          ]
        }
      ]
    },
    {
      "module": "module.networking",
      "mode": "managed",
      "type": "aws_security_group",
      "name": "private_security_group",
      "provider": "provider[\"registry.terraform.io/hashicorp/aws\"]",
      "instances": [
        {
          "schema_version": 1,
          "attributes": {
            "arn": "arn:aws:ec2:us-east-1:517432808191:security-group/sg-031aa0f83b2f6938c",
            "description": "Managed by Terraform",
            "egress": [
              {
                "cidr_blocks": [
                  "0.0.0.0/0"
                ],
                "description": "",
                "from_port": 0,
                "ipv6_cidr_blocks": [],
                "prefix_list_ids": [],
                "protocol": "-1",
                "security_groups": [],
                "self": false,
                "to_port": 0
              }
            ],
            "id": "sg-031aa0f83b2f6938c",
            "ingress": [
              {
                "cidr_blocks": [
                  "0.0.0.0/0"
                ],
                "description": "",
                "from_port": 80,
                "ipv6_cidr_blocks": [],
                "prefix_list_ids": [],
                "protocol": "tcp",
                "security_groups": [],
                "self": false,
                "to_port": 80
              }
            ],
            "name": "terraform-20210211151955234200000002",
            "name_prefix": "terraform-",
            "owner_id": "517432808191",
            "revoke_rules_on_delete": false,
            "tags": {
              "Name": "us-east_private_sg"
            },
            "timeouts": null,
            "vpc_id": "vpc-0a504b4aca213b9e3"
          },
          "sensitive_attributes": [],
          "private": "eyJlMmJmYjczMC1lY2FhLTExZTYtOGY4OC0zNDM2M2JjN2M0YzAiOnsiY3JlYXRlIjo2MDAwMDAwMDAwMDAsImRlbGV0ZSI6NjAwMDAwMDAwMDAwfSwic2NoZW1hX3ZlcnNpb24iOiIxIn0=",
          "dependencies": [
            "module.networking.aws_vpc.main"
          ]
        }
      ]
    },
    {
      "module": "module.networking",
      "mode": "managed",
      "type": "aws_subnet",
      "name": "private_subnet",
      "provider": "provider[\"registry.terraform.io/hashicorp/aws\"]",
      "instances": [
        {
          "index_key": 0,
          "schema_version": 1,
          "attributes": {
            "arn": "arn:aws:ec2:us-east-1:517432808191:subnet/subnet-08bff93178e9db787",
            "assign_ipv6_address_on_creation": false,
            "availability_zone": "us-east-1a",
            "availability_zone_id": "use1-az6",
            "cidr_block": "10.0.1.0/24",
            "customer_owned_ipv4_pool": "",
            "id": "subnet-08bff93178e9db787",
            "ipv6_cidr_block": "",
            "ipv6_cidr_block_association_id": "",
            "map_customer_owned_ip_on_launch": false,
            "map_public_ip_on_launch": false,
            "outpost_arn": "",
            "owner_id": "517432808191",
            "tags": {
              "Name": "us-east_private_subnet_1"
            },
            "timeouts": null,
            "vpc_id": "vpc-0a504b4aca213b9e3"
          },
          "sensitive_attributes": [],
          "private": "eyJlMmJmYjczMC1lY2FhLTExZTYtOGY4OC0zNDM2M2JjN2M0YzAiOnsiY3JlYXRlIjo2MDAwMDAwMDAwMDAsImRlbGV0ZSI6MTIwMDAwMDAwMDAwMH0sInNjaGVtYV92ZXJzaW9uIjoiMSJ9",
          "dependencies": [
            "module.networking.aws_vpc.main",
            "module.networking.data.aws_availability_zones.available"
          ]
        },
        {
          "index_key": 1,
          "schema_version": 1,
          "attributes": {
            "arn": "arn:aws:ec2:us-east-1:517432808191:subnet/subnet-00fb9d2f0e80935bf",
            "assign_ipv6_address_on_creation": false,
            "availability_zone": "us-east-1b",
            "availability_zone_id": "use1-az1",
            "cidr_block": "10.0.2.0/24",
            "customer_owned_ipv4_pool": "",
            "id": "subnet-00fb9d2f0e80935bf",
            "ipv6_cidr_block": "",
            "ipv6_cidr_block_association_id": "",
            "map_customer_owned_ip_on_launch": false,
            "map_public_ip_on_launch": false,
            "outpost_arn": "",
            "owner_id": "517432808191",
            "tags": {
              "Name": "us-east_private_subnet_2"
            },
            "timeouts": null,
            "vpc_id": "vpc-0a504b4aca213b9e3"
          },
          "sensitive_attributes": [],
          "private": "eyJlMmJmYjczMC1lY2FhLTExZTYtOGY4OC0zNDM2M2JjN2M0YzAiOnsiY3JlYXRlIjo2MDAwMDAwMDAwMDAsImRlbGV0ZSI6MTIwMDAwMDAwMDAwMH0sInNjaGVtYV92ZXJzaW9uIjoiMSJ9",
          "dependencies": [
            "module.networking.aws_vpc.main",
            "module.networking.data.aws_availability_zones.available"
          ]
        }
      ]
    },
    {
      "module": "module.networking",
      "mode": "managed",
      "type": "aws_subnet",
      "name": "public_subnet",
      "provider": "provider[\"registry.terraform.io/hashicorp/aws\"]",
      "instances": [
        {
          "index_key": 0,
          "schema_version": 1,
          "attributes": {
            "arn": "arn:aws:ec2:us-east-1:517432808191:subnet/subnet-00794f1dd3f737b49",
            "assign_ipv6_address_on_creation": false,
            "availability_zone": "us-east-1a",
            "availability_zone_id": "use1-az6",
            "cidr_block": "10.0.3.0/24",
            "customer_owned_ipv4_pool": "",
            "id": "subnet-00794f1dd3f737b49",
            "ipv6_cidr_block": "",
            "ipv6_cidr_block_association_id": "",
            "map_customer_owned_ip_on_launch": false,
            "map_public_ip_on_launch": false,
            "outpost_arn": "",
            "owner_id": "517432808191",
            "tags": {
              "Name": "us-east_public_subnet_1"
            },
            "timeouts": null,
            "vpc_id": "vpc-0a504b4aca213b9e3"
          },
          "sensitive_attributes": [],
          "private": "eyJlMmJmYjczMC1lY2FhLTExZTYtOGY4OC0zNDM2M2JjN2M0YzAiOnsiY3JlYXRlIjo2MDAwMDAwMDAwMDAsImRlbGV0ZSI6MTIwMDAwMDAwMDAwMH0sInNjaGVtYV92ZXJzaW9uIjoiMSJ9",
          "dependencies": [
            "module.networking.aws_subnet.private_subnet",
            "module.networking.aws_vpc.main",
            "module.networking.data.aws_availability_zones.available"
          ]
        },
        {
          "index_key": 1,
          "schema_version": 1,
          "attributes": {
            "arn": "arn:aws:ec2:us-east-1:517432808191:subnet/subnet-0473ee818766228c7",
            "assign_ipv6_address_on_creation": false,
            "availability_zone": "us-east-1b",
            "availability_zone_id": "use1-az1",
            "cidr_block": "10.0.4.0/24",
            "customer_owned_ipv4_pool": "",
            "id": "subnet-0473ee818766228c7",
            "ipv6_cidr_block": "",
            "ipv6_cidr_block_association_id": "",
            "map_customer_owned_ip_on_launch": false,
            "map_public_ip_on_launch": false,
            "outpost_arn": "",
            "owner_id": "517432808191",
            "tags": {
              "Name": "us-east_public_subnet_2"
            },
            "timeouts": null,
            "vpc_id": "vpc-0a504b4aca213b9e3"
          },
          "sensitive_attributes": [],
          "private": "eyJlMmJmYjczMC1lY2FhLTExZTYtOGY4OC0zNDM2M2JjN2M0YzAiOnsiY3JlYXRlIjo2MDAwMDAwMDAwMDAsImRlbGV0ZSI6MTIwMDAwMDAwMDAwMH0sInNjaGVtYV92ZXJzaW9uIjoiMSJ9",
          "dependencies": [
            "module.networking.aws_subnet.private_subnet",
            "module.networking.aws_vpc.main",
            "module.networking.data.aws_availability_zones.available"
          ]
        }
      ]
    },
    {
      "module": "module.networking",
      "mode": "managed",
      "type": "aws_vpc",
      "name": "main",
      "provider": "provider[\"registry.terraform.io/hashicorp/aws\"]",
      "instances": [
        {
          "schema_version": 1,
          "attributes": {
            "arn": "arn:aws:ec2:us-east-1:517432808191:vpc/vpc-0a504b4aca213b9e3",
            "assign_generated_ipv6_cidr_block": false,
            "cidr_block": "10.0.0.0/16",
            "default_network_acl_id": "acl-0c16342a9345d66c4",
            "default_route_table_id": "rtb-0e453884d0b5c3441",
            "default_security_group_id": "sg-083f83e24409aece7",
            "dhcp_options_id": "dopt-0564284d8ee612da8",
            "enable_classiclink": false,
            "enable_classiclink_dns_support": false,
            "enable_dns_hostnames": true,
            "enable_dns_support": true,
            "id": "vpc-0a504b4aca213b9e3",
            "instance_tenancy": "default",
            "ipv6_association_id": "",
            "ipv6_cidr_block": "",
            "main_route_table_id": "rtb-0e453884d0b5c3441",
            "owner_id": "517432808191",
            "tags": {
              "Name": "us-east_vpc"
            }
          },
          "sensitive_attributes": [],
          "private": "eyJzY2hlbWFfdmVyc2lvbiI6IjEifQ=="
        }
      ]
    },
    {
      "module": "module.s3-storage",
      "mode": "managed",
      "type": "random_id",
      "name": "random",
      "provider": "provider[\"registry.terraform.io/hashicorp/random\"]",
      "instances": [
        {
          "schema_version": 0,
          "attributes": {
            "b64_std": "euY=",
            "b64_url": "euY",
            "byte_length": 2,
            "dec": "31462",
            "hex": "7ae6",
            "id": "euY",
            "keepers": null,
            "prefix": null
          },
          "sensitive_attributes": [],
          "private": "bnVsbA=="
        }
      ]
    }
  ]
}
